data.aws_iam_role.LabRole: Reading...
data.aws_iam_role.LabRole: Read complete after 2s [id=LabRole]

Terraform used the selected providers to generate the following execution
plan. Resource actions are indicated with the following symbols:
  + create

Terraform will perform the following actions:

  # aws_alb_target_group_attachment.oblimanual-tg-aws_alb_target_group_attach1 will be created
  + resource "aws_alb_target_group_attachment" "oblimanual-tg-aws_alb_target_group_attach1" {
      + id               = (known after apply)
      + target_group_arn = (known after apply)
      + target_id        = (known after apply)
    }

  # aws_ebs_volume.oblimanual-redis-ebs will be created
  + resource "aws_ebs_volume" "oblimanual-redis-ebs" {
      + arn               = (known after apply)
      + availability_zone = "us-east-1a"
      + encrypted         = (known after apply)
      + final_snapshot    = false
      + id                = (known after apply)
      + iops              = (known after apply)
      + kms_key_id        = (known after apply)
      + size              = 13
      + snapshot_id       = (known after apply)
      + tags              = {
          + "Name" = "oblimanual-redis-ebs"
        }
      + tags_all          = {
          + "Name" = "oblimanual-redis-ebs"
        }
      + throughput        = (known after apply)
      + type              = (known after apply)
    }

  # aws_ecr_repository.my_repositories[0] will be created
  + resource "aws_ecr_repository" "my_repositories" {
      + arn                  = (known after apply)
      + id                   = (known after apply)
      + image_tag_mutability = "MUTABLE"
      + name                 = "adservice"
      + registry_id          = (known after apply)
      + repository_url       = (known after apply)
      + tags_all             = (known after apply)
    }

  # aws_ecr_repository.my_repositories[1] will be created
  + resource "aws_ecr_repository" "my_repositories" {
      + arn                  = (known after apply)
      + id                   = (known after apply)
      + image_tag_mutability = "MUTABLE"
      + name                 = "cartservice"
      + registry_id          = (known after apply)
      + repository_url       = (known after apply)
      + tags_all             = (known after apply)
    }

  # aws_ecr_repository.my_repositories[2] will be created
  + resource "aws_ecr_repository" "my_repositories" {
      + arn                  = (known after apply)
      + id                   = (known after apply)
      + image_tag_mutability = "MUTABLE"
      + name                 = "checkoutservice"
      + registry_id          = (known after apply)
      + repository_url       = (known after apply)
      + tags_all             = (known after apply)
    }

  # aws_ecr_repository.my_repositories[3] will be created
  + resource "aws_ecr_repository" "my_repositories" {
      + arn                  = (known after apply)
      + id                   = (known after apply)
      + image_tag_mutability = "MUTABLE"
      + name                 = "currencyservice"
      + registry_id          = (known after apply)
      + repository_url       = (known after apply)
      + tags_all             = (known after apply)
    }

  # aws_ecr_repository.my_repositories[4] will be created
  + resource "aws_ecr_repository" "my_repositories" {
      + arn                  = (known after apply)
      + id                   = (known after apply)
      + image_tag_mutability = "MUTABLE"
      + name                 = "emailservice"
      + registry_id          = (known after apply)
      + repository_url       = (known after apply)
      + tags_all             = (known after apply)
    }

  # aws_ecr_repository.my_repositories[5] will be created
  + resource "aws_ecr_repository" "my_repositories" {
      + arn                  = (known after apply)
      + id                   = (known after apply)
      + image_tag_mutability = "MUTABLE"
      + name                 = "frontend"
      + registry_id          = (known after apply)
      + repository_url       = (known after apply)
      + tags_all             = (known after apply)
    }

  # aws_ecr_repository.my_repositories[6] will be created
  + resource "aws_ecr_repository" "my_repositories" {
      + arn                  = (known after apply)
      + id                   = (known after apply)
      + image_tag_mutability = "MUTABLE"
      + name                 = "loadgenerator"
      + registry_id          = (known after apply)
      + repository_url       = (known after apply)
      + tags_all             = (known after apply)
    }

  # aws_ecr_repository.my_repositories[7] will be created
  + resource "aws_ecr_repository" "my_repositories" {
      + arn                  = (known after apply)
      + id                   = (known after apply)
      + image_tag_mutability = "MUTABLE"
      + name                 = "paymentservice"
      + registry_id          = (known after apply)
      + repository_url       = (known after apply)
      + tags_all             = (known after apply)
    }

  # aws_ecr_repository.my_repositories[8] will be created
  + resource "aws_ecr_repository" "my_repositories" {
      + arn                  = (known after apply)
      + id                   = (known after apply)
      + image_tag_mutability = "MUTABLE"
      + name                 = "productcatalogservice"
      + registry_id          = (known after apply)
      + repository_url       = (known after apply)
      + tags_all             = (known after apply)
    }

  # aws_ecr_repository.my_repositories[9] will be created
  + resource "aws_ecr_repository" "my_repositories" {
      + arn                  = (known after apply)
      + id                   = (known after apply)
      + image_tag_mutability = "MUTABLE"
      + name                 = "recommendationservice"
      + registry_id          = (known after apply)
      + repository_url       = (known after apply)
      + tags_all             = (known after apply)
    }

  # aws_ecr_repository.my_repositories[10] will be created
  + resource "aws_ecr_repository" "my_repositories" {
      + arn                  = (known after apply)
      + id                   = (known after apply)
      + image_tag_mutability = "MUTABLE"
      + name                 = "redis"
      + registry_id          = (known after apply)
      + repository_url       = (known after apply)
      + tags_all             = (known after apply)
    }

  # aws_ecr_repository.my_repositories[11] will be created
  + resource "aws_ecr_repository" "my_repositories" {
      + arn                  = (known after apply)
      + id                   = (known after apply)
      + image_tag_mutability = "MUTABLE"
      + name                 = "shippingservice"
      + registry_id          = (known after apply)
      + repository_url       = (known after apply)
      + tags_all             = (known after apply)
    }

  # aws_eks_cluster.oblimanual-kluster will be created
  + resource "aws_eks_cluster" "oblimanual-kluster" {
      + arn                   = (known after apply)
      + certificate_authority = (known after apply)
      + cluster_id            = (known after apply)
      + created_at            = (known after apply)
      + endpoint              = (known after apply)
      + id                    = (known after apply)
      + identity              = (known after apply)
      + name                  = "oblimanual-kluster"
      + platform_version      = (known after apply)
      + role_arn              = "arn:aws:iam::406235964731:role/LabRole"
      + status                = (known after apply)
      + tags_all              = (known after apply)
      + version               = "1.26"

      + vpc_config {
          + cluster_security_group_id = (known after apply)
          + endpoint_private_access   = false
          + endpoint_public_access    = true
          + public_access_cidrs       = (known after apply)
          + subnet_ids                = (known after apply)
          + vpc_id                    = (known after apply)
        }
    }

  # aws_eks_node_group.oblimanual-kluster-ng will be created
  + resource "aws_eks_node_group" "oblimanual-kluster-ng" {
      + ami_type               = (known after apply)
      + arn                    = (known after apply)
      + capacity_type          = (known after apply)
      + cluster_name           = "oblimanual-kluster"
      + disk_size              = (known after apply)
      + id                     = (known after apply)
      + instance_types         = (known after apply)
      + node_group_name        = "oblimanual-kluster-ng"
      + node_group_name_prefix = (known after apply)
      + node_role_arn          = "arn:aws:iam::406235964731:role/LabRole"
      + release_version        = (known after apply)
      + resources              = (known after apply)
      + status                 = (known after apply)
      + subnet_ids             = (known after apply)
      + tags_all               = (known after apply)
      + version                = (known after apply)

      + scaling_config {
          + desired_size = 2
          + max_size     = 2
          + min_size     = 2
        }

      + update_config {
          + max_unavailable = 2
        }
    }

  # aws_instance.bastion will be created
  + resource "aws_instance" "bastion" {
      + ami                                  = "ami-04a0ae173da5807d3"
      + arn                                  = (known after apply)
      + associate_public_ip_address          = (known after apply)
      + availability_zone                    = (known after apply)
      + cpu_core_count                       = (known after apply)
      + cpu_threads_per_core                 = (known after apply)
      + disable_api_stop                     = (known after apply)
      + disable_api_termination              = (known after apply)
      + ebs_optimized                        = (known after apply)
      + get_password_data                    = false
      + host_id                              = (known after apply)
      + host_resource_group_arn              = (known after apply)
      + iam_instance_profile                 = (known after apply)
      + id                                   = (known after apply)
      + instance_initiated_shutdown_behavior = (known after apply)
      + instance_lifecycle                   = (known after apply)
      + instance_state                       = (known after apply)
      + instance_type                        = "t3.large"
      + ipv6_address_count                   = (known after apply)
      + ipv6_addresses                       = (known after apply)
      + key_name                             = "vockey"
      + monitoring                           = (known after apply)
      + outpost_arn                          = (known after apply)
      + password_data                        = (known after apply)
      + placement_group                      = (known after apply)
      + placement_partition_number           = (known after apply)
      + primary_network_interface_id         = (known after apply)
      + private_dns                          = (known after apply)
      + private_ip                           = (known after apply)
      + public_dns                           = (known after apply)
      + public_ip                            = (known after apply)
      + secondary_private_ips                = (known after apply)
      + security_groups                      = (known after apply)
      + source_dest_check                    = true
      + spot_instance_request_id             = (known after apply)
      + subnet_id                            = (known after apply)
      + tags                                 = {
          + "Name"      = "bastion"
          + "terraform" = "True"
        }
      + tags_all                             = {
          + "Name"      = "bastion"
          + "terraform" = "True"
        }
      + tenancy                              = (known after apply)
      + user_data                            = (known after apply)
      + user_data_base64                     = (known after apply)
      + user_data_replace_on_change          = false
      + vpc_security_group_ids               = (known after apply)

      + root_block_device {
          + delete_on_termination = true
          + device_name           = (known after apply)
          + encrypted             = (known after apply)
          + iops                  = (known after apply)
          + kms_key_id            = (known after apply)
          + throughput            = (known after apply)
          + volume_id             = (known after apply)
          + volume_size           = 16
          + volume_type           = (known after apply)
        }
    }

  # aws_internet_gateway.oblimanual-ig will be created
  + resource "aws_internet_gateway" "oblimanual-ig" {
      + arn      = (known after apply)
      + id       = (known after apply)
      + owner_id = (known after apply)
      + tags     = {
          + "Name" = "oblimanual-ig"
        }
      + tags_all = {
          + "Name" = "oblimanual-ig"
        }
      + vpc_id   = (known after apply)
    }

  # aws_lb.obli-alb will be created
  + resource "aws_lb" "obli-alb" {
      + arn                                         = (known after apply)
      + arn_suffix                                  = (known after apply)
      + desync_mitigation_mode                      = "defensive"
      + dns_name                                    = (known after apply)
      + drop_invalid_header_fields                  = false
      + enable_deletion_protection                  = false
      + enable_http2                                = true
      + enable_tls_version_and_cipher_suite_headers = false
      + enable_waf_fail_open                        = false
      + enable_xff_client_port                      = false
      + id                                          = (known after apply)
      + idle_timeout                                = 60
      + internal                                    = false
      + ip_address_type                             = (known after apply)
      + load_balancer_type                          = "application"
      + name                                        = "oblimanual-alb"
      + preserve_host_header                        = false
      + security_groups                             = (known after apply)
      + subnets                                     = (known after apply)
      + tags                                        = {
          + "Environment" = "prod"
        }
      + tags_all                                    = {
          + "Environment" = "prod"
        }
      + vpc_id                                      = (known after apply)
      + xff_header_processing_mode                  = "append"
      + zone_id                                     = (known after apply)
    }

  # aws_lb_listener.oblimanual-listener will be created
  + resource "aws_lb_listener" "oblimanual-listener" {
      + arn               = (known after apply)
      + id                = (known after apply)
      + load_balancer_arn = (known after apply)
      + port              = 80
      + protocol          = "HTTP"
      + ssl_policy        = (known after apply)
      + tags_all          = (known after apply)

      + default_action {
          + order            = (known after apply)
          + target_group_arn = (known after apply)
          + type             = "forward"
        }
    }

  # aws_lb_listener_rule.oblimanual-listener-rule will be created
  + resource "aws_lb_listener_rule" "oblimanual-listener-rule" {
      + arn          = (known after apply)
      + id           = (known after apply)
      + listener_arn = (known after apply)
      + priority     = 100
      + tags_all     = (known after apply)

      + action {
          + order            = (known after apply)
          + target_group_arn = (known after apply)
          + type             = "forward"
        }

      + condition {
          + path_pattern {
              + values = [
                  + "/var/www/html/index.html",
                ]
            }
        }
    }

  # aws_lb_target_group.oblimanual-trg will be created
  + resource "aws_lb_target_group" "oblimanual-trg" {
      + arn                                = (known after apply)
      + arn_suffix                         = (known after apply)
      + connection_termination             = false
      + deregistration_delay               = "300"
      + id                                 = (known after apply)
      + ip_address_type                    = (known after apply)
      + lambda_multi_value_headers_enabled = false
      + load_balancing_algorithm_type      = (known after apply)
      + load_balancing_cross_zone_enabled  = (known after apply)
      + name                               = "oblimanual-trg"
      + port                               = 80
      + preserve_client_ip                 = (known after apply)
      + protocol                           = "HTTP"
      + protocol_version                   = (known after apply)
      + proxy_protocol_v2                  = false
      + slow_start                         = 0
      + tags_all                           = (known after apply)
      + target_type                        = "instance"
      + vpc_id                             = (known after apply)
    }

  # aws_route.oblimanual-default-route will be created
  + resource "aws_route" "oblimanual-default-route" {
      + destination_cidr_block = "0.0.0.0/0"
      + gateway_id             = (known after apply)
      + id                     = (known after apply)
      + instance_id            = (known after apply)
      + instance_owner_id      = (known after apply)
      + network_interface_id   = (known after apply)
      + origin                 = (known after apply)
      + route_table_id         = (known after apply)
      + state                  = (known after apply)
    }

  # aws_route_table.oblimanual-rt will be created
  + resource "aws_route_table" "oblimanual-rt" {
      + arn              = (known after apply)
      + id               = (known after apply)
      + owner_id         = (known after apply)
      + propagating_vgws = (known after apply)
      + route            = (known after apply)
      + tags             = {
          + "Name" = "oblimanual-rt"
        }
      + tags_all         = {
          + "Name" = "oblimanual-rt"
        }
      + vpc_id           = (known after apply)
    }

  # aws_route_table_association.oblimanual-rt-assoc1 will be created
  + resource "aws_route_table_association" "oblimanual-rt-assoc1" {
      + id             = (known after apply)
      + route_table_id = (known after apply)
      + subnet_id      = (known after apply)
    }

  # aws_route_table_association.oblimanual-rt-assoc3 will be created
  + resource "aws_route_table_association" "oblimanual-rt-assoc3" {
      + id             = (known after apply)
      + route_table_id = (known after apply)
      + subnet_id      = (known after apply)
    }

  # aws_security_group.oblimanual-sg will be created
  + resource "aws_security_group" "oblimanual-sg" {
      + arn                    = (known after apply)
      + description            = "Permite SSH y HTTP"
      + egress                 = [
          + {
              + cidr_blocks      = [
                  + "0.0.0.0/0",
                ]
              + description      = ""
              + from_port        = 0
              + ipv6_cidr_blocks = []
              + prefix_list_ids  = []
              + protocol         = "-1"
              + security_groups  = []
              + self             = false
              + to_port          = 0
            },
        ]
      + id                     = (known after apply)
      + ingress                = [
          + {
              + cidr_blocks      = [
                  + "0.0.0.0/0",
                ]
              + description      = ""
              + from_port        = 22
              + ipv6_cidr_blocks = []
              + prefix_list_ids  = []
              + protocol         = "tcp"
              + security_groups  = []
              + self             = false
              + to_port          = 22
            },
          + {
              + cidr_blocks      = [
                  + "0.0.0.0/0",
                ]
              + description      = ""
              + from_port        = 80
              + ipv6_cidr_blocks = []
              + prefix_list_ids  = []
              + protocol         = "tcp"
              + security_groups  = []
              + self             = false
              + to_port          = 80
            },
        ]
      + name                   = "test-terraform-sg"
      + name_prefix            = (known after apply)
      + owner_id               = (known after apply)
      + revoke_rules_on_delete = false
      + tags_all               = (known after apply)
      + vpc_id                 = (known after apply)
    }

  # aws_subnet.oblimanual-subnet1-publica will be created
  + resource "aws_subnet" "oblimanual-subnet1-publica" {
      + arn                                            = (known after apply)
      + assign_ipv6_address_on_creation                = false
      + availability_zone                              = "us-east-1a"
      + availability_zone_id                           = (known after apply)
      + cidr_block                                     = "10.0.1.0/24"
      + enable_dns64                                   = false
      + enable_resource_name_dns_a_record_on_launch    = false
      + enable_resource_name_dns_aaaa_record_on_launch = false
      + id                                             = (known after apply)
      + ipv6_cidr_block_association_id                 = (known after apply)
      + ipv6_native                                    = false
      + map_public_ip_on_launch                        = true
      + owner_id                                       = (known after apply)
      + private_dns_hostname_type_on_launch            = (known after apply)
      + tags                                           = {
          + "Name" = "oblimanual-subnet1-publica"
        }
      + tags_all                                       = {
          + "Name" = "oblimanual-subnet1-publica"
        }
      + vpc_id                                         = (known after apply)
    }

  # aws_subnet.oblimanual-subnet2-publica will be created
  + resource "aws_subnet" "oblimanual-subnet2-publica" {
      + arn                                            = (known after apply)
      + assign_ipv6_address_on_creation                = false
      + availability_zone                              = "us-east-1b"
      + availability_zone_id                           = (known after apply)
      + cidr_block                                     = "10.0.2.0/24"
      + enable_dns64                                   = false
      + enable_resource_name_dns_a_record_on_launch    = false
      + enable_resource_name_dns_aaaa_record_on_launch = false
      + id                                             = (known after apply)
      + ipv6_cidr_block_association_id                 = (known after apply)
      + ipv6_native                                    = false
      + map_public_ip_on_launch                        = true
      + owner_id                                       = (known after apply)
      + private_dns_hostname_type_on_launch            = (known after apply)
      + tags                                           = {
          + "Name" = "oblimanual-subnet2-publica"
        }
      + tags_all                                       = {
          + "Name" = "oblimanual-subnet2-publica"
        }
      + vpc_id                                         = (known after apply)
    }

  # aws_volume_attachment.oblimanual-pv-attach will be created
  + resource "aws_volume_attachment" "oblimanual-pv-attach" {
      + device_name = "/dev/xvdf"
      + id          = (known after apply)
      + instance_id = (known after apply)
      + volume_id   = (known after apply)
    }

  # aws_vpc.oblimanual will be created
  + resource "aws_vpc" "oblimanual" {
      + arn                                  = (known after apply)
      + cidr_block                           = "10.0.0.0/16"
      + default_network_acl_id               = (known after apply)
      + default_route_table_id               = (known after apply)
      + default_security_group_id            = (known after apply)
      + dhcp_options_id                      = (known after apply)
      + enable_dns_hostnames                 = true
      + enable_dns_support                   = true
      + enable_network_address_usage_metrics = (known after apply)
      + id                                   = (known after apply)
      + instance_tenancy                     = "default"
      + ipv6_association_id                  = (known after apply)
      + ipv6_cidr_block                      = (known after apply)
      + ipv6_cidr_block_network_border_group = (known after apply)
      + main_route_table_id                  = (known after apply)
      + owner_id                             = (known after apply)
      + tags                                 = {
          + "Name" = "oblimanual-vpc"
        }
      + tags_all                             = {
          + "Name" = "oblimanual-vpc"
        }
    }

Plan: 31 to add, 0 to change, 0 to destroy.

Changes to Outputs:
  + public_ip = (known after apply)
  + role_arn  = "arn:aws:iam::406235964731:role/LabRole"

Do you want to perform these actions?
  Terraform will perform the actions described above.
  Only 'yes' will be accepted to approve.

  Enter a value: 
aws_ecr_repository.my_repositories[1]: Creating...
aws_ecr_repository.my_repositories[6]: Creating...
aws_ecr_repository.my_repositories[4]: Creating...
aws_ecr_repository.my_repositories[8]: Creating...
aws_ecr_repository.my_repositories[11]: Creating...
aws_ecr_repository.my_repositories[7]: Creating...
aws_ecr_repository.my_repositories[3]: Creating...
aws_ebs_volume.oblimanual-redis-ebs: Creating...
aws_ecr_repository.my_repositories[2]: Creating...
aws_vpc.oblimanual: Creating...
aws_ecr_repository.my_repositories[2]: Creation complete after 1s [id=checkoutservice]
aws_ecr_repository.my_repositories[11]: Creation complete after 1s [id=shippingservice]
aws_ecr_repository.my_repositories[5]: Creating...
aws_ecr_repository.my_repositories[6]: Creation complete after 1s [id=loadgenerator]
aws_ecr_repository.my_repositories[8]: Creation complete after 1s [id=productcatalogservice]
aws_ecr_repository.my_repositories[10]: Creating...
aws_ecr_repository.my_repositories[3]: Creation complete after 1s [id=currencyservice]
aws_ecr_repository.my_repositories[1]: Creation complete after 1s [id=cartservice]
aws_ecr_repository.my_repositories[9]: Creating...
aws_ecr_repository.my_repositories[0]: Creating...
aws_ecr_repository.my_repositories[7]: Creation complete after 1s [id=paymentservice]
aws_ecr_repository.my_repositories[4]: Creation complete after 1s [id=emailservice]
aws_ecr_repository.my_repositories[10]: Creation complete after 1s [id=redis]
aws_ecr_repository.my_repositories[9]: Creation complete after 1s [id=recommendationservice]
aws_ecr_repository.my_repositories[0]: Creation complete after 1s [id=adservice]
aws_ecr_repository.my_repositories[5]: Creation complete after 1s [id=frontend]
aws_ebs_volume.oblimanual-redis-ebs: Still creating... [10s elapsed]
aws_vpc.oblimanual: Still creating... [10s elapsed]
aws_ebs_volume.oblimanual-redis-ebs: Creation complete after 12s [id=vol-01c70fdce5f14fcc0]
aws_vpc.oblimanual: Creation complete after 15s [id=vpc-0558ede70bca34874]
aws_internet_gateway.oblimanual-ig: Creating...
aws_route_table.oblimanual-rt: Creating...
aws_subnet.oblimanual-subnet1-publica: Creating...
aws_subnet.oblimanual-subnet2-publica: Creating...
aws_lb_target_group.oblimanual-trg: Creating...
aws_security_group.oblimanual-sg: Creating...
aws_internet_gateway.oblimanual-ig: Creation complete after 2s [id=igw-0947664b54fe6218d]
aws_route_table.oblimanual-rt: Creation complete after 2s [id=rtb-0938a92713d97ea8d]
aws_route.oblimanual-default-route: Creating...
aws_route.oblimanual-default-route: Creation complete after 1s [id=r-rtb-0938a92713d97ea8d1080289494]
aws_lb_target_group.oblimanual-trg: Creation complete after 4s [id=arn:aws:elasticloadbalancing:us-east-1:406235964731:targetgroup/oblimanual-trg/7958c6b24474104c]
aws_security_group.oblimanual-sg: Creation complete after 5s [id=sg-0450aee5054d1cbc9]
aws_subnet.oblimanual-subnet1-publica: Still creating... [10s elapsed]
aws_subnet.oblimanual-subnet2-publica: Still creating... [10s elapsed]
aws_subnet.oblimanual-subnet1-publica: Creation complete after 12s [id=subnet-0f783ef7fc0280d76]
aws_subnet.oblimanual-subnet2-publica: Creation complete after 12s [id=subnet-0e1b60fc9f6ff4db3]
aws_route_table_association.oblimanual-rt-assoc3: Creating...
aws_route_table_association.oblimanual-rt-assoc1: Creating...
aws_eks_cluster.oblimanual-kluster: Creating...
aws_lb.obli-alb: Creating...
aws_instance.bastion: Creating...
aws_route_table_association.oblimanual-rt-assoc3: Creation complete after 1s [id=rtbassoc-0c656b582264cca00]
aws_route_table_association.oblimanual-rt-assoc1: Creation complete after 1s [id=rtbassoc-0aa30584512204c86]
aws_lb.obli-alb: Still creating... [10s elapsed]
aws_eks_cluster.oblimanual-kluster: Still creating... [10s elapsed]
aws_instance.bastion: Still creating... [10s elapsed]
aws_instance.bastion: Provisioning with 'remote-exec'...
aws_instance.bastion (remote-exec): Connecting to remote host via SSH...
aws_instance.bastion (remote-exec):   Host: 18.234.236.223
aws_instance.bastion (remote-exec):   User: ec2-user
aws_instance.bastion (remote-exec):   Password: false
aws_instance.bastion (remote-exec):   Private key: true
aws_instance.bastion (remote-exec):   Certificate: false
aws_instance.bastion (remote-exec):   SSH Agent: true
aws_instance.bastion (remote-exec):   Checking Host Key: false
aws_instance.bastion (remote-exec):   Target Platform: unix
aws_instance.bastion (remote-exec): Connecting to remote host via SSH...
aws_instance.bastion (remote-exec):   Host: 18.234.236.223
aws_instance.bastion (remote-exec):   User: ec2-user
aws_instance.bastion (remote-exec):   Password: false
aws_instance.bastion (remote-exec):   Private key: true
aws_instance.bastion (remote-exec):   Certificate: false
aws_instance.bastion (remote-exec):   SSH Agent: true
aws_instance.bastion (remote-exec):   Checking Host Key: false
aws_instance.bastion (remote-exec):   Target Platform: unix
aws_instance.bastion (remote-exec): Connecting to remote host via SSH...
aws_instance.bastion (remote-exec):   Host: 18.234.236.223
aws_instance.bastion (remote-exec):   User: ec2-user
aws_instance.bastion (remote-exec):   Password: false
aws_instance.bastion (remote-exec):   Private key: true
aws_instance.bastion (remote-exec):   Certificate: false
aws_instance.bastion (remote-exec):   SSH Agent: true
aws_instance.bastion (remote-exec):   Checking Host Key: false
aws_instance.bastion (remote-exec):   Target Platform: unix
aws_eks_cluster.oblimanual-kluster: Still creating... [20s elapsed]
aws_lb.obli-alb: Still creating... [20s elapsed]
aws_instance.bastion: Still creating... [20s elapsed]
aws_instance.bastion (remote-exec): Connected!
aws_instance.bastion: Provisioning with 'file'...
aws_instance.bastion: Provisioning with 'file'...
aws_eks_cluster.oblimanual-kluster: Still creating... [30s elapsed]
aws_lb.obli-alb: Still creating... [30s elapsed]
aws_instance.bastion: Still creating... [30s elapsed]
aws_instance.bastion: Provisioning with 'remote-exec'...
aws_instance.bastion (remote-exec): Connecting to remote host via SSH...
aws_instance.bastion (remote-exec):   Host: 18.234.236.223
aws_instance.bastion (remote-exec):   User: ec2-user
aws_instance.bastion (remote-exec):   Password: false
aws_instance.bastion (remote-exec):   Private key: true
aws_instance.bastion (remote-exec):   Certificate: false
aws_instance.bastion (remote-exec):   SSH Agent: true
aws_instance.bastion (remote-exec):   Checking Host Key: false
aws_instance.bastion (remote-exec):   Target Platform: unix
aws_instance.bastion (remote-exec): Connected!
aws_instance.bastion (remote-exec): Amazon  ---  B/s |   0  B     --:-- ETA
aws_instance.bastion (remote-exec): Amazon   12 kB/s | 3.6 kB     00:00 ETA
aws_instance.bastion (remote-exec): Amazon   21 MB/s |  14 MB     00:00
aws_eks_cluster.oblimanual-kluster: Still creating... [40s elapsed]
aws_lb.obli-alb: Still creating... [40s elapsed]
aws_instance.bastion: Still creating... [40s elapsed]
aws_instance.bastion (remote-exec): Last metadata expiration check: 0:00:05 ago on Mon Jul  3 15:40:53 2023.
aws_instance.bastion (remote-exec): Dependencies resolved.
aws_instance.bastion (remote-exec): ========================================
aws_instance.bastion (remote-exec):  Package  Arch   Version
aws_instance.bastion (remote-exec):                       Repository   Size
aws_instance.bastion (remote-exec): ========================================
aws_instance.bastion (remote-exec): Installing:
aws_instance.bastion (remote-exec):  [1m[32mkernel  (B[m x86_64 6.1.29-50.88.amzn2023
aws_instance.bastion (remote-exec):                       amazonlinux  31 M
aws_instance.bastion (remote-exec): Upgrading:
aws_instance.bastion (remote-exec):  [1m[32mamazon-chrony-config(B[m
aws_instance.bastion (remote-exec):           noarch 4.3-1.amzn2023.0.4
aws_instance.bastion (remote-exec):                       amazonlinux  16 k
aws_instance.bastion (remote-exec):  [1m[32mamazon-linux-repo-s3(B[m
aws_instance.bastion (remote-exec):           noarch 2023.0.20230614-0.amzn2023
aws_instance.bastion (remote-exec):                       amazonlinux  18 k
aws_instance.bastion (remote-exec):  [1m[32mchrony  (B[m x86_64 4.3-1.amzn2023.0.4
aws_instance.bastion (remote-exec):                       amazonlinux 324 k
aws_instance.bastion (remote-exec):  [1m[32mgnupg2-minimal(B[m
aws_instance.bastion (remote-exec):           x86_64 2.3.7-1.amzn2023.0.4
aws_instance.bastion (remote-exec):                       amazonlinux 421 k
aws_instance.bastion (remote-exec):  [1m[32mgnutls  (B[m x86_64 3.8.0-375.amzn2023.0.1
aws_instance.bastion (remote-exec):                       amazonlinux 1.1 M
aws_instance.bastion (remote-exec):  [1m[32mkernel-livepatch-repo-s3(B[m
aws_instance.bastion (remote-exec):           noarch 2023.0.20230614-0.amzn2023
aws_instance.bastion (remote-exec):                       amazonlinux  18 k
aws_instance.bastion (remote-exec):  [1m[32mkernel-tools(B[m
aws_instance.bastion (remote-exec):           x86_64 6.1.29-50.88.amzn2023
aws_instance.bastion (remote-exec):                       amazonlinux 147 k
aws_instance.bastion (remote-exec):  [1m[32msystem-release(B[m
aws_instance.bastion (remote-exec):           noarch 2023.0.20230614-0.amzn2023
aws_instance.bastion (remote-exec):                       amazonlinux  29 k
aws_instance.bastion (remote-exec):  [1m[32mwget    (B[m x86_64 1.21.3-1.amzn2023.0.3
aws_instance.bastion (remote-exec):                       amazonlinux 780 k

aws_instance.bastion (remote-exec): Transaction Summary
aws_instance.bastion (remote-exec): ========================================
aws_instance.bastion (remote-exec): Install  1 Package
aws_instance.bastion (remote-exec): Upgrade  9 Packages

aws_instance.bastion (remote-exec): Total download size: 34 M
aws_instance.bastion (remote-exec): Downloading Packages:
aws_instance.bastion (remote-exec): Amazon   12 kB/s |   0  B     00:00 ETA
aws_instance.bastion (remote-exec): (1/10): ---  B/s |   0  B     --:-- ETA
aws_instance.bastion (remote-exec): (1/10): 3.2 MB/s | 421 kB     00:00
aws_instance.bastion (remote-exec): (2-3/10 8.6 MB/s | 1.1 MB     00:03 ETA
aws_instance.bastion (remote-exec): (2/10): 5.5 MB/s | 780 kB     00:00
aws_instance.bastion (remote-exec): (3-4/10 8.6 MB/s | 1.2 MB     00:03 ETA
aws_instance.bastion (remote-exec): (3/10):  14 MB/s | 1.1 MB     00:00
aws_instance.bastion (remote-exec): (4-5/10  12 MB/s |  18 MB     00:01 ETA
aws_instance.bastion (remote-exec): (4/10): 1.9 MB/s | 147 kB     00:00
aws_instance.bastion (remote-exec): (5-6/10  12 MB/s |  19 MB     00:01 ETA
aws_instance.bastion (remote-exec): (5/10): 894 kB/s |  29 kB     00:00
aws_instance.bastion (remote-exec): (6-7/10  12 MB/s |  19 MB     00:01 ETA
aws_instance.bastion (remote-exec): (6/10): 512 kB/s |  16 kB     00:00
aws_instance.bastion (remote-exec): (7-8/10  13 MB/s |  25 MB     00:00 ETA
aws_instance.bastion (remote-exec): (7/10): 4.0 MB/s | 324 kB     00:00
aws_instance.bastion (remote-exec): (8-9/10  13 MB/s |  26 MB     00:00 ETA
aws_instance.bastion (remote-exec): (8/10): 463 kB/s |  18 kB     00:00
aws_instance.bastion (remote-exec): (9-10/1  14 MB/s |  30 MB     00:00 ETA
aws_instance.bastion (remote-exec): (9/10): 572 kB/s |  18 kB     00:00
aws_instance.bastion (remote-exec): (10/10)  14 MB/s |  30 MB     00:00 ETA
aws_instance.bastion (remote-exec): (10/10)  58 MB/s |  31 MB     00:00
aws_instance.bastion (remote-exec): ----------------------------------------
aws_instance.bastion (remote-exec): Total    58 MB/s |  34 MB     00:00
aws_instance.bastion (remote-exec): Running transaction check
aws_instance.bastion (remote-exec): Transaction check succeeded.
aws_instance.bastion (remote-exec): Running transaction test
aws_instance.bastion (remote-exec): Transaction test succeeded.
aws_instance.bastion (remote-exec): Running transaction
aws_instance.bastion (remote-exec):   Preparing        :  [           ] 1/1
aws_instance.bastion (remote-exec):   Preparing        :  [=          ] 1/1
aws_instance.bastion (remote-exec):   Preparing        :  [==         ] 1/1
aws_instance.bastion (remote-exec):   Preparing        :  [===        ] 1/1
aws_instance.bastion (remote-exec):   Preparing        :  [====       ] 1/1
aws_instance.bastion (remote-exec):   Preparing        :  [=====      ] 1/1
aws_instance.bastion (remote-exec):   Preparing        :  [======     ] 1/1
aws_instance.bastion (remote-exec):   Preparing        :  [=======    ] 1/1
aws_instance.bastion (remote-exec):   Preparing        :  [========   ] 1/1
aws_instance.bastion (remote-exec):   Preparing        :  [=========  ] 1/1
aws_instance.bastion (remote-exec):   Preparing        :  [========== ] 1/1
aws_instance.bastion (remote-exec):   Preparing        :                1/1
aws_instance.bastion (remote-exec):   Upgrading        : amaz   1/19
aws_instance.bastion (remote-exec):   Upgrading        : amazon-lin    1/19
aws_instance.bastion (remote-exec):   Upgrading        : kern   2/19
aws_instance.bastion (remote-exec):   Upgrading        : kernel-liv    2/19
aws_instance.bastion (remote-exec):   Upgrading        : syst   3/19
aws_instance.bastion (remote-exec):   Upgrading        : system-rel    3/19
aws_instance.bastion (remote-exec):   Upgrading        : gnut   4/19
aws_instance.bastion (remote-exec):   Upgrading        : gnutls-3.8    4/19
aws_instance.bastion (remote-exec):   Upgrading        : amaz   5/19
aws_instance.bastion (remote-exec):   Upgrading        : amazon-chr    5/19
aws_instance.bastion (remote-exec):   Running scriptlet: amazon-chr    5/19
aws_instance.bastion (remote-exec):   Running scriptlet: chrony-4.3    6/19
aws_instance.bastion (remote-exec):   Upgrading        : chro   6/19
aws_instance.bastion (remote-exec):   Upgrading        : chrony-4.3    6/19
aws_instance.bastion (remote-exec):   Running scriptlet: chrony-4.3    6/19
aws_instance.bastion (remote-exec):   Upgrading        : wget   7/19
aws_instance.bastion (remote-exec):   Upgrading        : wget-1.21.    7/19
aws_instance.bastion (remote-exec):   Upgrading        : kern   8/19
aws_instance.bastion (remote-exec):   Upgrading        : kernel-too    8/19
aws_instance.bastion (remote-exec):   Running scriptlet: kernel-too    8/19
aws_instance.bastion (remote-exec):   Upgrading        : gnup   9/19
aws_instance.bastion (remote-exec):   Upgrading        : gnupg2-min    9/19
aws_instance.bastion (remote-exec):   Installing       : kern  10/19
aws_instance.bastion (remote-exec):   Installing       : kernel-6.1   10/19
aws_instance.bastion (remote-exec):   Running scriptlet: kernel-6.1   10/19
aws_instance.bastion (remote-exec):   Running scriptlet: chrony-4.3   11/19
aws_instance.bastion (remote-exec):   Cleanup          : chro  11/19
aws_instance.bastion (remote-exec):   Cleanup          : chrony-4.3   11/19
aws_instance.bastion (remote-exec):   Running scriptlet: chrony-4.3   11/19
aws_instance.bastion (remote-exec):   Cleanup          : wget  12/19
aws_instance.bastion (remote-exec):   Cleanup          : wget-1.21.   12/19
aws_instance.bastion (remote-exec):   Cleanup          : syst  13/19
aws_instance.bastion (remote-exec):   Cleanup          : system-rel   13/19
aws_instance.bastion (remote-exec):   Cleanup          : amaz  14/19
aws_instance.bastion (remote-exec):   Cleanup          : amazon-lin   14/19
aws_instance.bastion (remote-exec):   Cleanup          : kern  15/19
aws_instance.bastion (remote-exec):   Cleanup          : kernel-liv   15/19
aws_instance.bastion (remote-exec):   Running scriptlet: amazon-chr   16/19
aws_instance.bastion (remote-exec):   Cleanup          : amaz  16/19
aws_instance.bastion (remote-exec):   Cleanup          : amazon-chr   16/19
aws_instance.bastion (remote-exec):   Running scriptlet: amazon-chr   16/19
aws_instance.bastion (remote-exec):   Cleanup          : gnut  17/19
aws_instance.bastion (remote-exec):   Cleanup          : gnutls-3.7   17/19
aws_instance.bastion (remote-exec):   Cleanup          : kern  18/19
aws_instance.bastion (remote-exec):   Cleanup          : kernel-too   18/19
aws_instance.bastion (remote-exec):   Running scriptlet: kernel-too   18/19
aws_instance.bastion (remote-exec):   Cleanup          : gnup  19/19
aws_instance.bastion (remote-exec):   Cleanup          : gnupg2-min   19/19
aws_instance.bastion (remote-exec):   Running scriptlet: chrony-4.3   19/19
aws_instance.bastion (remote-exec):   Running scriptlet: kernel-6.1   19/19
aws_lb.obli-alb: Still creating... [50s elapsed]
aws_eks_cluster.oblimanual-kluster: Still creating... [50s elapsed]
aws_instance.bastion: Still creating... [50s elapsed]
aws_instance.bastion (remote-exec):   Running scriptlet: gnupg2-min   19/19
aws_instance.bastion (remote-exec):   Verifying        : kernel-6.1    1/19
aws_instance.bastion (remote-exec):   Verifying        : wget-1.21.    2/19
aws_instance.bastion (remote-exec):   Verifying        : wget-1.21.    3/19
aws_instance.bastion (remote-exec):   Verifying        : gnupg2-min    4/19
aws_instance.bastion (remote-exec):   Verifying        : gnupg2-min    5/19
aws_instance.bastion (remote-exec):   Verifying        : gnutls-3.8    6/19
aws_instance.bastion (remote-exec):   Verifying        : gnutls-3.7    7/19
aws_instance.bastion (remote-exec):   Verifying        : kernel-too    8/19
aws_instance.bastion (remote-exec):   Verifying        : kernel-too    9/19
aws_instance.bastion (remote-exec):   Verifying        : chrony-4.3   10/19
aws_instance.bastion (remote-exec):   Verifying        : chrony-4.3   11/19
aws_instance.bastion (remote-exec):   Verifying        : system-rel   12/19
aws_instance.bastion (remote-exec):   Verifying        : system-rel   13/19
aws_instance.bastion (remote-exec):   Verifying        : amazon-chr   14/19
aws_instance.bastion (remote-exec):   Verifying        : amazon-chr   15/19
aws_instance.bastion (remote-exec):   Verifying        : amazon-lin   16/19
aws_instance.bastion (remote-exec):   Verifying        : amazon-lin   17/19
aws_instance.bastion (remote-exec):   Verifying        : kernel-liv   18/19
aws_instance.bastion (remote-exec):   Verifying        : kernel-liv   19/19
aws_instance.bastion (remote-exec): ========================================
aws_instance.bastion (remote-exec): WARNING:
aws_instance.bastion (remote-exec):   A newer release of "Amazon Linux" is available.

aws_instance.bastion (remote-exec):   Available Versions:

aws_instance.bastion (remote-exec):   Version 2023.1.20230628:
aws_instance.bastion (remote-exec):     Run the following command to upgrade to 2023.1.20230628:

aws_instance.bastion (remote-exec):       dnf upgrade --releasever=2023.1.20230628

aws_instance.bastion (remote-exec):     Release notes:
aws_instance.bastion (remote-exec):      https://docs.aws.amazon.com/linux/al2023/release-notes/relnotes.html

aws_instance.bastion (remote-exec):   Version 2023.1.20230629:
aws_instance.bastion (remote-exec):     Run the following command to upgrade to 2023.1.20230629:

aws_instance.bastion (remote-exec):       dnf upgrade --releasever=2023.1.20230629

aws_instance.bastion (remote-exec):     Release notes:
aws_instance.bastion (remote-exec):      https://docs.aws.amazon.com/linux/al2023/release-notes/relnotes.html

aws_instance.bastion (remote-exec): ========================================

aws_instance.bastion (remote-exec): Upgraded:
aws_instance.bastion (remote-exec):   amazon-chrony-config-4.3-1.amzn2023.0.4.noarch
aws_instance.bastion (remote-exec):   amazon-linux-repo-s3-2023.0.20230614-0.amzn2023.noarch
aws_instance.bastion (remote-exec):   chrony-4.3-1.amzn2023.0.4.x86_64
aws_instance.bastion (remote-exec):   gnupg2-minimal-2.3.7-1.amzn2023.0.4.x86_64
aws_instance.bastion (remote-exec):   gnutls-3.8.0-375.amzn2023.0.1.x86_64
aws_instance.bastion (remote-exec):   kernel-livepatch-repo-s3-2023.0.20230614-0.amzn2023.noarch
aws_instance.bastion (remote-exec):   kernel-tools-6.1.29-50.88.amzn2023.x86_64
aws_instance.bastion (remote-exec):   system-release-2023.0.20230614-0.amzn2023.noarch
aws_instance.bastion (remote-exec):   wget-1.21.3-1.amzn2023.0.3.x86_64
aws_instance.bastion (remote-exec): Installed:
aws_instance.bastion (remote-exec):   kernel-6.1.29-50.88.amzn2023.x86_64

aws_instance.bastion (remote-exec): Complete!
aws_eks_cluster.oblimanual-kluster: Still creating... [1m0s elapsed]
aws_lb.obli-alb: Still creating... [1m0s elapsed]
aws_instance.bastion: Still creating... [1m0s elapsed]
aws_instance.bastion (remote-exec): Last metadata expiration check: 0:00:23 ago on Mon Jul  3 15:40:53 2023.
aws_instance.bastion (remote-exec): Dependencies resolved.
aws_instance.bastion (remote-exec): ========================================
aws_instance.bastion (remote-exec):  Package    Arch   Version
aws_instance.bastion (remote-exec):                       Repository   Size
aws_instance.bastion (remote-exec): ========================================
aws_instance.bastion (remote-exec): Installing:
aws_instance.bastion (remote-exec):  [1m[32mgit       (B[m x86_64 2.40.1-1.amzn2023.0.1
aws_instance.bastion (remote-exec):                       amazonlinux  57 k
aws_instance.bastion (remote-exec):  [1m[32mlvm2      (B[m x86_64 2.03.16-1.amzn2023.0.4
aws_instance.bastion (remote-exec):                       amazonlinux 1.5 M
aws_instance.bastion (remote-exec): Installing dependencies:
aws_instance.bastion (remote-exec):  [1m[32mdevice-mapper-event(B[m
aws_instance.bastion (remote-exec):             x86_64 1.02.185-1.amzn2023.0.4
aws_instance.bastion (remote-exec):                       amazonlinux  34 k
aws_instance.bastion (remote-exec):  [1m[32mdevice-mapper-event-libs(B[m
aws_instance.bastion (remote-exec):             x86_64 1.02.185-1.amzn2023.0.4
aws_instance.bastion (remote-exec):                       amazonlinux  33 k
aws_instance.bastion (remote-exec):  [1m[32mdevice-mapper-persistent-data(B[m
aws_instance.bastion (remote-exec):             x86_64 0.9.0-7.amzn2023.0.2
aws_instance.bastion (remote-exec):                       amazonlinux 781 k
aws_instance.bastion (remote-exec):  [1m[32mgit-core  (B[m x86_64 2.40.1-1.amzn2023.0.1
aws_instance.bastion (remote-exec):                       amazonlinux 4.3 M
aws_instance.bastion (remote-exec):  [1m[32mgit-core-doc(B[m
aws_instance.bastion (remote-exec):             noarch 2.40.1-1.amzn2023.0.1
aws_instance.bastion (remote-exec):                       amazonlinux 2.6 M
aws_instance.bastion (remote-exec):  [1m[32mlvm2-libs (B[m x86_64 2.03.16-1.amzn2023.0.4
aws_instance.bastion (remote-exec):                       amazonlinux 988 k
aws_instance.bastion (remote-exec):  [1m[32mperl-Error(B[m noarch 1:0.17029-5.amzn2023.0.2
aws_instance.bastion (remote-exec):                       amazonlinux  41 k
aws_instance.bastion (remote-exec):  [1m[32mperl-File-Find(B[m
aws_instance.bastion (remote-exec):             noarch 1.37-477.amzn2023.0.4
aws_instance.bastion (remote-exec):                       amazonlinux  26 k
aws_instance.bastion (remote-exec):  [1m[32mperl-Git  (B[m noarch 2.40.1-1.amzn2023.0.1
aws_instance.bastion (remote-exec):                       amazonlinux  45 k
aws_instance.bastion (remote-exec):  [1m[32mperl-TermReadKey(B[m
aws_instance.bastion (remote-exec):             x86_64 2.38-9.amzn2023.0.2
aws_instance.bastion (remote-exec):                       amazonlinux  36 k
aws_instance.bastion (remote-exec):  [1m[32mperl-lib  (B[m x86_64 0.65-477.amzn2023.0.4
aws_instance.bastion (remote-exec):                       amazonlinux  15 k

aws_instance.bastion (remote-exec): Transaction Summary
aws_instance.bastion (remote-exec): ========================================
aws_instance.bastion (remote-exec): Install  13 Packages

aws_instance.bastion (remote-exec): Total download size: 10 M
aws_instance.bastion (remote-exec): Installed size: 43 M
aws_instance.bastion (remote-exec): Downloading Packages:
aws_instance.bastion (remote-exec):         ---  B/s |   0  B     --:-- ETA
aws_instance.bastion (remote-exec): (1/13): ---  B/s |   0  B     --:-- ETA
aws_instance.bastion (remote-exec): (1/13): 335 kB/s |  33 kB     00:00
aws_instance.bastion (remote-exec): (2-3/13  40 MB/s | 3.9 MB     00:00 ETA
aws_instance.bastion (remote-exec): (2/13): 332 kB/s |  34 kB     00:00
aws_instance.bastion (remote-exec): (3-4/13  40 MB/s | 4.3 MB     00:00 ETA
aws_instance.bastion (remote-exec): (3/13):  31 MB/s | 4.3 MB     00:00
aws_instance.bastion (remote-exec): (4-5/13  40 MB/s | 4.3 MB     00:00 ETA
aws_instance.bastion (remote-exec): (4/13): 915 kB/s |  36 kB     00:00
aws_instance.bastion (remote-exec): (5-6/13  40 MB/s | 4.4 MB     00:00 ETA
aws_instance.bastion (remote-exec): (5/13): 3.4 MB/s |  57 kB     00:00
aws_instance.bastion (remote-exec): (6-7/13  40 MB/s | 4.4 MB     00:00 ETA
aws_instance.bastion (remote-exec): (6/13):  10 MB/s | 988 kB     00:00
aws_instance.bastion (remote-exec): (7-8/13  40 MB/s | 5.4 MB     00:00 ETA
aws_instance.bastion (remote-exec): (7/13): 259 kB/s |  15 kB     00:00
aws_instance.bastion (remote-exec): (8-9/13  40 MB/s | 5.4 MB     00:00 ETA
aws_instance.bastion (remote-exec): (8/13):  19 MB/s | 1.5 MB     00:00
aws_instance.bastion (remote-exec): (9-10/1  40 MB/s | 6.9 MB     00:00 ETA
aws_instance.bastion (remote-exec): (9/13): 683 kB/s |  26 kB     00:00
aws_instance.bastion (remote-exec): (10-11/  40 MB/s | 6.9 MB     00:00 ETA
aws_instance.bastion (remote-exec): (10/13) 2.4 MB/s |  41 kB     00:00
aws_instance.bastion (remote-exec): (11-12/  40 MB/s | 6.9 MB     00:00 ETA
aws_instance.bastion (remote-exec): (11/13) 2.8 MB/s |  45 kB     00:00
aws_instance.bastion (remote-exec): (12-13/  39 MB/s | 7.0 MB     00:00 ETA
aws_instance.bastion (remote-exec): (12/13) 9.4 MB/s | 781 kB     00:00
aws_instance.bastion (remote-exec): (13/13)  39 MB/s | 7.7 MB     00:00 ETA
aws_instance.bastion (remote-exec): (13/13)  43 MB/s | 2.6 MB     00:00
aws_instance.bastion (remote-exec): ----------------------------------------
aws_instance.bastion (remote-exec): Total    27 MB/s |  10 MB     00:00
aws_instance.bastion (remote-exec): Running transaction check
aws_instance.bastion (remote-exec): Transaction check succeeded.
aws_instance.bastion (remote-exec): Running transaction test
aws_instance.bastion (remote-exec): Transaction test succeeded.
aws_instance.bastion (remote-exec): Running transaction
aws_instance.bastion (remote-exec):   Preparing        :  [           ] 1/1
aws_instance.bastion (remote-exec):   Preparing        :  [=          ] 1/1
aws_instance.bastion (remote-exec):   Preparing        :  [==         ] 1/1
aws_instance.bastion (remote-exec):   Preparing        :  [===        ] 1/1
aws_instance.bastion (remote-exec):   Preparing        :  [====       ] 1/1
aws_instance.bastion (remote-exec):   Preparing        :  [=====      ] 1/1
aws_instance.bastion (remote-exec):   Preparing        :  [======     ] 1/1
aws_instance.bastion (remote-exec):   Preparing        :  [=======    ] 1/1
aws_instance.bastion (remote-exec):   Preparing        :  [========   ] 1/1
aws_instance.bastion (remote-exec):   Preparing        :  [=========  ] 1/1
aws_instance.bastion (remote-exec):   Preparing        :  [========== ] 1/1
aws_instance.bastion (remote-exec):   Preparing        :                1/1
aws_instance.bastion (remote-exec):   Installing       : devi   1/13
aws_instance.bastion (remote-exec):   Installing       : device-map    1/13
aws_instance.bastion (remote-exec):   Installing       : git-   2/13
aws_instance.bastion (remote-exec):   Installing       : git-core-2    2/13
aws_instance.bastion (remote-exec):   Installing       : git-   3/13
aws_instance.bastion (remote-exec):   Installing       : git-core-d    3/13
aws_instance.bastion (remote-exec):   Installing       : devi   4/13
aws_instance.bastion (remote-exec):   Installing       : device-map    4/13
aws_instance.bastion (remote-exec):   Running scriptlet: device-map    4/13
aws_instance.bastion (remote-exec): Created symlink /etc/systemd/system/sockets.target.wants/dm-event.socket → /usr/lib/systemd/system/dm-event.socket.

aws_instance.bastion (remote-exec):   Installing       : lvm2   5/13
aws_instance.bastion (remote-exec):   Installing       : lvm2-libs-    5/13
aws_instance.bastion (remote-exec):   Installing       : perl   6/13
aws_instance.bastion (remote-exec):   Installing       : perl-Error    6/13
aws_instance.bastion (remote-exec):   Installing       : perl   7/13
aws_instance.bastion (remote-exec):   Installing       : perl-File-    7/13
aws_instance.bastion (remote-exec):   Installing       : devi   8/13
aws_instance.bastion (remote-exec):   Installing       : device-map    8/13
aws_instance.bastion (remote-exec):   Installing       : perl   9/13
aws_instance.bastion (remote-exec):   Installing       : perl-lib-0    9/13
aws_instance.bastion (remote-exec):   Installing       : perl  10/13
aws_instance.bastion (remote-exec):   Installing       : perl-TermR   10/13
aws_instance.bastion (remote-exec):   Installing       : perl  11/13
aws_instance.bastion (remote-exec):   Installing       : perl-Git-2   11/13
aws_instance.bastion (remote-exec):   Installing       : git-  12/13
aws_instance.bastion (remote-exec):   Installing       : git-2.40.1   12/13
aws_instance.bastion (remote-exec):   Installing       : lvm2  13/13
aws_instance.bastion (remote-exec):   Installing       : lvm2-2.03.   13/13
aws_instance.bastion (remote-exec):   Running scriptlet: lvm2-2.03.   13/13
aws_instance.bastion (remote-exec): Created symlink /etc/systemd/system/sysinit.target.wants/lvm2-monitor.service → /usr/lib/systemd/system/lvm2-monitor.service.
aws_instance.bastion (remote-exec): Created symlink /etc/systemd/system/sysinit.target.wants/lvm2-lvmpolld.socket → /usr/lib/systemd/system/lvm2-lvmpolld.socket.

aws_instance.bastion (remote-exec):   Verifying        : device-map    1/13
aws_instance.bastion (remote-exec):   Verifying        : git-core-2    2/13
aws_instance.bastion (remote-exec):   Verifying        : device-map    3/13
aws_instance.bastion (remote-exec):   Verifying        : perl-TermR    4/13
aws_instance.bastion (remote-exec):   Verifying        : lvm2-libs-    5/13
aws_instance.bastion (remote-exec):   Verifying        : git-2.40.1    6/13
aws_instance.bastion (remote-exec):   Verifying        : perl-lib-0    7/13
aws_instance.bastion (remote-exec):   Verifying        : lvm2-2.03.    8/13
aws_instance.bastion (remote-exec):   Verifying        : device-map    9/13
aws_instance.bastion (remote-exec):   Verifying        : perl-File-   10/13
aws_instance.bastion (remote-exec):   Verifying        : perl-Error   11/13
aws_instance.bastion (remote-exec):   Verifying        : perl-Git-2   12/13
aws_instance.bastion (remote-exec):   Verifying        : git-core-d   13/13
aws_instance.bastion (remote-exec): ========================================
aws_instance.bastion (remote-exec): WARNING:
aws_instance.bastion (remote-exec):   A newer release of "Amazon Linux" is available.

aws_instance.bastion (remote-exec):   Available Versions:

aws_instance.bastion (remote-exec):   Version 2023.1.20230628:
aws_instance.bastion (remote-exec):     Run the following command to upgrade to 2023.1.20230628:

aws_instance.bastion (remote-exec):       dnf upgrade --releasever=2023.1.20230628

aws_instance.bastion (remote-exec):     Release notes:
aws_instance.bastion (remote-exec):      https://docs.aws.amazon.com/linux/al2023/release-notes/relnotes.html

aws_instance.bastion (remote-exec):   Version 2023.1.20230629:
aws_instance.bastion (remote-exec):     Run the following command to upgrade to 2023.1.20230629:

aws_instance.bastion (remote-exec):       dnf upgrade --releasever=2023.1.20230629

aws_instance.bastion (remote-exec):     Release notes:
aws_instance.bastion (remote-exec):      https://docs.aws.amazon.com/linux/al2023/release-notes/relnotes.html

aws_instance.bastion (remote-exec): ========================================

aws_instance.bastion (remote-exec): Installed:
aws_instance.bastion (remote-exec):   device-mapper-event-1.02.185-1.amzn2023.0.4.x86_64
aws_instance.bastion (remote-exec):   device-mapper-event-libs-1.02.185-1.amzn2023.0.4.x86_64
aws_instance.bastion (remote-exec):   device-mapper-persistent-data-0.9.0-7.amzn2023.0.2.x86_64
aws_instance.bastion (remote-exec):   git-2.40.1-1.amzn2023.0.1.x86_64
aws_instance.bastion (remote-exec):   git-core-2.40.1-1.amzn2023.0.1.x86_64
aws_instance.bastion (remote-exec):   git-core-doc-2.40.1-1.amzn2023.0.1.noarch
aws_instance.bastion (remote-exec):   lvm2-2.03.16-1.amzn2023.0.4.x86_64
aws_instance.bastion (remote-exec):   lvm2-libs-2.03.16-1.amzn2023.0.4.x86_64
aws_instance.bastion (remote-exec):   perl-Error-1:0.17029-5.amzn2023.0.2.noarch
aws_instance.bastion (remote-exec):   perl-File-Find-1.37-477.amzn2023.0.4.noarch
aws_instance.bastion (remote-exec):   perl-Git-2.40.1-1.amzn2023.0.1.noarch
aws_instance.bastion (remote-exec):   perl-TermReadKey-2.38-9.amzn2023.0.2.x86_64
aws_instance.bastion (remote-exec):   perl-lib-0.65-477.amzn2023.0.4.x86_64

aws_instance.bastion (remote-exec): Complete!
aws_instance.bastion (remote-exec): Cloning into '/tmp/obli_deploy'...
aws_instance.bastion (remote-exec): remote: Enumerating objects: 1155, done.[K
aws_instance.bastion (remote-exec): remote: Counting objects:   0% (1/379)[K
aws_instance.bastion (remote-exec): remote: Counting objects:   1% (4/379)[K
aws_instance.bastion (remote-exec): remote: Counting objects:   2% (8/379)[K
aws_instance.bastion (remote-exec): remote: Counting objects:   3% (12/379)[K
aws_instance.bastion (remote-exec): remote: Counting objects:   4% (16/379)[K
aws_instance.bastion (remote-exec): remote: Counting objects:   5% (19/379)[K
aws_instance.bastion (remote-exec): remote: Counting objects:   6% (23/379)[K
aws_instance.bastion (remote-exec): remote: Counting objects:   7% (27/379)[K
aws_instance.bastion (remote-exec): remote: Counting objects:   8% (31/379)[K
aws_instance.bastion (remote-exec): remote: Counting objects:   9% (35/379)[K
aws_instance.bastion (remote-exec): remote: Counting objects:  10% (38/379)[K
aws_instance.bastion (remote-exec): remote: Counting objects:  11% (42/379)[K
aws_instance.bastion (remote-exec): remote: Counting objects:  12% (46/379)[K
aws_instance.bastion (remote-exec): remote: Counting objects:  13% (50/379)[K
aws_instance.bastion (remote-exec): remote: Counting objects:  14% (54/379)[K
aws_instance.bastion (remote-exec): remote: Counting objects:  15% (57/379)[K
aws_instance.bastion (remote-exec): remote: Counting objects:  16% (61/379)[K
aws_instance.bastion (remote-exec): remote: Counting objects:  17% (65/379)[K
aws_instance.bastion (remote-exec): remote: Counting objects:  18% (69/379)[K
aws_instance.bastion (remote-exec): remote: Counting objects:  19% (73/379)[K
aws_instance.bastion (remote-exec): remote: Counting objects:  20% (76/379)[K
aws_instance.bastion (remote-exec): remote: Counting objects:  21% (80/379)[K
aws_instance.bastion (remote-exec): remote: Counting objects:  22% (84/379)[K
aws_instance.bastion (remote-exec): remote: Counting objects:  23% (88/379)[K
aws_instance.bastion (remote-exec): remote: Counting objects:  24% (91/379)[K
aws_instance.bastion (remote-exec): remote: Counting objects:  25% (95/379)[K
aws_instance.bastion (remote-exec): remote: Counting objects:  26% (99/379)[K
aws_instance.bastion (remote-exec): remote: Counting objects:  27% (103/379)[K
aws_instance.bastion (remote-exec): remote: Counting objects:  28% (107/379)[K
aws_instance.bastion (remote-exec): remote: Counting objects:  29% (110/379)[K
aws_instance.bastion (remote-exec): remote: Counting objects:  30% (114/379)[K
aws_instance.bastion (remote-exec): remote: Counting objects:  31% (118/379)[K
aws_instance.bastion (remote-exec): remote: Counting objects:  32% (122/379)[K
aws_instance.bastion (remote-exec): remote: Counting objects:  33% (126/379)[K
aws_instance.bastion (remote-exec): remote: Counting objects:  34% (129/379)[K
aws_instance.bastion (remote-exec): remote: Counting objects:  35% (133/379)[K
aws_instance.bastion (remote-exec): remote: Counting objects:  36% (137/379)[K
aws_instance.bastion (remote-exec): remote: Counting objects:  37% (141/379)[K
aws_instance.bastion (remote-exec): remote: Counting objects:  38% (145/379)[K
aws_instance.bastion (remote-exec): remote: Counting objects:  39% (148/379)[K
aws_instance.bastion (remote-exec): remote: Counting objects:  40% (152/379)[K
aws_instance.bastion (remote-exec): remote: Counting objects:  41% (156/379)[K
aws_instance.bastion (remote-exec): remote: Counting objects:  42% (160/379)[K
aws_instance.bastion (remote-exec): remote: Counting objects:  43% (163/379)[K
aws_instance.bastion (remote-exec): remote: Counting objects:  44% (167/379)[K
aws_instance.bastion (remote-exec): remote: Counting objects:  45% (171/379)[K
aws_instance.bastion (remote-exec): remote: Counting objects:  46% (175/379)[K
aws_instance.bastion (remote-exec): remote: Counting objects:  47% (179/379)[K
aws_instance.bastion (remote-exec): remote: Counting objects:  48% (182/379)[K
aws_instance.bastion (remote-exec): remote: Counting objects:  49% (186/379)[K
aws_instance.bastion (remote-exec): remote: Counting objects:  50% (190/379)[K
aws_instance.bastion (remote-exec): remote: Counting objects:  51% (194/379)[K
aws_instance.bastion (remote-exec): remote: Counting objects:  52% (198/379)[K
aws_instance.bastion (remote-exec): remote: Counting objects:  53% (201/379)[K
aws_instance.bastion (remote-exec): remote: Counting objects:  54% (205/379)[K
aws_instance.bastion (remote-exec): remote: Counting objects:  55% (209/379)[K
aws_instance.bastion (remote-exec): remote: Counting objects:  56% (213/379)[K
aws_instance.bastion (remote-exec): remote: Counting objects:  57% (217/379)[K
aws_instance.bastion (remote-exec): remote: Counting objects:  58% (220/379)[K
aws_instance.bastion (remote-exec): remote: Counting objects:  59% (224/379)[K
aws_instance.bastion (remote-exec): remote: Counting objects:  60% (228/379)[K
aws_instance.bastion (remote-exec): remote: Counting objects:  61% (232/379)[K
aws_instance.bastion (remote-exec): remote: Counting objects:  62% (235/379)[K
aws_instance.bastion (remote-exec): remote: Counting objects:  63% (239/379)[K
aws_instance.bastion (remote-exec): remote: Counting objects:  64% (243/379)[K
aws_instance.bastion (remote-exec): remote: Counting objects:  65% (247/379)[K
aws_instance.bastion (remote-exec): remote: Counting objects:  66% (251/379)[K
aws_instance.bastion (remote-exec): remote: Counting objects:  67% (254/379)[K
aws_instance.bastion (remote-exec): remote: Counting objects:  68% (258/379)[K
aws_instance.bastion (remote-exec): remote: Counting objects:  69% (262/379)[K
aws_instance.bastion (remote-exec): remote: Counting objects:  70% (266/379)[K
aws_instance.bastion (remote-exec): remote: Counting objects:  71% (270/379)[K
aws_instance.bastion (remote-exec): remote: Counting objects:  72% (273/379)[K
aws_instance.bastion (remote-exec): remote: Counting objects:  73% (277/379)[K
aws_instance.bastion (remote-exec): remote: Counting objects:  74% (281/379)[K
aws_instance.bastion (remote-exec): remote: Counting objects:  75% (285/379)[K
aws_instance.bastion (remote-exec): remote: Counting objects:  76% (289/379)[K
aws_instance.bastion (remote-exec): remote: Counting objects:  77% (292/379)[K
aws_instance.bastion (remote-exec): remote: Counting objects:  78% (296/379)[K
aws_instance.bastion (remote-exec): remote: Counting objects:  79% (300/379)[K
aws_instance.bastion (remote-exec): remote: Counting objects:  80% (304/379)[K
aws_instance.bastion (remote-exec): remote: Counting objects:  81% (307/379)[K
aws_instance.bastion (remote-exec): remote: Counting objects:  82% (311/379)[K
aws_instance.bastion (remote-exec): remote: Counting objects:  83% (315/379)[K
aws_instance.bastion (remote-exec): remote: Counting objects:  84% (319/379)[K
aws_instance.bastion (remote-exec): remote: Counting objects:  85% (323/379)[K
aws_instance.bastion (remote-exec): remote: Counting objects:  86% (326/379)[K
aws_instance.bastion (remote-exec): remote: Counting objects:  87% (330/379)[K
aws_instance.bastion (remote-exec): remote: Counting objects:  88% (334/379)[K
aws_instance.bastion (remote-exec): remote: Counting objects:  89% (338/379)[K
aws_instance.bastion (remote-exec): remote: Counting objects:  90% (342/379)[K
aws_instance.bastion (remote-exec): remote: Counting objects:  91% (345/379)[K
aws_instance.bastion (remote-exec): remote: Counting objects:  92% (349/379)[K
aws_instance.bastion (remote-exec): remote: Counting objects:  93% (353/379)[K
aws_instance.bastion (remote-exec): remote: Counting objects:  94% (357/379)[K
aws_instance.bastion (remote-exec): remote: Counting objects:  95% (361/379)[K
aws_instance.bastion (remote-exec): remote: Counting objects:  96% (364/379)[K
aws_instance.bastion (remote-exec): remote: Counting objects:  97% (368/379)[K
aws_instance.bastion (remote-exec): remote: Counting objects:  98% (372/379)[K
aws_instance.bastion (remote-exec): remote: Counting objects:  99% (376/379)[K
aws_instance.bastion (remote-exec): remote: Counting objects: 100% (379/379)[K
aws_instance.bastion (remote-exec): remote: Counting objects: 100% (379/379), done.[K
aws_instance.bastion (remote-exec): remote: Compressing objects:   0% (1/240)[K
aws_instance.bastion (remote-exec): remote: Compressing objects:   1% (3/240)[K
aws_instance.bastion (remote-exec): remote: Compressing objects:   2% (5/240)[K
aws_instance.bastion (remote-exec): remote: Compressing objects:   3% (8/240)[K
aws_instance.bastion (remote-exec): remote: Compressing objects:   4% (10/240)[K
aws_instance.bastion (remote-exec): remote: Compressing objects:   5% (12/240)[K
aws_instance.bastion (remote-exec): remote: Compressing objects:   6% (15/240)[K
aws_instance.bastion (remote-exec): remote: Compressing objects:   7% (17/240)[K
aws_instance.bastion (remote-exec): remote: Compressing objects:   8% (20/240)[K
aws_instance.bastion (remote-exec): remote: Compressing objects:   9% (22/240)[K
aws_instance.bastion (remote-exec): remote: Compressing objects:  10% (24/240)[K
aws_instance.bastion (remote-exec): remote: Compressing objects:  11% (27/240)[K
aws_instance.bastion (remote-exec): remote: Compressing objects:  12% (29/240)[K
aws_instance.bastion (remote-exec): remote: Compressing objects:  13% (32/240)[K
aws_instance.bastion (remote-exec): remote: Compressing objects:  14% (34/240)[K
aws_instance.bastion (remote-exec): remote: Compressing objects:  15% (36/240)[K
aws_instance.bastion (remote-exec): remote: Compressing objects:  16% (39/240)[K
aws_instance.bastion (remote-exec): remote: Compressing objects:  17% (41/240)[K
aws_instance.bastion (remote-exec): remote: Compressing objects:  18% (44/240)[K
aws_instance.bastion (remote-exec): remote: Compressing objects:  19% (46/240)[K
aws_instance.bastion (remote-exec): remote: Compressing objects:  20% (48/240)[K
aws_instance.bastion (remote-exec): remote: Compressing objects:  21% (51/240)[K
aws_instance.bastion (remote-exec): remote: Compressing objects:  22% (53/240)[K
aws_instance.bastion (remote-exec): remote: Compressing objects:  23% (56/240)[K
aws_instance.bastion (remote-exec): remote: Compressing objects:  24% (58/240)[K
aws_instance.bastion (remote-exec): remote: Compressing objects:  25% (60/240)[K
aws_instance.bastion (remote-exec): remote: Compressing objects:  26% (63/240)[K
aws_instance.bastion (remote-exec): remote: Compressing objects:  27% (65/240)[K
aws_instance.bastion (remote-exec): remote: Compressing objects:  28% (68/240)[K
aws_instance.bastion (remote-exec): remote: Compressing objects:  29% (70/240)[K
aws_instance.bastion (remote-exec): remote: Compressing objects:  30% (72/240)[K
aws_instance.bastion (remote-exec): remote: Compressing objects:  31% (75/240)[K
aws_instance.bastion (remote-exec): remote: Compressing objects:  32% (77/240)[K
aws_instance.bastion (remote-exec): remote: Compressing objects:  33% (80/240)[K
aws_instance.bastion (remote-exec): remote: Compressing objects:  34% (82/240)[K
aws_instance.bastion (remote-exec): remote: Compressing objects:  35% (84/240)[K
aws_instance.bastion (remote-exec): remote: Compressing objects:  36% (87/240)[K
aws_instance.bastion (remote-exec): remote: Compressing objects:  37% (89/240)[K
aws_instance.bastion (remote-exec): remote: Compressing objects:  38% (92/240)[K
aws_instance.bastion (remote-exec): remote: Compressing objects:  39% (94/240)[K
aws_instance.bastion (remote-exec): remote: Compressing objects:  40% (96/240)[K
aws_instance.bastion (remote-exec): remote: Compressing objects:  41% (99/240)[K
aws_instance.bastion (remote-exec): remote: Compressing objects:  42% (101/240)[K
aws_instance.bastion (remote-exec): remote: Compressing objects:  43% (104/240)[K
aws_instance.bastion (remote-exec): remote: Compressing objects:  44% (106/240)[K
aws_instance.bastion (remote-exec): remote: Compressing objects:  45% (108/240)[K
aws_instance.bastion (remote-exec): remote: Compressing objects:  46% (111/240)[K
aws_instance.bastion (remote-exec): remote: Compressing objects:  47% (113/240)[K
aws_instance.bastion (remote-exec): remote: Compressing objects:  48% (116/240)[K
aws_instance.bastion (remote-exec): remote: Compressing objects:  49% (118/240)[K
aws_instance.bastion (remote-exec): remote: Compressing objects:  50% (120/240)[K
aws_instance.bastion (remote-exec): remote: Compressing objects:  51% (123/240)[K
aws_instance.bastion (remote-exec): remote: Compressing objects:  52% (125/240)[K
aws_instance.bastion (remote-exec): remote: Compressing objects:  53% (128/240)[K
aws_instance.bastion (remote-exec): remote: Compressing objects:  54% (130/240)[K
aws_instance.bastion (remote-exec): remote: Compressing objects:  55% (132/240)[K
aws_instance.bastion (remote-exec): remote: Compressing objects:  56% (135/240)[K
aws_instance.bastion (remote-exec): remote: Compressing objects:  57% (137/240)[K
aws_instance.bastion (remote-exec): remote: Compressing objects:  58% (140/240)[K
aws_instance.bastion (remote-exec): remote: Compressing objects:  59% (142/240)[K
aws_instance.bastion (remote-exec): remote: Compressing objects:  60% (144/240)[K
aws_instance.bastion (remote-exec): remote: Compressing objects:  61% (147/240)[K
aws_instance.bastion (remote-exec): remote: Compressing objects:  62% (149/240)[K
aws_instance.bastion (remote-exec): remote: Compressing objects:  63% (152/240)[K
aws_instance.bastion (remote-exec): remote: Compressing objects:  64% (154/240)[K
aws_instance.bastion (remote-exec): remote: Compressing objects:  65% (156/240)[K
aws_instance.bastion (remote-exec): remote: Compressing objects:  66% (159/240)[K
aws_instance.bastion (remote-exec): remote: Compressing objects:  67% (161/240)[K
aws_instance.bastion (remote-exec): remote: Compressing objects:  68% (164/240)[K
aws_instance.bastion (remote-exec): remote: Compressing objects:  69% (166/240)[K
aws_instance.bastion (remote-exec): remote: Compressing objects:  70% (168/240)[K
aws_instance.bastion (remote-exec): remote: Compressing objects:  71% (171/240)[K
aws_instance.bastion (remote-exec): remote: Compressing objects:  72% (173/240)[K
aws_instance.bastion (remote-exec): remote: Compressing objects:  73% (176/240)[K
aws_instance.bastion (remote-exec): remote: Compressing objects:  74% (178/240)[K
aws_instance.bastion (remote-exec): remote: Compressing objects:  75% (180/240)[K
aws_instance.bastion (remote-exec): remote: Compressing objects:  76% (183/240)[K
aws_instance.bastion (remote-exec): remote: Compressing objects:  77% (185/240)[K
aws_instance.bastion (remote-exec): remote: Compressing objects:  78% (188/240)[K
aws_instance.bastion (remote-exec): remote: Compressing objects:  79% (190/240)[K
aws_instance.bastion (remote-exec): remote: Compressing objects:  80% (192/240)[K
aws_instance.bastion (remote-exec): remote: Compressing objects:  81% (195/240)[K
aws_instance.bastion (remote-exec): remote: Compressing objects:  82% (197/240)[K
aws_instance.bastion (remote-exec): remote: Compressing objects:  83% (200/240)[K
aws_instance.bastion (remote-exec): remote: Compressing objects:  84% (202/240)[K
aws_instance.bastion (remote-exec): remote: Compressing objects:  85% (204/240)[K
aws_instance.bastion (remote-exec): remote: Compressing objects:  86% (207/240)[K
aws_instance.bastion (remote-exec): remote: Compressing objects:  87% (209/240)[K
aws_instance.bastion (remote-exec): remote: Compressing objects:  88% (212/240)[K
aws_instance.bastion (remote-exec): remote: Compressing objects:  89% (214/240)[K
aws_instance.bastion (remote-exec): remote: Compressing objects:  90% (216/240)[K
aws_instance.bastion (remote-exec): remote: Compressing objects:  91% (219/240)[K
aws_instance.bastion (remote-exec): remote: Compressing objects:  92% (221/240)[K
aws_instance.bastion (remote-exec): remote: Compressing objects:  93% (224/240)[K
aws_instance.bastion (remote-exec): remote: Compressing objects:  94% (226/240)[K
aws_instance.bastion (remote-exec): remote: Compressing objects:  95% (228/240)[K
aws_instance.bastion (remote-exec): remote: Compressing objects:  96% (231/240)[K
aws_instance.bastion (remote-exec): remote: Compressing objects:  97% (233/240)[K
aws_instance.bastion (remote-exec): remote: Compressing objects:  98% (236/240)[K
aws_instance.bastion (remote-exec): remote: Compressing objects:  99% (238/240)[K
aws_instance.bastion (remote-exec): remote: Compressing objects: 100% (240/240)[K
aws_instance.bastion (remote-exec): remote: Compressing objects: 100% (240/240), done.[K
aws_instance.bastion (remote-exec): Receiving objects:   0% (1/1155)
aws_instance.bastion (remote-exec): Receiving objects:   1% (12/1155)
aws_instance.bastion (remote-exec): Receiving objects:   2% (24/1155)
aws_instance.bastion (remote-exec): Receiving objects:   3% (35/1155)
aws_instance.bastion (remote-exec): Receiving objects:   4% (47/1155)
aws_instance.bastion (remote-exec): Receiving objects:   5% (58/1155)
aws_instance.bastion (remote-exec): Receiving objects:   6% (70/1155)
aws_instance.bastion (remote-exec): Receiving objects:   7% (81/1155)
aws_instance.bastion (remote-exec): Receiving objects:   8% (93/1155)
aws_instance.bastion (remote-exec): Receiving objects:   9% (104/1155)
aws_instance.bastion (remote-exec): Receiving objects:  10% (116/1155)
aws_instance.bastion (remote-exec): Receiving objects:  11% (128/1155)
aws_instance.bastion (remote-exec): Receiving objects:  12% (139/1155)
aws_instance.bastion (remote-exec): Receiving objects:  13% (151/1155)
aws_instance.bastion (remote-exec): Receiving objects:  14% (162/1155)
aws_instance.bastion (remote-exec): Receiving objects:  15% (174/1155)
aws_instance.bastion (remote-exec): Receiving objects:  16% (185/1155)
aws_instance.bastion (remote-exec): Receiving objects:  17% (197/1155)
aws_instance.bastion (remote-exec): Receiving objects:  18% (208/1155)
aws_instance.bastion (remote-exec): Receiving objects:  19% (220/1155)
aws_instance.bastion (remote-exec): Receiving objects:  20% (231/1155)
aws_instance.bastion (remote-exec): Receiving objects:  21% (243/1155)
aws_instance.bastion (remote-exec): Receiving objects:  22% (255/1155)
aws_instance.bastion (remote-exec): Receiving objects:  23% (266/1155)
aws_instance.bastion (remote-exec): Receiving objects:  24% (278/1155)
aws_instance.bastion (remote-exec): Receiving objects:  25% (289/1155)
aws_instance.bastion (remote-exec): Receiving objects:  26% (301/1155)
aws_instance.bastion (remote-exec): Receiving objects:  27% (312/1155)
aws_instance.bastion (remote-exec): Receiving objects:  28% (324/1155)
aws_instance.bastion (remote-exec): Receiving objects:  29% (335/1155)
aws_instance.bastion (remote-exec): Receiving objects:  30% (347/1155)
aws_instance.bastion (remote-exec): Receiving objects:  31% (359/1155)
aws_instance.bastion (remote-exec): Receiving objects:  32% (370/1155)
aws_instance.bastion (remote-exec): Receiving objects:  33% (382/1155)
aws_instance.bastion (remote-exec): Receiving objects:  34% (393/1155)
aws_instance.bastion (remote-exec): Receiving objects:  35% (405/1155)
aws_instance.bastion (remote-exec): Receiving objects:  36% (416/1155)
aws_instance.bastion (remote-exec): Receiving objects:  37% (428/1155)
aws_instance.bastion (remote-exec): Receiving objects:  38% (439/1155)
aws_instance.bastion (remote-exec): Receiving objects:  39% (451/1155)
aws_instance.bastion (remote-exec): Receiving objects:  40% (462/1155)
aws_instance.bastion (remote-exec): Receiving objects:  41% (474/1155)
aws_instance.bastion (remote-exec): Receiving objects:  42% (486/1155)
aws_instance.bastion (remote-exec): Receiving objects:  43% (497/1155)
aws_instance.bastion (remote-exec): Receiving objects:  44% (509/1155)
aws_instance.bastion (remote-exec): Receiving objects:  45% (520/1155)
aws_instance.bastion (remote-exec): Receiving objects:  46% (532/1155)
aws_instance.bastion (remote-exec): Receiving objects:  47% (543/1155)
aws_instance.bastion (remote-exec): Receiving objects:  48% (555/1155)
aws_instance.bastion (remote-exec): Receiving objects:  49% (566/1155)
aws_instance.bastion (remote-exec): Receiving objects:  50% (578/1155)
aws_instance.bastion (remote-exec): Receiving objects:  51% (590/1155)
aws_instance.bastion (remote-exec): Receiving objects:  52% (601/1155)
aws_instance.bastion (remote-exec): Receiving objects:  53% (613/1155)
aws_instance.bastion (remote-exec): Receiving objects:  54% (624/1155)
aws_instance.bastion (remote-exec): Receiving objects:  55% (636/1155)
aws_instance.bastion (remote-exec): Receiving objects:  56% (647/1155)
aws_instance.bastion (remote-exec): Receiving objects:  57% (659/1155)
aws_instance.bastion (remote-exec): Receiving objects:  58% (670/1155)
aws_instance.bastion (remote-exec): Receiving objects:  59% (682/1155)
aws_instance.bastion (remote-exec): Receiving objects:  60% (693/1155)
aws_instance.bastion (remote-exec): Receiving objects:  61% (705/1155)
aws_instance.bastion (remote-exec): Receiving objects:  62% (717/1155)
aws_instance.bastion (remote-exec): Receiving objects:  63% (728/1155)
aws_instance.bastion (remote-exec): Receiving objects:  64% (740/1155)
aws_instance.bastion (remote-exec): Receiving objects:  65% (751/1155)
aws_instance.bastion (remote-exec): Receiving objects:  66% (763/1155)
aws_instance.bastion (remote-exec): Receiving objects:  67% (774/1155)
aws_instance.bastion (remote-exec): Receiving objects:  68% (786/1155)
aws_instance.bastion (remote-exec): Receiving objects:  69% (797/1155)
aws_instance.bastion (remote-exec): Receiving objects:  70% (809/1155)
aws_instance.bastion (remote-exec): Receiving objects:  71% (821/1155)
aws_instance.bastion (remote-exec): Receiving objects:  72% (832/1155)
aws_instance.bastion (remote-exec): Receiving objects:  73% (844/1155)
aws_instance.bastion (remote-exec): Receiving objects:  74% (855/1155)
aws_instance.bastion (remote-exec): Receiving objects:  75% (867/1155)
aws_instance.bastion (remote-exec): Receiving objects:  76% (878/1155)
aws_instance.bastion (remote-exec): Receiving objects:  77% (890/1155)
aws_instance.bastion (remote-exec): Receiving objects:  78% (901/1155)
aws_instance.bastion (remote-exec): Receiving objects:  79% (913/1155)
aws_instance.bastion (remote-exec): Receiving objects:  80% (924/1155)
aws_instance.bastion (remote-exec): Receiving objects:  81% (936/1155)
aws_instance.bastion (remote-exec): Receiving objects:  82% (948/1155)
aws_instance.bastion (remote-exec): remote: Total 1155 (delta 217), reused 253 (delta 135), pack-reused 776[K
aws_instance.bastion (remote-exec): Receiving objects:  83% (959/1155)
aws_instance.bastion (remote-exec): Receiving objects:  84% (971/1155)
aws_instance.bastion (remote-exec): Receiving objects:  85% (982/1155)
aws_instance.bastion (remote-exec): Receiving objects:  86% (994/1155)
aws_instance.bastion (remote-exec): Receiving objects:  87% (1005/1155)
aws_instance.bastion (remote-exec): Receiving objects:  88% (1017/1155)
aws_instance.bastion (remote-exec): Receiving objects:  89% (1028/1155)
aws_instance.bastion (remote-exec): Receiving objects:  90% (1040/1155)
aws_instance.bastion (remote-exec): Receiving objects:  91% (1052/1155)
aws_instance.bastion (remote-exec): Receiving objects:  92% (1063/1155)
aws_instance.bastion (remote-exec): Receiving objects:  93% (1075/1155)
aws_instance.bastion (remote-exec): Receiving objects:  94% (1086/1155)
aws_instance.bastion (remote-exec): Receiving objects:  95% (1098/1155)
aws_instance.bastion (remote-exec): Receiving objects:  96% (1109/1155)
aws_instance.bastion (remote-exec): Receiving objects:  97% (1121/1155)
aws_instance.bastion (remote-exec): Receiving objects:  98% (1132/1155)
aws_instance.bastion (remote-exec): Receiving objects:  99% (1144/1155)
aws_instance.bastion (remote-exec): Receiving objects: 100% (1155/1155)
aws_instance.bastion (remote-exec): Receiving objects: 100% (1155/1155), 9.64 MiB | 33.45 MiB/s, done.
aws_instance.bastion (remote-exec): Resolving deltas:   0% (0/622)
aws_instance.bastion (remote-exec): Resolving deltas:   1% (7/622)
aws_instance.bastion (remote-exec): Resolving deltas:   2% (13/622)
aws_instance.bastion (remote-exec): Resolving deltas:   3% (19/622)
aws_instance.bastion (remote-exec): Resolving deltas:   4% (25/622)
aws_instance.bastion (remote-exec): Resolving deltas:   5% (32/622)
aws_instance.bastion (remote-exec): Resolving deltas:   6% (38/622)
aws_instance.bastion (remote-exec): Resolving deltas:   7% (44/622)
aws_instance.bastion (remote-exec): Resolving deltas:   8% (50/622)
aws_instance.bastion (remote-exec): Resolving deltas:   9% (56/622)
aws_instance.bastion (remote-exec): Resolving deltas:  10% (63/622)
aws_instance.bastion (remote-exec): Resolving deltas:  11% (69/622)
aws_instance.bastion (remote-exec): Resolving deltas:  12% (75/622)
aws_instance.bastion (remote-exec): Resolving deltas:  13% (81/622)
aws_instance.bastion (remote-exec): Resolving deltas:  14% (88/622)
aws_instance.bastion (remote-exec): Resolving deltas:  15% (94/622)
aws_instance.bastion (remote-exec): Resolving deltas:  16% (100/622)
aws_instance.bastion (remote-exec): Resolving deltas:  17% (106/622)
aws_instance.bastion (remote-exec): Resolving deltas:  18% (112/622)
aws_instance.bastion (remote-exec): Resolving deltas:  19% (119/622)
aws_instance.bastion (remote-exec): Resolving deltas:  20% (125/622)
aws_instance.bastion (remote-exec): Resolving deltas:  21% (131/622)
aws_instance.bastion (remote-exec): Resolving deltas:  22% (137/622)
aws_instance.bastion (remote-exec): Resolving deltas:  23% (144/622)
aws_instance.bastion (remote-exec): Resolving deltas:  24% (150/622)
aws_instance.bastion (remote-exec): Resolving deltas:  25% (156/622)
aws_instance.bastion (remote-exec): Resolving deltas:  26% (162/622)
aws_instance.bastion (remote-exec): Resolving deltas:  27% (168/622)
aws_instance.bastion (remote-exec): Resolving deltas:  28% (175/622)
aws_instance.bastion (remote-exec): Resolving deltas:  29% (181/622)
aws_instance.bastion (remote-exec): Resolving deltas:  30% (187/622)
aws_instance.bastion (remote-exec): Resolving deltas:  31% (193/622)
aws_instance.bastion (remote-exec): Resolving deltas:  32% (200/622)
aws_instance.bastion (remote-exec): Resolving deltas:  33% (206/622)
aws_instance.bastion (remote-exec): Resolving deltas:  34% (212/622)
aws_instance.bastion (remote-exec): Resolving deltas:  35% (218/622)
aws_instance.bastion (remote-exec): Resolving deltas:  36% (224/622)
aws_instance.bastion (remote-exec): Resolving deltas:  37% (231/622)
aws_instance.bastion (remote-exec): Resolving deltas:  38% (237/622)
aws_instance.bastion (remote-exec): Resolving deltas:  39% (243/622)
aws_instance.bastion (remote-exec): Resolving deltas:  40% (249/622)
aws_instance.bastion (remote-exec): Resolving deltas:  41% (256/622)
aws_instance.bastion (remote-exec): Resolving deltas:  42% (262/622)
aws_instance.bastion (remote-exec): Resolving deltas:  43% (268/622)
aws_instance.bastion (remote-exec): Resolving deltas:  44% (274/622)
aws_instance.bastion (remote-exec): Resolving deltas:  45% (280/622)
aws_instance.bastion (remote-exec): Resolving deltas:  46% (287/622)
aws_instance.bastion (remote-exec): Resolving deltas:  47% (293/622)
aws_instance.bastion (remote-exec): Resolving deltas:  48% (299/622)
aws_instance.bastion (remote-exec): Resolving deltas:  49% (305/622)
aws_instance.bastion (remote-exec): Resolving deltas:  50% (311/622)
aws_instance.bastion (remote-exec): Resolving deltas:  51% (318/622)
aws_instance.bastion (remote-exec): Resolving deltas:  52% (324/622)
aws_instance.bastion (remote-exec): Resolving deltas:  53% (330/622)
aws_instance.bastion (remote-exec): Resolving deltas:  54% (336/622)
aws_instance.bastion (remote-exec): Resolving deltas:  55% (343/622)
aws_instance.bastion (remote-exec): Resolving deltas:  56% (349/622)
aws_instance.bastion (remote-exec): Resolving deltas:  57% (355/622)
aws_instance.bastion (remote-exec): Resolving deltas:  58% (361/622)
aws_instance.bastion (remote-exec): Resolving deltas:  59% (367/622)
aws_instance.bastion (remote-exec): Resolving deltas:  60% (374/622)
aws_instance.bastion (remote-exec): Resolving deltas:  61% (380/622)
aws_instance.bastion (remote-exec): Resolving deltas:  62% (386/622)
aws_instance.bastion (remote-exec): Resolving deltas:  63% (392/622)
aws_instance.bastion (remote-exec): Resolving deltas:  64% (399/622)
aws_instance.bastion (remote-exec): Resolving deltas:  65% (405/622)
aws_instance.bastion (remote-exec): Resolving deltas:  66% (411/622)
aws_instance.bastion (remote-exec): Resolving deltas:  67% (417/622)
aws_instance.bastion (remote-exec): Resolving deltas:  68% (423/622)
aws_instance.bastion (remote-exec): Resolving deltas:  69% (430/622)
aws_instance.bastion (remote-exec): Resolving deltas:  70% (436/622)
aws_instance.bastion (remote-exec): Resolving deltas:  71% (442/622)
aws_instance.bastion (remote-exec): Resolving deltas:  72% (448/622)
aws_instance.bastion (remote-exec): Resolving deltas:  73% (455/622)
aws_instance.bastion (remote-exec): Resolving deltas:  74% (461/622)
aws_instance.bastion (remote-exec): Resolving deltas:  75% (467/622)
aws_instance.bastion (remote-exec): Resolving deltas:  76% (473/622)
aws_instance.bastion (remote-exec): Resolving deltas:  77% (479/622)
aws_instance.bastion (remote-exec): Resolving deltas:  78% (486/622)
aws_instance.bastion (remote-exec): Resolving deltas:  79% (492/622)
aws_instance.bastion (remote-exec): Resolving deltas:  80% (498/622)
aws_instance.bastion (remote-exec): Resolving deltas:  81% (504/622)
aws_instance.bastion (remote-exec): Resolving deltas:  82% (512/622)
aws_instance.bastion (remote-exec): Resolving deltas:  83% (517/622)
aws_instance.bastion (remote-exec): Resolving deltas:  84% (523/622)
aws_instance.bastion (remote-exec): Resolving deltas:  85% (529/622)
aws_instance.bastion (remote-exec): Resolving deltas:  86% (535/622)
aws_instance.bastion (remote-exec): Resolving deltas:  87% (542/622)
aws_instance.bastion (remote-exec): Resolving deltas:  88% (548/622)
aws_instance.bastion (remote-exec): Resolving deltas:  89% (554/622)
aws_instance.bastion (remote-exec): Resolving deltas:  90% (560/622)
aws_instance.bastion (remote-exec): Resolving deltas:  91% (567/622)
aws_instance.bastion (remote-exec): Resolving deltas:  92% (573/622)
aws_instance.bastion (remote-exec): Resolving deltas:  93% (579/622)
aws_instance.bastion (remote-exec): Resolving deltas:  94% (585/622)
aws_instance.bastion (remote-exec): Resolving deltas:  95% (591/622)
aws_instance.bastion (remote-exec): Resolving deltas:  96% (598/622)
aws_instance.bastion (remote-exec): Resolving deltas:  97% (604/622)
aws_instance.bastion (remote-exec): Resolving deltas:  98% (610/622)
aws_instance.bastion (remote-exec): Resolving deltas:  99% (616/622)
aws_instance.bastion (remote-exec): Resolving deltas: 100% (622/622)
aws_instance.bastion (remote-exec): Resolving deltas: 100% (622/622), done.
aws_instance.bastion (remote-exec): Last metadata expiration check: 0:00:33 ago on Mon Jul  3 15:40:53 2023.
aws_eks_cluster.oblimanual-kluster: Still creating... [1m10s elapsed]
aws_lb.obli-alb: Still creating... [1m10s elapsed]
aws_instance.bastion (remote-exec): Dependencies resolved.
aws_instance.bastion (remote-exec): ================================================================================
aws_instance.bastion: Still creating... [1m10s elapsed]
aws_instance.bastion (remote-exec):  Package                 Arch    Version                     Repository    Size
aws_instance.bastion (remote-exec): ================================================================================
aws_instance.bastion (remote-exec): Installing:
aws_instance.bastion (remote-exec):  docker                  x86_64  20.10.23-1.amzn2023.0.1     amazonlinux   42 M
aws_instance.bastion (remote-exec):  telnet                  x86_64  1:0.17-83.amzn2023.0.2      amazonlinux   64 k
aws_instance.bastion (remote-exec): Installing dependencies:
aws_instance.bastion (remote-exec):  containerd              x86_64  1.6.19-1.amzn2023.0.1       amazonlinux   31 M
aws_instance.bastion (remote-exec):  iptables-libs           x86_64  1.8.8-3.amzn2023.0.2        amazonlinux  401 k
aws_instance.bastion (remote-exec):  iptables-nft            x86_64  1.8.8-3.amzn2023.0.2        amazonlinux  183 k
aws_instance.bastion (remote-exec):  libcgroup               x86_64  3.0-1.amzn2023.0.1          amazonlinux   75 k
aws_instance.bastion (remote-exec):  libnetfilter_conntrack  x86_64  1.0.8-2.amzn2023.0.2        amazonlinux   58 k
aws_instance.bastion (remote-exec):  libnfnetlink            x86_64  1.0.1-19.amzn2023.0.2       amazonlinux   30 k
aws_instance.bastion (remote-exec):  libnftnl                x86_64  1.2.2-2.amzn2023.0.2        amazonlinux   84 k
aws_instance.bastion (remote-exec):  pigz                    x86_64  2.5-1.amzn2023.0.3          amazonlinux   83 k
aws_instance.bastion (remote-exec):  runc                    x86_64  1.1.5-1.amzn2023.0.1        amazonlinux  3.1 M

aws_instance.bastion (remote-exec): Transaction Summary
aws_instance.bastion (remote-exec): ================================================================================
aws_instance.bastion (remote-exec): Install  11 Packages

aws_instance.bastion (remote-exec): Total download size: 77 M
aws_instance.bastion (remote-exec): Installed size: 300 M
aws_instance.bastion (remote-exec): Downloading Packages:
aws_instance.bastion (remote-exec): (1/11): iptables-nft-1.8.8-3.amzn2023.0.2.x86_6 2.4 MB/s | 183 kB     00:00
aws_instance.bastion (remote-exec): (2/11): pigz-2.5-1.amzn2023.0.3.x86_64.rpm      1.0 MB/s |  83 kB     00:00
aws_instance.bastion (remote-exec): (3/11): iptables-libs-1.8.8-3.amzn2023.0.2.x86_  23 MB/s | 401 kB     00:00
aws_instance.bastion (remote-exec): (4/11): libcgroup-3.0-1.amzn2023.0.1.x86_64.rpm 496 kB/s |  75 kB     00:00
aws_instance.bastion (remote-exec): (5/11): libnftnl-1.2.2-2.amzn2023.0.2.x86_64.rp 3.9 MB/s |  84 kB     00:00
aws_instance.bastion (remote-exec): (6/11): telnet-0.17-83.amzn2023.0.2.x86_64.rpm  1.4 MB/s |  64 kB     00:00
aws_instance.bastion (remote-exec): (7/11): runc-1.1.5-1.amzn2023.0.1.x86_64.rpm     11 MB/s | 3.1 MB     00:00
aws_instance.bastion (remote-exec): (8/11): libnfnetlink-1.0.1-19.amzn2023.0.2.x86_ 1.2 MB/s |  30 kB     00:00
aws_instance.bastion (remote-exec): (9/11): libnetfilter_conntrack-1.0.8-2.amzn2023 4.1 MB/s |  58 kB     00:00
aws_instance.bastion (remote-exec): (10/11): containerd-1.6.19-1.amzn2023.0.1.x86_6  56 MB/s |  31 MB     00:00
aws_instance.bastion (remote-exec): (11/11): docker-20.10.23-1.amzn2023.0.1.x86_64.  57 MB/s |  42 MB     00:00
aws_instance.bastion (remote-exec): --------------------------------------------------------------------------------
aws_instance.bastion (remote-exec): Total                                            74 MB/s |  77 MB     00:01
aws_instance.bastion (remote-exec): Running transaction check
aws_instance.bastion (remote-exec): Transaction check succeeded.
aws_instance.bastion (remote-exec): Running transaction test
aws_instance.bastion (remote-exec): Transaction test succeeded.
aws_instance.bastion (remote-exec): Running transaction
aws_instance.bastion (remote-exec):   Preparing        :                                                        1/1

aws_instance.bastion (remote-exec):   Installing       : runc-1.1.5-1.amzn2023.0.1.x86_64                      1/11

aws_instance.bastion (remote-exec):   Installing       : containerd-1.6.19-1.amzn2023.0.1.x86_64               2/11
aws_instance.bastion (remote-exec):   Running scriptlet: containerd-1.6.19-1.amzn2023.0.1.x86_64               2/11
aws_instance.bastion (remote-exec):   Installing       : libnfnetlink-1.0.1-19.amzn2023.0.2.x86_64             3/11
aws_instance.bastion (remote-exec):   Installing       : libnetfilter_conntrack-1.0.8-2.amzn2023.0.2.x86_64    4/11

aws_instance.bastion (remote-exec):   Installing       : iptables-libs-1.8.8-3.amzn2023.0.2.x86_64             5/11
aws_instance.bastion (remote-exec):   Installing       : libnftnl-1.2.2-2.amzn2023.0.2.x86_64                  6/11
aws_instance.bastion (remote-exec):   Installing       : iptables-nft-1.8.8-3.amzn2023.0.2.x86_64              7/11
aws_instance.bastion (remote-exec):   Running scriptlet: iptables-nft-1.8.8-3.amzn2023.0.2.x86_64              7/11
aws_instance.bastion (remote-exec):   Installing       : pigz-2.5-1.amzn2023.0.3.x86_64                        8/11
aws_instance.bastion (remote-exec):   Installing       : libcgroup-3.0-1.amzn2023.0.1.x86_64                   9/11
aws_instance.bastion (remote-exec):   Running scriptlet: docker-20.10.23-1.amzn2023.0.1.x86_64                10/11

aws_instance.bastion (remote-exec):   Installing       : docker-20.10.23-1.amzn2023.0.1.x86_64                10/11
aws_instance.bastion (remote-exec):   Running scriptlet: docker-20.10.23-1.amzn2023.0.1.x86_64                10/11
aws_instance.bastion (remote-exec): Created symlink /etc/systemd/system/sockets.target.wants/docker.socket → /usr/lib/systemd/system/docker.socket.

aws_instance.bastion (remote-exec):   Installing       : telnet-1:0.17-83.amzn2023.0.2.x86_64                 11/11
aws_instance.bastion (remote-exec):   Running scriptlet: telnet-1:0.17-83.amzn2023.0.2.x86_64                 11/11

aws_instance.bastion (remote-exec):   Verifying        : libcgroup-3.0-1.amzn2023.0.1.x86_64                   1/11
aws_instance.bastion (remote-exec):   Verifying        : pigz-2.5-1.amzn2023.0.3.x86_64                        2/11
aws_instance.bastion (remote-exec):   Verifying        : iptables-nft-1.8.8-3.amzn2023.0.2.x86_64              3/11
aws_instance.bastion (remote-exec):   Verifying        : iptables-libs-1.8.8-3.amzn2023.0.2.x86_64             4/11
aws_instance.bastion (remote-exec):   Verifying        : containerd-1.6.19-1.amzn2023.0.1.x86_64               5/11
aws_instance.bastion (remote-exec):   Verifying        : runc-1.1.5-1.amzn2023.0.1.x86_64                      6/11
aws_instance.bastion (remote-exec):   Verifying        : libnftnl-1.2.2-2.amzn2023.0.2.x86_64                  7/11
aws_instance.bastion (remote-exec):   Verifying        : telnet-1:0.17-83.amzn2023.0.2.x86_64                  8/11
aws_instance.bastion (remote-exec):   Verifying        : docker-20.10.23-1.amzn2023.0.1.x86_64                 9/11
aws_instance.bastion (remote-exec):   Verifying        : libnfnetlink-1.0.1-19.amzn2023.0.2.x86_64            10/11

aws_instance.bastion (remote-exec):   Verifying        : libnetfilter_conntrack-1.0.8-2.amzn2023.0.2.x86_64   11/11

aws_instance.bastion (remote-exec): Installed:
aws_instance.bastion (remote-exec):   containerd-1.6.19-1.amzn2023.0.1.x86_64
aws_instance.bastion (remote-exec):   docker-20.10.23-1.amzn2023.0.1.x86_64
aws_instance.bastion (remote-exec):   iptables-libs-1.8.8-3.amzn2023.0.2.x86_64
aws_instance.bastion (remote-exec):   iptables-nft-1.8.8-3.amzn2023.0.2.x86_64
aws_instance.bastion (remote-exec):   libcgroup-3.0-1.amzn2023.0.1.x86_64
aws_instance.bastion (remote-exec):   libnetfilter_conntrack-1.0.8-2.amzn2023.0.2.x86_64
aws_instance.bastion (remote-exec):   libnfnetlink-1.0.1-19.amzn2023.0.2.x86_64
aws_instance.bastion (remote-exec):   libnftnl-1.2.2-2.amzn2023.0.2.x86_64
aws_instance.bastion (remote-exec):   pigz-2.5-1.amzn2023.0.3.x86_64
aws_instance.bastion (remote-exec):   runc-1.1.5-1.amzn2023.0.1.x86_64
aws_instance.bastion (remote-exec):   telnet-1:0.17-83.amzn2023.0.2.x86_64

aws_instance.bastion (remote-exec): Complete!
aws_eks_cluster.oblimanual-kluster: Still creating... [1m20s elapsed]
aws_lb.obli-alb: Still creating... [1m20s elapsed]
aws_instance.bastion: Still creating... [1m20s elapsed]
aws_instance.bastion (remote-exec): Login Succeeded
aws_eks_cluster.oblimanual-kluster: Still creating... [1m30s elapsed]
aws_lb.obli-alb: Still creating... [1m30s elapsed]
aws_instance.bastion: Still creating... [1m30s elapsed]
aws_eks_cluster.oblimanual-kluster: Still creating... [1m40s elapsed]
aws_lb.obli-alb: Still creating... [1m40s elapsed]
aws_instance.bastion: Still creating... [1m40s elapsed]
aws_eks_cluster.oblimanual-kluster: Still creating... [1m50s elapsed]
aws_lb.obli-alb: Still creating... [1m50s elapsed]
aws_instance.bastion: Still creating... [1m50s elapsed]
aws_instance.bastion (remote-exec): Haciendo el build para: adservice...
aws_instance.bastion (remote-exec): Sending build context to Docker daemon  119.8kB
aws_instance.bastion (remote-exec): Step 1/17 : FROM openjdk:8-slim as builder
aws_instance.bastion (remote-exec): 8-slim: Pulling from library/openjdk
aws_instance.bastion (remote-exec): 1efc276f4ff9: Pulling fs layer
aws_instance.bastion (remote-exec): a2f2f93da482: Pulling fs layer
aws_instance.bastion (remote-exec): 1a2de4cc9431: Pulling fs layer
aws_instance.bastion (remote-exec): 9013b84ebbe7: Pulling fs layer
aws_instance.bastion (remote-exec): 9013b84ebbe7: Waiting
aws_instance.bastion (remote-exec): a2f2f93da482: Verifying Checksum
aws_instance.bastion (remote-exec): a2f2f93da482: Download complete
aws_instance.bastion (remote-exec): 1a2de4cc9431: Verifying Checksum
aws_instance.bastion (remote-exec): 1a2de4cc9431: Download complete
aws_instance.bastion (remote-exec): 1efc276f4ff9: Verifying Checksum
aws_instance.bastion (remote-exec): 1efc276f4ff9: Download complete
aws_instance.bastion (remote-exec): 9013b84ebbe7: Verifying Checksum
aws_instance.bastion (remote-exec): 9013b84ebbe7: Download complete
aws_instance.bastion (remote-exec): 1efc276f4ff9: Pull complete
aws_instance.bastion (remote-exec): a2f2f93da482: Pull complete
aws_instance.bastion (remote-exec): 1a2de4cc9431: Pull complete
aws_instance.bastion (remote-exec): 9013b84ebbe7: Pull complete
aws_instance.bastion (remote-exec): Digest: sha256:19578a1e13b7a1e4cab9b227fb7b5d80e14665cf4024c6407d72ba89842a97ed
aws_instance.bastion (remote-exec): Status: Downloaded newer image for openjdk:8-slim
aws_instance.bastion (remote-exec):  ---> 80e75f92be33
aws_instance.bastion (remote-exec): Step 2/17 : WORKDIR /app
aws_instance.bastion (remote-exec):  ---> Running in f572f2e03f7e
aws_instance.bastion (remote-exec): Removing intermediate container f572f2e03f7e
aws_instance.bastion (remote-exec):  ---> 48b576b3e582
aws_instance.bastion (remote-exec): Step 3/17 : COPY ["build.gradle", "gradlew", "./"]
aws_instance.bastion (remote-exec):  ---> 3529285d447d
aws_instance.bastion (remote-exec): Step 4/17 : COPY gradle gradle
aws_instance.bastion (remote-exec):  ---> e006a9892d66
aws_instance.bastion (remote-exec): Step 5/17 : RUN chmod +x gradlew
aws_instance.bastion (remote-exec):  ---> Running in 8f72bcd09903
aws_lb.obli-alb: Still creating... [2m0s elapsed]
aws_eks_cluster.oblimanual-kluster: Still creating... [2m0s elapsed]
aws_instance.bastion: Still creating... [2m0s elapsed]
aws_instance.bastion (remote-exec): Removing intermediate container 8f72bcd09903
aws_instance.bastion (remote-exec):  ---> 18530f50cb74
aws_instance.bastion (remote-exec): Step 6/17 : RUN ./gradlew downloadRepos
aws_instance.bastion (remote-exec):  ---> Running in 85e020d3eb76
aws_instance.bastion (remote-exec): Downloading https://services.gradle.org/distributions/gradle-6.9.2-bin.zip
aws_instance.bastion (remote-exec): ..........10%..........20%..........30%...........40%..........50%..........60%..........70%...........80%..........90%..........100%

aws_instance.bastion (remote-exec): Welcome to Gradle 6.9.2!

aws_instance.bastion (remote-exec): Here are the highlights of this release:
aws_instance.bastion (remote-exec):  - This is a small backport release.
aws_instance.bastion (remote-exec):  - Java 16 can be used to compile when used with Java toolchains
aws_instance.bastion (remote-exec):  - Dynamic versions can be used within plugin declarations
aws_instance.bastion (remote-exec):  - Native support for Apple Silicon processors

aws_instance.bastion (remote-exec): For more details see https://docs.gradle.org/6.9.2/release-notes.html

aws_instance.bastion (remote-exec): Starting a Gradle Daemon (subsequent builds will be faster)
aws_lb.obli-alb: Still creating... [2m10s elapsed]
aws_eks_cluster.oblimanual-kluster: Still creating... [2m10s elapsed]
aws_instance.bastion: Still creating... [2m10s elapsed]
aws_lb.obli-alb: Creation complete after 2m15s [id=arn:aws:elasticloadbalancing:us-east-1:406235964731:loadbalancer/app/oblimanual-alb/729b463b5620f7a5]
aws_lb_listener.oblimanual-listener: Creating...
aws_lb_listener.oblimanual-listener: Creation complete after 0s [id=arn:aws:elasticloadbalancing:us-east-1:406235964731:listener/app/oblimanual-alb/729b463b5620f7a5/b20f9f9bae7c7d4d]
aws_lb_listener_rule.oblimanual-listener-rule: Creating...
aws_lb_listener_rule.oblimanual-listener-rule: Creation complete after 1s [id=arn:aws:elasticloadbalancing:us-east-1:406235964731:listener-rule/app/oblimanual-alb/729b463b5620f7a5/b20f9f9bae7c7d4d/568bb6b1968c50e8]
aws_instance.bastion (remote-exec): > Task :downloadRepos NO-SOURCE

aws_instance.bastion (remote-exec): Deprecated Gradle features were used in this build, making it incompatible with Gradle 7.0.
aws_instance.bastion (remote-exec): Use '--warning-mode all' to show the individual deprecation warnings.
aws_instance.bastion (remote-exec): See https://docs.gradle.org/6.9.2/userguide/command_line_interface.html#sec:command_line_warnings

aws_instance.bastion (remote-exec): BUILD SUCCESSFUL in 16s
aws_eks_cluster.oblimanual-kluster: Still creating... [2m20s elapsed]
aws_instance.bastion: Still creating... [2m20s elapsed]
aws_instance.bastion (remote-exec): Removing intermediate container 85e020d3eb76
aws_instance.bastion (remote-exec):  ---> 2b2f003b5e36
aws_instance.bastion (remote-exec): Step 7/17 : COPY . .
aws_instance.bastion (remote-exec):  ---> b69314be2e00
aws_instance.bastion (remote-exec): Step 8/17 : RUN chmod +x gradlew
aws_instance.bastion (remote-exec):  ---> Running in f39c0f20bb9a
aws_instance.bastion (remote-exec): Removing intermediate container f39c0f20bb9a
aws_instance.bastion (remote-exec):  ---> bda510a47c4d
aws_instance.bastion (remote-exec): Step 9/17 : RUN ./gradlew installDist
aws_instance.bastion (remote-exec):  ---> Running in 393081a15c8c
aws_instance.bastion (remote-exec): Starting a Gradle Daemon, 1 incompatible and 1 stopped Daemons could not be reused, use --status for details
aws_eks_cluster.oblimanual-kluster: Still creating... [2m30s elapsed]
aws_instance.bastion: Still creating... [2m30s elapsed]
aws_instance.bastion (remote-exec): > Task :extractIncludeProto
aws_instance.bastion (remote-exec): > Task :extractProto
aws_instance.bastion (remote-exec): > Task :generateProto
aws_eks_cluster.oblimanual-kluster: Still creating... [2m40s elapsed]
aws_instance.bastion: Still creating... [2m40s elapsed]
aws_eks_cluster.oblimanual-kluster: Still creating... [2m50s elapsed]
aws_instance.bastion: Still creating... [2m50s elapsed]
aws_eks_cluster.oblimanual-kluster: Still creating... [3m0s elapsed]
aws_instance.bastion: Still creating... [3m0s elapsed]
aws_instance.bastion (remote-exec): > Task :compileJava
aws_instance.bastion (remote-exec): > Task :processResources
aws_instance.bastion (remote-exec): > Task :classes
aws_instance.bastion (remote-exec): > Task :jar
aws_eks_cluster.oblimanual-kluster: Still creating... [3m10s elapsed]
aws_instance.bastion: Still creating... [3m10s elapsed]
aws_instance.bastion (remote-exec): > Task :adService
aws_instance.bastion (remote-exec): > Task :adServiceClient
aws_instance.bastion (remote-exec): > Task :startScripts SKIPPED
aws_instance.bastion (remote-exec): > Task :installDist

aws_instance.bastion (remote-exec): BUILD SUCCESSFUL in 48s
aws_instance.bastion (remote-exec): 9 actionable tasks: 9 executed
aws_instance.bastion (remote-exec): Removing intermediate container 393081a15c8c
aws_instance.bastion (remote-exec):  ---> 5993026af716
aws_instance.bastion (remote-exec): Step 10/17 : FROM openjdk:8-slim
aws_instance.bastion (remote-exec):  ---> 80e75f92be33
aws_instance.bastion (remote-exec): Step 11/17 : RUN apt-get -y update && apt-get install -qqy     wget     && rm -rf /var/lib/apt/lists/*
aws_instance.bastion (remote-exec):  ---> Running in 5bffbd55dadd
aws_instance.bastion (remote-exec): Get:1 http://deb.debian.org/debian bullseye InRelease [116 kB]
aws_instance.bastion (remote-exec): Get:2 http://deb.debian.org/debian-security bullseye-security InRelease [48.4 kB]
aws_instance.bastion (remote-exec): Get:3 http://deb.debian.org/debian bullseye-updates InRelease [44.1 kB]
aws_instance.bastion (remote-exec): Get:4 http://deb.debian.org/debian bullseye/main amd64 Packages [8183 kB]
aws_instance.bastion (remote-exec): Get:5 http://deb.debian.org/debian-security bullseye-security/main amd64 Packages [252 kB]
aws_instance.bastion (remote-exec): Get:6 http://deb.debian.org/debian bullseye-updates/main amd64 Packages [14.8 kB]
aws_instance.bastion (remote-exec): Fetched 8658 kB in 1s (6215 kB/s)
aws_instance.bastion (remote-exec): Reading package lists...

aws_instance.bastion (remote-exec): [91mdebconf: delaying package configuration, since apt-utils is not installed
aws_instance.bastion (remote-exec): [0m
aws_instance.bastion (remote-exec): Selecting previously unselected package libpsl5:amd64.
aws_instance.bastion (remote-exec): (Reading database ...
aws_instance.bastion (remote-exec): (Reading database ... 5%
aws_instance.bastion (remote-exec): (Reading database ... 10%
aws_instance.bastion (remote-exec): (Reading database ... 15%
aws_instance.bastion (remote-exec): (Reading database ... 20%
aws_instance.bastion (remote-exec): (Reading database ... 25%
aws_instance.bastion (remote-exec): (Reading database ... 30%
aws_instance.bastion (remote-exec): (Reading database ... 35%
aws_instance.bastion (remote-exec): (Reading database ... 40%
aws_instance.bastion (remote-exec): (Reading database ... 45%
aws_instance.bastion (remote-exec): (Reading database ... 50%
aws_instance.bastion (remote-exec): (Reading database ... 55%
aws_instance.bastion (remote-exec): (Reading database ... 60%
aws_instance.bastion (remote-exec): (Reading database ... 65%
aws_instance.bastion (remote-exec): (Reading database ... 70%
aws_instance.bastion (remote-exec): (Reading database ... 75%
aws_instance.bastion (remote-exec): (Reading database ... 80%
aws_instance.bastion (remote-exec): (Reading database ... 85%
aws_instance.bastion (remote-exec): (Reading database ... 90%
aws_instance.bastion (remote-exec): (Reading database ... 95%
aws_instance.bastion (remote-exec): (Reading database ... 100%
aws_instance.bastion (remote-exec): (Reading database ... 7071 files and directories currently installed.)
aws_instance.bastion (remote-exec): Preparing to unpack .../libpsl5_0.21.0-1.2_amd64.deb ...
aws_instance.bastion (remote-exec): Unpacking libpsl5:amd64 (0.21.0-1.2) ...
aws_instance.bastion (remote-exec): Selecting previously unselected package wget.
aws_instance.bastion (remote-exec): Preparing to unpack .../wget_1.21-1+deb11u1_amd64.deb ...
aws_instance.bastion (remote-exec): Unpacking wget (1.21-1+deb11u1) ...
aws_instance.bastion (remote-exec): Selecting previously unselected package publicsuffix.
aws_instance.bastion (remote-exec): Preparing to unpack .../publicsuffix_20220811.1734-0+deb11u1_all.deb ...
aws_instance.bastion (remote-exec): Unpacking publicsuffix (20220811.1734-0+deb11u1) ...
aws_instance.bastion (remote-exec): Setting up libpsl5:amd64 (0.21.0-1.2) ...
aws_instance.bastion (remote-exec): Setting up wget (1.21-1+deb11u1) ...
aws_instance.bastion (remote-exec): Setting up publicsuffix (20220811.1734-0+deb11u1) ...
aws_instance.bastion (remote-exec): Processing triggers for libc-bin (2.31-13+deb11u3) ...
aws_instance.bastion (remote-exec): Removing intermediate container 5bffbd55dadd
aws_instance.bastion (remote-exec):  ---> b67145f38c08
aws_instance.bastion (remote-exec): Step 12/17 : RUN mkdir -p /opt/cprof &&     wget -q -O- https://storage.googleapis.com/cloud-profiler/java/latest/profiler_java_agent.tar.gz     | tar xzv -C /opt/cprof &&     rm -rf profiler_java_agent.tar.gz
aws_instance.bastion (remote-exec):  ---> Running in 8ed462107732
aws_instance.bastion (remote-exec): version.txt
aws_instance.bastion (remote-exec): NOTICES
aws_instance.bastion (remote-exec): profiler_java_agent.so
aws_instance.bastion (remote-exec): Removing intermediate container 8ed462107732
aws_instance.bastion (remote-exec):  ---> daefcadece21
aws_instance.bastion (remote-exec): Step 13/17 : RUN GRPC_HEALTH_PROBE_VERSION=v0.4.11 &&     wget -qO/bin/grpc_health_probe https://github.com/grpc-ecosystem/grpc-health-probe/releases/download/${GRPC_HEALTH_PROBE_VERSION}/grpc_health_probe-linux-amd64 &&     chmod +x /bin/grpc_health_probe
aws_instance.bastion (remote-exec):  ---> Running in 66fd85f2e501
aws_instance.bastion (remote-exec): Removing intermediate container 66fd85f2e501
aws_instance.bastion (remote-exec):  ---> daa740a13912
aws_instance.bastion (remote-exec): Step 14/17 : WORKDIR /app
aws_instance.bastion (remote-exec):  ---> Running in c8ad07f7094c
aws_instance.bastion (remote-exec): Removing intermediate container c8ad07f7094c
aws_instance.bastion (remote-exec):  ---> e52f9ffc18f4
aws_instance.bastion (remote-exec): Step 15/17 : COPY --from=builder /app .
aws_eks_cluster.oblimanual-kluster: Still creating... [3m20s elapsed]
aws_instance.bastion: Still creating... [3m20s elapsed]
aws_instance.bastion (remote-exec):  ---> 2fcb48d02bfa
aws_instance.bastion (remote-exec): Step 16/17 : EXPOSE 9555
aws_instance.bastion (remote-exec):  ---> Running in 811ef69419d3
aws_instance.bastion (remote-exec): Removing intermediate container 811ef69419d3
aws_instance.bastion (remote-exec):  ---> 20f87ce7d67b
aws_instance.bastion (remote-exec): Step 17/17 : ENTRYPOINT ["/app/build/install/hipstershop/bin/AdService"]
aws_instance.bastion (remote-exec):  ---> Running in c37a2cb723d7
aws_instance.bastion (remote-exec): Removing intermediate container c37a2cb723d7
aws_instance.bastion (remote-exec):  ---> 13f8d93d188b
aws_instance.bastion (remote-exec): Successfully built 13f8d93d188b
aws_instance.bastion (remote-exec): Successfully tagged adservice:latest
aws_instance.bastion (remote-exec): The push refers to repository [406235964731.dkr.ecr.us-east-1.amazonaws.com/adservice]
aws_instance.bastion (remote-exec): bbc53f18cf49: Preparing
aws_instance.bastion (remote-exec): 7845aba5c787: Preparing
aws_instance.bastion (remote-exec): 753637757a60: Preparing
aws_instance.bastion (remote-exec): 0e7e7a616c6e: Preparing
aws_instance.bastion (remote-exec): 50da0dc69c76: Preparing
aws_instance.bastion (remote-exec): 954be880ce7c: Preparing
aws_instance.bastion (remote-exec): cd5a0a9f1e01: Preparing
aws_instance.bastion (remote-exec): eafe6e032dbd: Preparing
aws_instance.bastion (remote-exec): 92a4e8a3140f: Preparing
aws_instance.bastion (remote-exec): 954be880ce7c: Waiting
aws_instance.bastion (remote-exec): cd5a0a9f1e01: Waiting
aws_instance.bastion (remote-exec): eafe6e032dbd: Waiting
aws_instance.bastion (remote-exec): 92a4e8a3140f: Waiting
aws_instance.bastion (remote-exec): 50da0dc69c76: Pushed
aws_instance.bastion (remote-exec): 7845aba5c787: Pushed
aws_instance.bastion (remote-exec): 0e7e7a616c6e: Pushed
aws_instance.bastion (remote-exec): cd5a0a9f1e01: Pushed
aws_instance.bastion (remote-exec): 753637757a60: Pushed
aws_instance.bastion (remote-exec): eafe6e032dbd: Pushed
aws_instance.bastion (remote-exec): bbc53f18cf49: Pushed
aws_eks_cluster.oblimanual-kluster: Still creating... [3m30s elapsed]
aws_instance.bastion: Still creating... [3m30s elapsed]
aws_instance.bastion (remote-exec): 92a4e8a3140f: Pushed
aws_instance.bastion (remote-exec): 954be880ce7c: Pushed
aws_instance.bastion (remote-exec): latest: digest: sha256:58930733c8c9acad520c6e7e5dc04216c12e2bbbb23ce51b2cba7cd865045200 size: 2210
aws_instance.bastion (remote-exec): Haciendo el build para: cartservice...
aws_instance.bastion (remote-exec): Sending build context to Docker daemon  33.28kB
aws_instance.bastion (remote-exec): Step 1/12 : FROM mcr.microsoft.com/dotnet/sdk:6.0.300 as builder
aws_instance.bastion (remote-exec): 6.0.300: Pulling from dotnet/sdk
aws_instance.bastion (remote-exec): 42c077c10790: Pulling fs layer
aws_instance.bastion (remote-exec): 87ed72daf751: Pulling fs layer
aws_instance.bastion (remote-exec): 5873b5a7554b: Pulling fs layer
aws_instance.bastion (remote-exec): 016563de4cce: Pulling fs layer
aws_instance.bastion (remote-exec): 3ce4f4cca166: Pulling fs layer
aws_instance.bastion (remote-exec): 9a4fa4edd73a: Pulling fs layer
aws_instance.bastion (remote-exec): e43347f94f15: Pulling fs layer
aws_instance.bastion (remote-exec): 161f4e8ba31a: Pulling fs layer
aws_instance.bastion (remote-exec): 016563de4cce: Waiting
aws_instance.bastion (remote-exec): 3ce4f4cca166: Waiting
aws_instance.bastion (remote-exec): 9a4fa4edd73a: Waiting
aws_instance.bastion (remote-exec): e43347f94f15: Waiting
aws_instance.bastion (remote-exec): 161f4e8ba31a: Waiting
aws_instance.bastion (remote-exec): 42c077c10790: Verifying Checksum
aws_instance.bastion (remote-exec): 42c077c10790: Download complete
aws_instance.bastion (remote-exec): 5873b5a7554b: Verifying Checksum
aws_instance.bastion (remote-exec): 5873b5a7554b: Download complete
aws_instance.bastion (remote-exec): 87ed72daf751: Verifying Checksum
aws_instance.bastion (remote-exec): 87ed72daf751: Download complete
aws_instance.bastion (remote-exec): 016563de4cce: Verifying Checksum
aws_instance.bastion (remote-exec): 016563de4cce: Download complete
aws_instance.bastion (remote-exec): 3ce4f4cca166: Verifying Checksum
aws_instance.bastion (remote-exec): 3ce4f4cca166: Download complete
aws_instance.bastion (remote-exec): 9a4fa4edd73a: Verifying Checksum
aws_instance.bastion (remote-exec): 9a4fa4edd73a: Download complete
aws_instance.bastion (remote-exec): 161f4e8ba31a: Verifying Checksum
aws_instance.bastion (remote-exec): 161f4e8ba31a: Download complete
aws_instance.bastion (remote-exec): 42c077c10790: Pull complete
aws_instance.bastion (remote-exec): e43347f94f15: Verifying Checksum
aws_instance.bastion (remote-exec): e43347f94f15: Download complete
aws_instance.bastion (remote-exec): 87ed72daf751: Pull complete
aws_instance.bastion (remote-exec): 5873b5a7554b: Pull complete
aws_instance.bastion (remote-exec): 016563de4cce: Pull complete
aws_instance.bastion (remote-exec): 3ce4f4cca166: Pull complete
aws_eks_cluster.oblimanual-kluster: Still creating... [3m40s elapsed]
aws_instance.bastion: Still creating... [3m40s elapsed]
aws_instance.bastion (remote-exec): 9a4fa4edd73a: Pull complete
aws_instance.bastion (remote-exec): e43347f94f15: Pull complete
aws_instance.bastion (remote-exec): 161f4e8ba31a: Pull complete
aws_instance.bastion (remote-exec): Digest: sha256:58a93345aa1069d69f4e32eded710dcf5cd563171226fbce69e65b1e98b5e5a5
aws_instance.bastion (remote-exec): Status: Downloaded newer image for mcr.microsoft.com/dotnet/sdk:6.0.300
aws_instance.bastion (remote-exec):  ---> 83ae347bcb57
aws_instance.bastion (remote-exec): Step 2/12 : WORKDIR /app
aws_eks_cluster.oblimanual-kluster: Still creating... [3m50s elapsed]
aws_instance.bastion: Still creating... [3m50s elapsed]
aws_instance.bastion (remote-exec):  ---> Running in 0574f6fbcef7
aws_instance.bastion (remote-exec): Removing intermediate container 0574f6fbcef7
aws_instance.bastion (remote-exec):  ---> bf634a35f846
aws_instance.bastion (remote-exec): Step 3/12 : COPY cartservice.csproj .
aws_instance.bastion (remote-exec):  ---> 50fbcb6cc43c
aws_instance.bastion (remote-exec): Step 4/12 : RUN dotnet restore cartservice.csproj -r linux-musl-x64
aws_instance.bastion (remote-exec):  ---> Running in e83ac7a15cd0
aws_instance.bastion (remote-exec):   Determining projects to restore...
aws_instance.bastion (remote-exec):   Restored /app/cartservice.csproj (in 2.83 sec).
aws_eks_cluster.oblimanual-kluster: Still creating... [4m0s elapsed]
aws_instance.bastion: Still creating... [4m0s elapsed]
aws_instance.bastion (remote-exec): Removing intermediate container e83ac7a15cd0
aws_instance.bastion (remote-exec):  ---> 73f15ca0de15
aws_instance.bastion (remote-exec): Step 5/12 : COPY . .
aws_instance.bastion (remote-exec):  ---> 5688f8fbbeaf
aws_instance.bastion (remote-exec): Step 6/12 : RUN dotnet publish cartservice.csproj -p:PublishSingleFile=true -r linux-musl-x64 --self-contained true -p:PublishTrimmed=True -p:TrimMode=Link -c release -o /cartservice --no-restore
aws_instance.bastion (remote-exec):  ---> Running in 8e4b205973c6
aws_instance.bastion (remote-exec): Microsoft (R) Build Engine version 17.2.0+41abc5629 for .NET
aws_instance.bastion (remote-exec): Copyright (C) Microsoft Corporation. All rights reserved.

aws_instance.bastion (remote-exec):   cartservice -> /app/bin/release/net6.0/linux-musl-x64/cartservice.dll
aws_eks_cluster.oblimanual-kluster: Still creating... [4m10s elapsed]
aws_instance.bastion: Still creating... [4m10s elapsed]
aws_eks_cluster.oblimanual-kluster: Still creating... [4m20s elapsed]
aws_instance.bastion: Still creating... [4m20s elapsed]
aws_instance.bastion (remote-exec): ILLink : Trim analysis warning IL2026: Microsoft.JSInterop.Infrastructure.DotNetDispatcher.BeginInvokeDotNet(JSRuntime,DotNetInvocationInfo,String): Using member 'System.Text.Json.JsonSerializer.Serialize<TValue>(TValue,JsonSerializerOptions)' which has 'RequiresUnreferencedCodeAttribute' can break functionality when trimming application code. JSON serialization and deserialization might require types that cannot be statically analyzed. Use the overload that takes a JsonTypeInfo or JsonSerializerContext, or make sure all of the required types are preserved. [/app/cartservice.csproj]
aws_instance.bastion (remote-exec): ILLink : Trim analysis warning IL2026: Microsoft.JSInterop.Infrastructure.DotNetDispatcher.EndInvokeDotNetAfterTask(Task,JSRuntime,DotNetInvocationInfo&): Using member 'System.Text.Json.JsonSerializer.Serialize<TValue>(TValue,JsonSerializerOptions)' which has 'RequiresUnreferencedCodeAttribute' can break functionality when trimming application code. JSON serialization and deserialization might require types that cannot be statically analyzed. Use the overload that takes a JsonTypeInfo or JsonSerializerContext, or make sure all of the required types are preserved. [/app/cartservice.csproj]
aws_instance.bastion (remote-exec): ILLink : Trim analysis warning IL2026: Microsoft.JSInterop.Infrastructure.DotNetDispatcher.ParseArguments(JSRuntime,String,String,Type[]): Using member 'System.Text.Json.JsonSerializer.Deserialize(Utf8JsonReader&,Type,JsonSerializerOptions)' which has 'RequiresUnreferencedCodeAttribute' can break functionality when trimming application code. JSON serialization and deserialization might require types that cannot be statically analyzed. Use the overload that takes a JsonTypeInfo or JsonSerializerContext, or make sure all of the required types are preserved. [/app/cartservice.csproj]
aws_instance.bastion (remote-exec): ILLink : Trim analysis warning IL2026: Microsoft.JSInterop.JSRuntime.EndInvokeJS(Int64,Boolean,Utf8JsonReader&): Using member 'System.Text.Json.JsonSerializer.Deserialize(Utf8JsonReader&,Type,JsonSerializerOptions)' which has 'RequiresUnreferencedCodeAttri
aws_instance.bastion (remote-exec): bute' can break functionality when trimming application code. JSON serialization and deserialization might require types that cannot be statically analyzed. Use the overload that takes a JsonTypeInfo or JsonSerializerContext, or make sure all of the required types are preserved. [/app/cartservice.csproj]
aws_instance.bastion (remote-exec): ILLink : Trim analysis warning IL2026: Microsoft.JSInterop.JSRuntime.InvokeAsync<TValue>(Int64,String,CancellationToken,Object[]): Using member 'System.Text.Json.JsonSerializer.Serialize<TValue>(TValue,JsonSerializerOptions)' which has 'RequiresUnreferencedCodeAttribute' can break functionality when trimming application code. JSON serialization and deserialization might require types that cannot be statically analyzed. Use the overload that takes a JsonTypeInfo or JsonSerializerContext, or make sure all of the required types are preserved. [/app/cartservice.csproj]
aws_instance.bastion (remote-exec): ILLink : Trim analysis warning IL2026: System.Security.Cryptography.Xml.CryptoHelpers.CreateFromName<T>(String): Using member 'System.Security.Cryptography.CryptoConfig.CreateFromName(String)' which has 'RequiresUnreferencedCodeAttribute' can break functionality when trimming application code. The default algorithm implementations might be removed, use strong type references like 'RSA.Create()' instead. [/app/cartservice.csproj]
aws_instance.bastion (remote-exec): /root/.nuget/packages/google.protobuf/3.19.4/lib/net5.0/Google.Protobuf.dll : warning IL2104: Assembly 'Google.Protobuf' produced trim warnings. For more information see https://aka.ms/dotnet-illink/libraries [/app/cartservice.csproj]
aws_instance.bastion (remote-exec): /root/.nuget/packages/microsoft.aspnetcore.app.runtime.linux-musl-x64/6.0.5/runtimes/linux-musl-x64/lib/net6.0/Microsoft.AspNetCore.Authentication.Abstractions.dll : warning IL2104: Assembly 'Microsoft.AspNetCore.Authentication.Abstractions' produced trim warnings. For more information see https://aka.ms/dotnet-illink/libraries [/app/cartservice.csproj]
aws_instance.bastion (remote-exec): /root/.nuget/packages/microsoft.aspnetcore.app.runtime.linux-musl-x64/6.0.5/runtimes/linux-musl-x64/lib/net6.0/Microsoft.AspNetCore.Authentication.dll : warning IL2104: Assembly 'Microsoft.AspNetCore.Authentication' produced trim warnings. For more information see https://aka.ms/dotnet-illink/libraries [/app/cartservice.csproj]
aws_instance.bastion (remote-exec): /root/.nuget/packages/microsoft.aspnetcore.app.runtime.linux-musl-x64/6.0.5/runtimes/linux-musl-x64/lib/net6.0/Microsoft.AspNetCore.Components.dll : warning IL2104: Assembly 'Microsoft.AspNetCore.Components' produced trim warnings. For more information see https://aka.ms/dotnet-illink/libraries [/app/cartservice.csproj]
aws_instance.bastion (remote-exec): /root/.nuget/packages/microsoft.aspnetcore.app.runtime.linux-musl-x64/6.0.5/runtimes/linux-musl-x64/lib/net6.0/Microsoft.AspNetCore.Components.Server.dll : warning IL2104: Assembly 'Microsoft.AspNetCore.Components.Server' produced trim warnings. For more information see https://aka.ms/dotnet-illink/libraries [/app/cartservice.csproj]
aws_instance.bastion (remote-exec): /root/.nuget/packages/microsoft.aspnetcore.app.runtime.linux-musl-x64/6.0.5/runtimes/linux-musl-x64/lib/net6.0/Microsoft.AspNetCore.Components.Web.dll : warning IL2104: Assembly 'Microsoft.AspNetCore.Components.Web' produced trim warnings. For more information see https://aka.ms/dotnet-illink/libraries [/app/cartservice.csproj]
aws_instance.bastion (remote-exec): /root/.nuget/packages/microsoft.aspnetcore.app.runtime.linux-musl-x64/6.0.5/runtimes/linux-musl-x64/lib/net6.0/Microsoft.AspNetCore.Connections.Abstractions.dll : warning IL2104: Assembly 'Microsoft.AspNetCore.Connections.Abstractions' produced trim warnings. For more information see https://aka.ms/dotnet-illink/libraries [/app/cartservice.csproj]
aws_instance.bastion (remote-exec): /root/.nuget/packages/microsoft.aspnetcore.app.runtime.linux-musl-x64/6.0.5/runtimes/linux-musl-x64/lib/net6.0/Microsoft.AspNetCore.DataProtection.dll : warning IL2104: Assembly 'Microsoft.AspNetCore.DataProtection' produced trim warnings. For more information see https://aka.ms/dotnet-illink/libraries [/app/cartservice.csproj]
aws_instance.bastion (remote-exec): /root/.nuget/packages/microsoft.aspnetcore.app.runtime.linux-musl-x64/6.0.5/runtimes/linux-musl-x64/lib/net6.0/Microsoft.AspNetCore.Diagnostics.dll : warning IL2104: Assembly 'Microsoft.AspNetCore.Diagnostics' produced trim warnings. For more information see https://aka.ms/dotnet-illink/libraries [/app/cartservice.csproj]
aws_instance.bastion (remote-exec): /root/.nuget/packages/microsoft.aspnetcore.app.runtime.linux-musl-x64/6.0.5/runtimes/linux-musl-x64/lib/net6.0/Microsoft.AspNetCore.dll : warning IL2104: Assembly 'Microsoft.AspNetCore' produced trim warnings. For more information see https://aka.ms/dotnet-illink/libraries [/app/cartservice.csproj]
aws_instance.bastion (remote-exec): /root/.nuget/packages/microsoft.aspnetcore.app.runtime.linux-musl-x64/6.0.5/runtimes/linux-musl-x64/lib/net6.0/Microsoft.AspNetCore.Hosting.dll : warning IL2104: Assembly 'Microsoft.AspNetCore.Hosting' produced trim warnings. For more information see https://aka.ms/dotnet-illink/libraries [/app/cartservice.csproj]
aws_instance.bastion (remote-exec): /root/.nuget/packages/microsoft.aspnetcore.app.runtime.linux-musl-x64/6.0.5/runtimes/linux-musl-x64/lib/net6.0/Microsoft.AspNetCore.Http.Abstractions.dll : warning IL2104: Assembly 'Microsoft.AspNetCore.Http.Abstractions' produced trim warnings. For more information see https://aka.ms/dotnet-illink/libraries [/app/cartservice.csproj]
aws_instance.bastion (remote-exec): /root/.nuget/packages/microsoft.aspnetcore.app.runtime.linux-musl-x64/6.0.5/runtimes/linux-musl-x64/lib/net6.0/Microsoft.AspNetCore.Http.Connections.dll : warning IL2104: Assembly 'Microsoft.AspNetCore.Http.Connections' produced trim warnings. For more information see https://aka.ms/dotnet-illink/libraries [/app/cartservice.csproj]
aws_instance.bastion (remote-exec): /root/.nuget/packages/microsoft.aspnetcore.app.runtime.linux-musl-x64/6.0.5/runtimes/linux-musl-x64/lib/net6.0/Microsoft.AspNetCore.Http.Extensions.dll : warning IL2104: Assembly 'Microsoft.AspNetCore.Http.Extensions' produced trim warnings. For more information see https://aka.ms/dotnet-illink/libraries [/app/cartservice.csproj]
aws_instance.bastion (remote-exec): /root/.nuget/packages/microsoft.aspnetcore.app.runtime.linux-musl-x64/6.0.5/runtimes/linux-musl-x64/lib/net6.0/Microsoft.AspNetCore.HttpsPolicy.dll : warning IL2104: Assembly 'Microsoft.AspNetCore.HttpsPolicy' produced trim warnings. For more information see https://aka.ms/dotnet-illink/libraries [/app/cartservice.csproj]
aws_instance.bastion (remote-exec): /root/.nuget/packages/microsoft.aspnetcore.app.runtime.linux-musl-x64/6.0.5/runtimes/linux-musl-x64/lib/net6.0/Microsoft.AspNetCore.Identity.dll : warning IL2104: Assembly 'Microsoft.AspNetCore.Identity' produced trim warnings. For more information see https://aka.ms/dotnet-illink/libraries [/app/cartservice.csproj]
aws_instance.bastion (remote-exec): /root/.nuget/packages/microsoft.aspnetcore.app.runtime.linux-musl-x64/6.0.5/runtimes/linux-musl-x64/lib/net6.0/Microsoft.AspNetCore.Mvc.Abstractions.dll : warning IL2104: Assembly 'Microsoft.AspNetCore.Mvc.Abstractions' produced trim warnings. For more information see https://aka.ms/dotnet-illink/libraries [/app/cartservice.csproj]
aws_instance.bastion (remote-exec): /root/.nuget/packages/microsoft.aspnetcore.app.runtime.linux-musl-x64/6.0.5/runtimes/linux-musl-x64/lib/net6.0/Microsoft.AspNetCore.Mvc.ApiExplorer.dll : warning IL2104: Assembly 'Microsoft.AspNetCore.Mvc.ApiExplorer' produced trim warnings. For more information see https://aka.ms/dotnet-illink/libraries [/app/cartservice.csproj]
aws_instance.bastion (remote-exec): /root/.nuget/packages/microsoft.aspnetcore.app.runtime.linux-musl-x64/6.0.5/runtimes/linux-musl-x64/lib/net6.0/Microsoft.AspNetCore.Mvc.Core.dll : warning IL2104: Assembly 'Microsoft.AspNetCore.Mvc.Core' produced trim warnings. For more information see https://aka.ms/dotnet-illink/libraries [/app/cartservice.csproj]
aws_instance.bastion (remote-exec): /root/.nuget/packages/microsoft.aspnetcore.app.runtime.linux-musl-x64/6.0.5/runtimes/linux-musl-x64/lib/net6.0/Microsoft.AspNetCore.Mvc.DataAnnotations.dll : warning IL2104: Assembly 'Microsoft.AspNetCore.Mvc.DataAnnotations' produced trim warnings. For more information see https://aka.ms/dotnet-illink/libraries [/app/cartservice.csproj]
aws_instance.bastion (remote-exec): /root/.nuget/packages/microsoft.aspnetcore.app.runtime.linux-musl-x64/6.0.5/runtimes/linux-musl-x64/lib/net6.0/Microsoft.AspNetCore.Mvc.Formatters.Xml.dll : warning IL2104: Assembly 'Microsoft.AspNetCore.Mvc.Formatters.Xml' produced trim warnings. For more information see https://aka.ms/dotnet-illink/libraries [/app/cartservice.csproj]
aws_instance.bastion (remote-exec): /root/.nuget/packages/microsoft.aspnetcore.app.runtime.linux-musl-x64/6.0.5/runtimes/linux-musl-x64/lib/net6.0/Microsoft.AspNetCore.Mvc.Razor.dll : warning IL2104: Assembly 'Microsoft.AspNetCore.Mvc.Razor' produced trim warnings. For more information see https://aka.ms/dotnet-illink/libraries [/app/cartservice.csproj]
aws_instance.bastion (remote-exec): /root/.nuget/packages/microsoft.aspnetcore.app.runtime.linux-musl-x64/6.0.5/runtimes/linux-musl-x64/lib/net6.0/Microsoft.AspNetCore.Mvc.RazorPages.dll : warning IL2104: Assembly 'Microsoft.AspNetCore.Mvc.RazorPages' produced trim warnings. For more information see https://aka.ms/dotnet-illink/libraries [/app/cartservice.csproj]
aws_instance.bastion (remote-exec): /root/.nuget/packages/microsoft.aspnetcore.app.runtime.linux-musl-x64/6.0.5/runtimes/linux-musl-x64/lib/net6.0/Microsoft.AspNetCore.Mvc.ViewFeatures.dll : warning IL2104: Assembly 'Microsoft.AspNetCore.Mvc.ViewFeatures' produced trim warnings. For more information see https://aka.ms/dotnet-illink/libraries [/app/cartservice.csproj]
aws_instance.bastion (remote-exec): /root/.nuget/packages/microsoft.aspnetcore.app.runtime.linux-musl-x64/6.0.5/runtimes/linux-musl-x64/lib/net6.0/Microsoft.AspNetCore.ResponseCompression.dll : warning IL2104: Assembly 'Microsoft.AspNetCore.ResponseCompression' produced trim warnings. For more information see https://aka.ms/dotnet-illink/libraries [/app/cartservice.csproj]
aws_instance.bastion (remote-exec): /root/.nuget/packages/microsoft.aspnetcore.app.runtime.linux-musl-x64/6.0.5/runtimes/linux-musl-x64/lib/net6.0/Microsoft.AspNetCore.Routing.Abstractions.dll : warning IL2104: Assembly 'Microsoft.AspNetCore.Routing.Abstractions' produced trim warnings. For more information see https://aka.ms/dotnet-illink/libraries [/app/cartservice.csproj]
aws_instance.bastion (remote-exec): /root/.nuget/packages/microsoft.aspnetcore.app.runtime.linux-musl-x64/6.0.5/runtimes/linux-musl-x64/lib/net6.0/Microsoft.AspNetCore.Routing.dll : warning IL2104: Assembly 'Microsoft.AspNetCore.Routing' produced trim warnings. For more information see https://aka.ms/dotnet-illink/libraries [/app/cartservice.csproj]
aws_instance.bastion (remote-exec): /root/.nuget/packages/microsoft.aspnetcore.app.runtime.linux-musl-x64/6.0.5/runtimes/linux-musl-x64/lib/net6.0/Microsoft.AspNetCore.Server.IIS.dll : warning IL2104: Assembly 'Microsoft.AspNetCore.Server.IIS' produced trim warnings. For more information see https://aka.ms/dotnet-illink/libraries [/app/cartservice.csproj]
aws_instance.bastion (remote-exec): /root/.nuget/packages/microsoft.aspnetcore.app.runtime.linux-musl-x64/6.0.5/runtimes/linux-musl-x64/lib/net6.0/Microsoft.AspNetCore.Server.Kestrel.Core.dll : warning IL2104: Assembly 'Microsoft.AspNetCore.Server.Kestrel.Core' produced trim warnings. For more information see https://aka.ms/dotnet-illink/libraries [/app/cartservice.csproj]
aws_instance.bastion (remote-exec): /root/.nuget/packages/microsoft.aspnetcore.app.runtime.linux-musl-x64/6.0.5/runtimes/linux-musl-x64/lib/net6.0/Microsoft.AspNetCore.SignalR.Core.dll : warning IL2104: Assembly 'Microsoft.AspNetCore.SignalR.Core' produced trim warnings. For more information see https://aka.ms/dotnet-illink/libraries [/app/cartservice.csproj]
aws_instance.bastion (remote-exec): /root/.nuget/packages/microsoft.aspnetcore.app.runtime.linux-musl-x64/6.0.5/runtimes/linux-musl-x64/lib/net6.0/Microsoft.AspNetCore.SignalR.dll : warning IL2104: Assembly 'Microsoft.AspNetCore.SignalR' produced trim warnings. For more information see https://aka.ms/dotnet-illink/libraries [/app/cartservice.csproj]
aws_instance.bastion (remote-exec): /root/.nuget/packages/microsoft.aspnetcore.app.runtime.linux-musl-x64/6.0.5/runtimes/linux-musl-x64/lib/net6.0/Microsoft.AspNetCore.SignalR.Protocols.Json.dll : warning IL2104: Assembly 'Microsoft.AspNetCore.SignalR.Protocols.Json' produced trim warnings. For more information see https://aka.ms/dotnet-illink/libraries [/app/cartservice.csproj]
aws_instance.bastion (remote-exec): /root/.nuget/packages/microsoft.aspnetcore.app.runtime.linux-musl-x64/6.0.5/runtimes/linux-musl-x64/lib/net6.0/Microsoft.Extensions.Diagnostics.HealthChecks.dll : warning IL2104: Assembly 'Microsoft.Extensions.Diagnostics.HealthChecks' produced trim warnings. For more information see https://aka.ms/dotnet-illink/libraries [/app/cartservice.csproj]
aws_instance.bastion (remote-exec): /root/.nuget/packages/microsoft.aspnetcore.app.runtime.linux-musl-x64/6.0.5/runtimes/linux-musl-x64/lib/net6.0/Microsoft.Extensions.Identity.Core.dll : warning IL2104: Assembly 'Microsoft.Extensions.Identity.Core' produced trim warnings. For more information see https://aka.ms/dotnet-illink/libraries [/app/cartservice.csproj]
aws_instance.bastion (remote-exec): /root/.nuget/packages/microsoft.aspnetcore.app.runtime.linux-musl-x64/6.0.5/runtimes/linux-musl-x64/lib/net6.0/Microsoft.Extensions.Identity.Stores.dll : warning IL2104: Assembly 'Microsoft.Extensions.Identity.Stores' produced trim warnings. For more information see https://aka.ms/dotnet-illink/libraries [/app/cartservice.csproj]
aws_instance.bastion (remote-exec): /root/.nuget/packages/microsoft.aspnetcore.app.runtime.linux-musl-x64/6.0.5/runtimes/linux-musl-x64/lib/net6.0/Microsoft.JSInterop.dll : warning IL2104: Assembly 'Microsoft.JSInterop' produced trim warnings. For more information see https://aka.ms/dotnet-illink/libraries [/app/cartservice.csproj]
aws_instance.bastion (remote-exec): /root/.nuget/packages/pipelines.sockets.unofficial/2.2.2/lib/net5.0/Pipelines.Sockets.Unofficial.dll : warning IL2104: Assembly 'Pipelines.Sockets.Unofficial' produced trim warnings. For more information see https://aka.ms/dotnet-illink/libraries [/app/cartservice.csproj]
aws_instance.bastion (remote-exec): /root/.nuget/packages/stackexchange.redis/2.5.61/lib/net5.0/StackExchange.Redis.dll : warning IL2104: Assembly 'StackExchange.Redis' produced trim warnings. For more information see https://aka.ms/dotnet-illink/libraries [/app/cartservice.csproj]
aws_instance.bastion (remote-exec): /root/.nuget/packages/system.configuration.configurationmanager/5.0.0/lib/netstandard2.0/System.Configuration.ConfigurationManager.dll : warning IL2104: Assembly 'System.Configuration.ConfigurationManager' produced trim warnings. For more information see https://aka.ms/dotnet-illink/libraries [/app/cartservice.csproj]
aws_instance.bastion (remote-exec): /root/.nuget/packages/system.drawing.common/5.0.0/runtimes/unix/lib/netcoreapp3.0/System.Drawing.Common.dll : warning IL2104: Assembly 'System.Drawing.Common' produced trim warnings. For more information see https://aka.ms/dotnet-illink/libraries [/app/cartservice.csproj]
aws_instance.bastion (remote-exec):   Optimizing assemblies for size, which may change the behavior of the app. Be sure to test after publishing. See: https://aka.ms/dotnet-illink
aws_instance.bastion (remote-exec):   cartservice -> /cartservice/
aws_eks_cluster.oblimanual-kluster: Still creating... [4m30s elapsed]
aws_instance.bastion: Still creating... [4m30s elapsed]
aws_instance.bastion (remote-exec): Removing intermediate container 8e4b205973c6
aws_instance.bastion (remote-exec):  ---> 5186c96ffa22
aws_instance.bastion (remote-exec): Step 7/12 : FROM mcr.microsoft.com/dotnet/runtime-deps:6.0.5-alpine3.14-amd64
aws_instance.bastion (remote-exec): 6.0.5-alpine3.14-amd64: Pulling from dotnet/runtime-deps
aws_instance.bastion (remote-exec): 8663204ce13b: Pulling fs layer
aws_instance.bastion (remote-exec): 4184f1eabfce: Pulling fs layer
aws_instance.bastion (remote-exec): 4184f1eabfce: Verifying Checksum
aws_instance.bastion (remote-exec): 4184f1eabfce: Download complete
aws_instance.bastion (remote-exec): 8663204ce13b: Verifying Checksum
aws_instance.bastion (remote-exec): 8663204ce13b: Download complete
aws_instance.bastion (remote-exec): 8663204ce13b: Pull complete
aws_instance.bastion (remote-exec): 4184f1eabfce: Pull complete
aws_instance.bastion (remote-exec): Digest: sha256:58709e77dda40292bafe04a2d4b16d0fbe32511adc4bb41e12daaacc0afcf3fc
aws_instance.bastion (remote-exec): Status: Downloaded newer image for mcr.microsoft.com/dotnet/runtime-deps:6.0.5-alpine3.14-amd64
aws_instance.bastion (remote-exec):  ---> eb2b59a2b61c
aws_instance.bastion (remote-exec): Step 8/12 : RUN GRPC_HEALTH_PROBE_VERSION=v0.4.11 &&     wget -qO/bin/grpc_health_probe https://github.com/grpc-ecosystem/grpc-health-probe/releases/download/${GRPC_HEALTH_PROBE_VERSION}/grpc_health_probe-linux-amd64 &&     chmod +x /bin/grpc_health_probe
aws_instance.bastion (remote-exec):  ---> Running in 630c7a891435
aws_instance.bastion (remote-exec): Removing intermediate container 630c7a891435
aws_instance.bastion (remote-exec):  ---> b1586d38516a
aws_instance.bastion (remote-exec): Step 9/12 : WORKDIR /app
aws_instance.bastion (remote-exec):  ---> Running in 654cdb6c3429
aws_instance.bastion (remote-exec): Removing intermediate container 654cdb6c3429
aws_instance.bastion (remote-exec):  ---> 9c16de7cd4a5
aws_instance.bastion (remote-exec): Step 10/12 : COPY --from=builder /cartservice .
aws_instance.bastion (remote-exec):  ---> 560a83a1e4c0
aws_instance.bastion (remote-exec): Step 11/12 : ENV ASPNETCORE_URLS http://*:7070
aws_instance.bastion (remote-exec):  ---> Running in 48dd7d752d60
aws_instance.bastion (remote-exec): Removing intermediate container 48dd7d752d60
aws_instance.bastion (remote-exec):  ---> 31beaeda2365
aws_instance.bastion (remote-exec): Step 12/12 : ENTRYPOINT ["/app/cartservice"]
aws_instance.bastion (remote-exec):  ---> Running in 18bac0800636
aws_instance.bastion (remote-exec): Removing intermediate container 18bac0800636
aws_instance.bastion (remote-exec):  ---> 1d50b48cda14
aws_instance.bastion (remote-exec): Successfully built 1d50b48cda14
aws_instance.bastion (remote-exec): Successfully tagged cartservice:latest
aws_instance.bastion (remote-exec): The push refers to repository [406235964731.dkr.ecr.us-east-1.amazonaws.com/cartservice]
aws_instance.bastion (remote-exec): ef98d3cac282: Preparing
aws_instance.bastion (remote-exec): e32da6295e23: Preparing
aws_instance.bastion (remote-exec): c0045fad9876: Preparing
aws_instance.bastion (remote-exec): 8d384014a293: Preparing
aws_instance.bastion (remote-exec): b541d28bf3b4: Preparing
aws_instance.bastion (remote-exec): c0045fad9876: Pushed
aws_instance.bastion (remote-exec): e32da6295e23: Pushed
aws_instance.bastion (remote-exec): b541d28bf3b4: Pushed
aws_instance.bastion (remote-exec): 8d384014a293: Pushed
aws_instance.bastion (remote-exec): ef98d3cac282: Pushed
aws_instance.bastion (remote-exec): latest: digest: sha256:d63921bfb783497b6ba84dc44e51378e06f134ae0c0ae0105c40d2a075576751 size: 1368
aws_instance.bastion (remote-exec): Haciendo el build para: checkoutservice...
aws_instance.bastion (remote-exec): Sending build context to Docker daemon  195.6kB
aws_instance.bastion (remote-exec): Step 1/17 : FROM golang:1.18.2-alpine as builder
aws_instance.bastion (remote-exec): 1.18.2-alpine: Pulling from library/golang
aws_instance.bastion (remote-exec): 2408cc74d12b: Pulling fs layer
aws_instance.bastion (remote-exec): ea60b727a1ce: Pulling fs layer
aws_instance.bastion (remote-exec): 30c4a7721957: Pulling fs layer
aws_instance.bastion (remote-exec): 4a5a11f84e29: Pulling fs layer
aws_instance.bastion (remote-exec): 7f0c29549d1e: Pulling fs layer
aws_instance.bastion (remote-exec): 4a5a11f84e29: Waiting
aws_instance.bastion (remote-exec): 7f0c29549d1e: Waiting
aws_instance.bastion (remote-exec): 30c4a7721957: Download complete
aws_instance.bastion (remote-exec): 2408cc74d12b: Verifying Checksum
aws_instance.bastion (remote-exec): ea60b727a1ce: Verifying Checksum
aws_instance.bastion (remote-exec): ea60b727a1ce: Download complete
aws_instance.bastion (remote-exec): 7f0c29549d1e: Verifying Checksum
aws_instance.bastion (remote-exec): 7f0c29549d1e: Download complete
aws_instance.bastion (remote-exec): 2408cc74d12b: Pull complete
aws_instance.bastion (remote-exec): ea60b727a1ce: Pull complete
aws_instance.bastion (remote-exec): 30c4a7721957: Pull complete
aws_eks_cluster.oblimanual-kluster: Still creating... [4m40s elapsed]
aws_instance.bastion: Still creating... [4m40s elapsed]
aws_instance.bastion (remote-exec): 4a5a11f84e29: Verifying Checksum
aws_instance.bastion (remote-exec): 4a5a11f84e29: Download complete
aws_instance.bastion (remote-exec): 4a5a11f84e29: Pull complete
aws_instance.bastion (remote-exec): 7f0c29549d1e: Pull complete
aws_instance.bastion (remote-exec): Digest: sha256:4795c5d21f01e0777707ada02408debe77fe31848be97cf9fa8a1462da78d949
aws_instance.bastion (remote-exec): Status: Downloaded newer image for golang:1.18.2-alpine
aws_instance.bastion (remote-exec):  ---> 5432f005be2d
aws_instance.bastion (remote-exec): Step 2/17 : RUN apk add --no-cache ca-certificates git
aws_instance.bastion (remote-exec):  ---> Running in 0790c3fc5858
aws_instance.bastion (remote-exec): fetch https://dl-cdn.alpinelinux.org/alpine/v3.16/main/x86_64/APKINDEX.tar.gz
aws_instance.bastion (remote-exec): fetch https://dl-cdn.alpinelinux.org/alpine/v3.16/community/x86_64/APKINDEX.tar.gz
aws_instance.bastion (remote-exec): (1/6) Installing brotli-libs (1.0.9-r6)
aws_instance.bastion (remote-exec): (2/6) Installing nghttp2-libs (1.47.0-r0)
aws_instance.bastion (remote-exec): (3/6) Installing libcurl (8.1.2-r0)
aws_instance.bastion (remote-exec): (4/6) Installing expat (2.5.0-r0)
aws_instance.bastion (remote-exec): (5/6) Installing pcre2 (10.40-r0)
aws_instance.bastion (remote-exec): (6/6) Installing git (2.36.6-r0)
aws_instance.bastion (remote-exec): Executing busybox-1.35.0-r13.trigger
aws_instance.bastion (remote-exec): OK: 19 MiB in 21 packages
aws_eks_cluster.oblimanual-kluster: Still creating... [4m50s elapsed]
aws_instance.bastion: Still creating... [4m50s elapsed]
aws_instance.bastion (remote-exec): Removing intermediate container 0790c3fc5858
aws_instance.bastion (remote-exec):  ---> 142be54d4486
aws_instance.bastion (remote-exec): Step 3/17 : RUN apk add build-base
aws_instance.bastion (remote-exec):  ---> Running in 3fa7590fcc01
aws_instance.bastion (remote-exec): fetch https://dl-cdn.alpinelinux.org/alpine/v3.16/main/x86_64/APKINDEX.tar.gz
aws_instance.bastion (remote-exec): fetch https://dl-cdn.alpinelinux.org/alpine/v3.16/community/x86_64/APKINDEX.tar.gz
aws_instance.bastion (remote-exec): (1/20) Upgrading musl (1.2.3-r0 -> 1.2.3-r3)
aws_instance.bastion (remote-exec): (2/20) Installing libgcc (11.2.1_git20220219-r2)
aws_instance.bastion (remote-exec): (3/20) Installing libstdc++ (11.2.1_git20220219-r2)
aws_instance.bastion (remote-exec): (4/20) Installing binutils (2.38-r3)
aws_instance.bastion (remote-exec): (5/20) Installing libmagic (5.41-r0)
aws_instance.bastion (remote-exec): (6/20) Installing file (5.41-r0)
aws_instance.bastion (remote-exec): (7/20) Installing libgomp (11.2.1_git20220219-r2)
aws_instance.bastion (remote-exec): (8/20) Installing libatomic (11.2.1_git20220219-r2)
aws_instance.bastion (remote-exec): (9/20) Installing gmp (6.2.1-r2)
aws_instance.bastion (remote-exec): (10/20) Installing isl22 (0.22-r0)
aws_instance.bastion (remote-exec): (11/20) Installing mpfr4 (4.1.0-r0)
aws_instance.bastion (remote-exec): (12/20) Installing mpc1 (1.2.1-r0)
aws_instance.bastion (remote-exec): (13/20) Installing gcc (11.2.1_git20220219-r2)
aws_instance.bastion (remote-exec): (14/20) Installing musl-dev (1.2.3-r3)
aws_instance.bastion (remote-exec): (15/20) Installing libc-dev (0.7.2-r3)
aws_instance.bastion (remote-exec): (16/20) Installing g++ (11.2.1_git20220219-r2)
aws_instance.bastion (remote-exec): (17/20) Installing make (4.3-r0)
aws_instance.bastion (remote-exec): (18/20) Installing fortify-headers (1.1-r1)
aws_instance.bastion (remote-exec): (19/20) Installing patch (2.7.6-r7)
aws_instance.bastion (remote-exec): (20/20) Installing build-base (0.5-r3)
aws_instance.bastion (remote-exec): Executing busybox-1.35.0-r13.trigger
aws_instance.bastion (remote-exec): OK: 200 MiB in 40 packages
aws_instance.bastion (remote-exec): Removing intermediate container 3fa7590fcc01
aws_instance.bastion (remote-exec):  ---> add9dbeb40fa
aws_instance.bastion (remote-exec): Step 4/17 : WORKDIR /src
aws_instance.bastion (remote-exec):  ---> Running in d2043a5b113d
aws_instance.bastion (remote-exec): Removing intermediate container d2043a5b113d
aws_instance.bastion (remote-exec):  ---> aecfa83eb6d6
aws_instance.bastion (remote-exec): Step 5/17 : COPY go.mod go.sum ./
aws_instance.bastion (remote-exec):  ---> f67f4a6a2d54
aws_instance.bastion (remote-exec): Step 6/17 : RUN go mod download
aws_instance.bastion (remote-exec):  ---> Running in 4fcf18b8b350
aws_eks_cluster.oblimanual-kluster: Still creating... [5m0s elapsed]
aws_instance.bastion: Still creating... [5m0s elapsed]
aws_eks_cluster.oblimanual-kluster: Still creating... [5m10s elapsed]
aws_instance.bastion: Still creating... [5m10s elapsed]
aws_instance.bastion (remote-exec): Removing intermediate container 4fcf18b8b350
aws_instance.bastion (remote-exec):  ---> 6425a4ae4f89
aws_instance.bastion (remote-exec): Step 7/17 : COPY . .
aws_instance.bastion (remote-exec):  ---> dfd6e8d610b9
aws_instance.bastion (remote-exec): Step 8/17 : ARG SKAFFOLD_GO_GCFLAGS
aws_instance.bastion (remote-exec):  ---> Running in 67c3a0d7dedc
aws_instance.bastion (remote-exec): Removing intermediate container 67c3a0d7dedc
aws_instance.bastion (remote-exec):  ---> 24299402aa46
aws_instance.bastion (remote-exec): Step 9/17 : RUN go build -gcflags="${SKAFFOLD_GO_GCFLAGS}" -o /checkoutservice .
aws_instance.bastion (remote-exec):  ---> Running in aa781acc5ba5
aws_eks_cluster.oblimanual-kluster: Still creating... [5m20s elapsed]
aws_instance.bastion: Still creating... [5m20s elapsed]
aws_eks_cluster.oblimanual-kluster: Still creating... [5m30s elapsed]
aws_instance.bastion: Still creating... [5m30s elapsed]
aws_eks_cluster.oblimanual-kluster: Still creating... [5m40s elapsed]
aws_instance.bastion: Still creating... [5m40s elapsed]
aws_instance.bastion (remote-exec): Removing intermediate container aa781acc5ba5
aws_instance.bastion (remote-exec):  ---> b75e175d0fba
aws_instance.bastion (remote-exec): Step 10/17 : FROM alpine as release
aws_instance.bastion (remote-exec): latest: Pulling from library/alpine
aws_instance.bastion (remote-exec): 31e352740f53: Pulling fs layer
aws_instance.bastion (remote-exec): 31e352740f53: Verifying Checksum
aws_instance.bastion (remote-exec): 31e352740f53: Download complete
aws_instance.bastion (remote-exec): 31e352740f53: Pull complete
aws_instance.bastion (remote-exec): Digest: sha256:82d1e9d7ed48a7523bdebc18cf6290bdb97b82302a8a9c27d4fe885949ea94d1
aws_instance.bastion (remote-exec): Status: Downloaded newer image for alpine:latest
aws_instance.bastion (remote-exec):  ---> c1aabb73d233
aws_instance.bastion (remote-exec): Step 11/17 : RUN apk add --no-cache ca-certificates
aws_instance.bastion (remote-exec):  ---> Running in 126a3ecd1e75
aws_instance.bastion (remote-exec): fetch https://dl-cdn.alpinelinux.org/alpine/v3.18/main/x86_64/APKINDEX.tar.gz
aws_instance.bastion (remote-exec): fetch https://dl-cdn.alpinelinux.org/alpine/v3.18/community/x86_64/APKINDEX.tar.gz
aws_instance.bastion (remote-exec): (1/1) Installing ca-certificates (20230506-r0)
aws_instance.bastion (remote-exec): Executing busybox-1.36.1-r0.trigger
aws_instance.bastion (remote-exec): Executing ca-certificates-20230506-r0.trigger
aws_instance.bastion (remote-exec): OK: 8 MiB in 16 packages
aws_eks_cluster.oblimanual-kluster: Still creating... [5m50s elapsed]
aws_instance.bastion (remote-exec): Removing intermediate container 126a3ecd1e75
aws_instance.bastion (remote-exec):  ---> 67bb971e7e52
aws_instance.bastion (remote-exec): Step 12/17 : RUN GRPC_HEALTH_PROBE_VERSION=v0.4.11 &&     wget -qO/bin/grpc_health_probe https://github.com/grpc-ecosystem/grpc-health-probe/releases/download/${GRPC_HEALTH_PROBE_VERSION}/grpc_health_probe-linux-amd64 &&     chmod +x /bin/grpc_health_probe
aws_instance.bastion: Still creating... [5m50s elapsed]
aws_instance.bastion (remote-exec):  ---> Running in 5992a8ce3e41
aws_instance.bastion (remote-exec): Removing intermediate container 5992a8ce3e41
aws_instance.bastion (remote-exec):  ---> be6df069514f
aws_instance.bastion (remote-exec): Step 13/17 : WORKDIR /src
aws_instance.bastion (remote-exec):  ---> Running in 168b695feb23
aws_instance.bastion (remote-exec): Removing intermediate container 168b695feb23
aws_instance.bastion (remote-exec):  ---> 0858a1478fb5
aws_instance.bastion (remote-exec): Step 14/17 : COPY --from=builder /checkoutservice /src/checkoutservice
aws_instance.bastion (remote-exec):  ---> 66aa971e24cd
aws_instance.bastion (remote-exec): Step 15/17 : ENV GOTRACEBACK=single
aws_instance.bastion (remote-exec):  ---> Running in 5704c664cd82
aws_instance.bastion (remote-exec): Removing intermediate container 5704c664cd82
aws_instance.bastion (remote-exec):  ---> 6cc0a12d2ede
aws_instance.bastion (remote-exec): Step 16/17 : EXPOSE 5050
aws_instance.bastion (remote-exec):  ---> Running in a897e973cb25
aws_instance.bastion (remote-exec): Removing intermediate container a897e973cb25
aws_instance.bastion (remote-exec):  ---> a90887d4c44e
aws_instance.bastion (remote-exec): Step 17/17 : ENTRYPOINT ["/src/checkoutservice"]
aws_instance.bastion (remote-exec):  ---> Running in 0ee634346806
aws_instance.bastion (remote-exec): Removing intermediate container 0ee634346806
aws_instance.bastion (remote-exec):  ---> 0cc7c63134c2
aws_instance.bastion (remote-exec): Successfully built 0cc7c63134c2
aws_instance.bastion (remote-exec): Successfully tagged checkoutservice:latest
aws_instance.bastion (remote-exec): The push refers to repository [406235964731.dkr.ecr.us-east-1.amazonaws.com/checkoutservice]
aws_instance.bastion (remote-exec): 92537668615b: Preparing
aws_instance.bastion (remote-exec): d3b06d163abf: Preparing
aws_instance.bastion (remote-exec): db4ac6d0b1d9: Preparing
aws_instance.bastion (remote-exec): 2cc174422149: Preparing
aws_instance.bastion (remote-exec): 78a822fe2a2d: Preparing
aws_instance.bastion (remote-exec): d3b06d163abf: Pushed
aws_instance.bastion (remote-exec): 2cc174422149: Pushed
aws_instance.bastion (remote-exec): db4ac6d0b1d9: Pushed
aws_instance.bastion (remote-exec): 78a822fe2a2d: Pushed
aws_instance.bastion (remote-exec): 92537668615b: Pushed
aws_instance.bastion (remote-exec): latest: digest: sha256:c06acac66df85592adb28085d9c53991d7745ae4e6ecccb46a6f8a78b6cf2bf8 size: 1366
aws_instance.bastion (remote-exec): Haciendo el build para: currencyservice...
aws_instance.bastion (remote-exec): Sending build context to Docker daemon  323.6kB
aws_instance.bastion (remote-exec): Step 1/13 : FROM node:16-alpine as base
aws_instance.bastion (remote-exec): 16-alpine: Pulling from library/node
aws_instance.bastion (remote-exec): 31e352740f53: Already exists
aws_instance.bastion (remote-exec): a1e50b3961de: Pulling fs layer
aws_instance.bastion (remote-exec): fdc5b5e5fbfe: Pulling fs layer
aws_instance.bastion (remote-exec): 55fd4a41ee80: Pulling fs layer
aws_instance.bastion (remote-exec): 55fd4a41ee80: Verifying Checksum
aws_instance.bastion (remote-exec): 55fd4a41ee80: Download complete
aws_instance.bastion (remote-exec): fdc5b5e5fbfe: Verifying Checksum
aws_instance.bastion (remote-exec): fdc5b5e5fbfe: Download complete
aws_instance.bastion (remote-exec): a1e50b3961de: Verifying Checksum
aws_instance.bastion (remote-exec): a1e50b3961de: Download complete
aws_instance.bastion (remote-exec): a1e50b3961de: Pull complete
aws_instance.bastion (remote-exec): fdc5b5e5fbfe: Pull complete
aws_instance.bastion (remote-exec): 55fd4a41ee80: Pull complete
aws_instance.bastion (remote-exec): Digest: sha256:6c381d5dc2a11dcdb693f0301e8587e43f440c90cdb8933eaaaabb905d44cdb9
aws_instance.bastion (remote-exec): Status: Downloaded newer image for node:16-alpine
aws_instance.bastion (remote-exec):  ---> d22e42cbfdbb
aws_instance.bastion (remote-exec): Step 2/13 : FROM base as builder
aws_instance.bastion (remote-exec):  ---> d22e42cbfdbb
aws_instance.bastion (remote-exec): Step 3/13 : RUN apk add --update --no-cache     python3     make     g++
aws_instance.bastion (remote-exec):  ---> Running in 15d1c1faae9e
aws_instance.bastion (remote-exec): fetch https://dl-cdn.alpinelinux.org/alpine/v3.18/main/x86_64/APKINDEX.tar.gz
aws_instance.bastion (remote-exec): fetch https://dl-cdn.alpinelinux.org/alpine/v3.18/community/x86_64/APKINDEX.tar.gz
aws_instance.bastion (remote-exec): (1/29) Installing libstdc++-dev (12.2.1_git20220924-r10)
aws_instance.bastion (remote-exec): (2/29) Installing zstd-libs (1.5.5-r4)
aws_instance.bastion (remote-exec): (3/29) Installing binutils (2.40-r7)
aws_instance.bastion (remote-exec): (4/29) Installing libgomp (12.2.1_git20220924-r10)
aws_instance.bastion (remote-exec): (5/29) Installing libatomic (12.2.1_git20220924-r10)
aws_instance.bastion (remote-exec): (6/29) Installing gmp (6.2.1-r3)
aws_instance.bastion (remote-exec): (7/29) Installing isl26 (0.26-r1)
aws_instance.bastion (remote-exec): (8/29) Installing mpfr4 (4.2.0-r3)
aws_instance.bastion (remote-exec): (9/29) Installing mpc1 (1.3.1-r1)
aws_instance.bastion (remote-exec): (10/29) Installing gcc (12.2.1_git20220924-r10)
aws_instance.bastion (remote-exec): (11/29) Installing musl-dev (1.2.4-r0)
aws_instance.bastion (remote-exec): (12/29) Installing libc-dev (0.7.2-r5)
aws_instance.bastion (remote-exec): (13/29) Installing g++ (12.2.1_git20220924-r10)
aws_eks_cluster.oblimanual-kluster: Still creating... [6m0s elapsed]
aws_instance.bastion: Still creating... [6m0s elapsed]
aws_instance.bastion (remote-exec): (14/29) Installing make (4.4.1-r1)
aws_instance.bastion (remote-exec): (15/29) Installing libbz2 (1.0.8-r5)
aws_instance.bastion (remote-exec): (16/29) Installing libexpat (2.5.0-r1)
aws_instance.bastion (remote-exec): (17/29) Installing libffi (3.4.4-r2)
aws_instance.bastion (remote-exec): (18/29) Installing gdbm (1.23-r1)
aws_instance.bastion (remote-exec): (19/29) Installing xz-libs (5.4.3-r0)
aws_instance.bastion (remote-exec): (20/29) Installing mpdecimal (2.5.1-r2)
aws_instance.bastion (remote-exec): (21/29) Installing ncurses-terminfo-base (6.4_p20230506-r0)
aws_instance.bastion (remote-exec): (22/29) Installing libncursesw (6.4_p20230506-r0)
aws_instance.bastion (remote-exec): (23/29) Installing libpanelw (6.4_p20230506-r0)
aws_instance.bastion (remote-exec): (24/29) Installing readline (8.2.1-r1)
aws_instance.bastion (remote-exec): (25/29) Installing sqlite-libs (3.41.2-r2)
aws_instance.bastion (remote-exec): (26/29) Installing python3 (3.11.4-r0)
aws_instance.bastion (remote-exec): (27/29) Installing python3-pycache-pyc0 (3.11.4-r0)
aws_instance.bastion (remote-exec): (28/29) Installing pyc (0.1-r0)
aws_instance.bastion (remote-exec): (29/29) Installing python3-pyc (3.11.4-r0)
aws_instance.bastion (remote-exec): Executing busybox-1.36.1-r0.trigger
aws_instance.bastion (remote-exec): OK: 275 MiB in 46 packages
aws_instance.bastion (remote-exec): Removing intermediate container 15d1c1faae9e
aws_instance.bastion (remote-exec):  ---> ac24943349e4
aws_instance.bastion (remote-exec): Step 4/13 : WORKDIR /usr/src/app
aws_instance.bastion (remote-exec):  ---> Running in dd802a306730
aws_instance.bastion (remote-exec): Removing intermediate container dd802a306730
aws_instance.bastion (remote-exec):  ---> 27ad18f3d85f
aws_instance.bastion (remote-exec): Step 5/13 : COPY package*.json ./
aws_instance.bastion (remote-exec):  ---> 137e59d4d211
aws_instance.bastion (remote-exec): Step 6/13 : RUN npm install --only=production
aws_instance.bastion (remote-exec):  ---> Running in 18b68623eb3b
aws_instance.bastion (remote-exec): [91mnpm[0m[91m WARN config only Use `--omit=dev` to omit dev dependencies from the install.
aws_instance.bastion (remote-exec): [0m
aws_eks_cluster.oblimanual-kluster: Still creating... [6m10s elapsed]
aws_instance.bastion: Still creating... [6m10s elapsed]
aws_instance.bastion (remote-exec): [91mnpm [0m[91mWARN deprecated har-validator@5.1.5: this library is no longer supported
aws_instance.bastion (remote-exec): [0m
aws_instance.bastion (remote-exec): [91mnpm WARN deprecated uuid@3.4.0: Please upgrade  to version 7 or higher.  Older versions may use Math.random() in certain circumstances, which is known to be problematic.  See https://v8.dev/blog/math-random for details.
aws_instance.bastion (remote-exec): [0m[91mnpm[0m[91m [0m[91mWARN[0m[91m [0m[91mdeprecated[0m[91m request@2.88.2: request has been deprecated, see https://github.com/request/request/issues/3142
aws_instance.bastion (remote-exec): [0m

aws_instance.bastion (remote-exec): added 236 packages, and audited 237 packages in 6s

aws_instance.bastion (remote-exec): 16 packages are looking for funding
aws_instance.bastion (remote-exec):   run `npm fund` for details

aws_instance.bastion (remote-exec): 10 vulnerabilities (6 moderate, 4 high)

aws_instance.bastion (remote-exec): To address issues that do not require attention, run:
aws_instance.bastion (remote-exec):   npm audit fix

aws_instance.bastion (remote-exec): To address all issues possible (including breaking changes), run:
aws_instance.bastion (remote-exec):   npm audit fix --force

aws_instance.bastion (remote-exec): Some issues need review, and may require choosing
aws_instance.bastion (remote-exec): a different dependency.

aws_instance.bastion (remote-exec): Run `npm audit` for details.
aws_instance.bastion (remote-exec): [91mnpm notice
aws_instance.bastion (remote-exec): npm notice New major version of npm available! 8.19.4 -> 9.7.2
aws_instance.bastion (remote-exec): npm notice Changelog: <https://github.com/npm/cli/releases/tag/v9.7.2>
aws_instance.bastion (remote-exec): npm notice Run `npm install -g npm@9.7.2` to update!
aws_instance.bastion (remote-exec): npm notice
aws_instance.bastion (remote-exec): [0m
aws_instance.bastion (remote-exec): Removing intermediate container 18b68623eb3b
aws_instance.bastion (remote-exec):  ---> e1153310ad51
aws_instance.bastion (remote-exec): Step 7/13 : FROM base
aws_instance.bastion (remote-exec):  ---> d22e42cbfdbb
aws_instance.bastion (remote-exec): Step 8/13 : RUN GRPC_HEALTH_PROBE_VERSION=v0.4.11 &&     wget -qO/bin/grpc_health_probe https://github.com/grpc-ecosystem/grpc-health-probe/releases/download/${GRPC_HEALTH_PROBE_VERSION}/grpc_health_probe-linux-amd64 &&     chmod +x /bin/grpc_health_probe
aws_instance.bastion (remote-exec):  ---> Running in 226051ce2ea9
aws_instance.bastion (remote-exec): Removing intermediate container 226051ce2ea9
aws_instance.bastion (remote-exec):  ---> d09193ac3d97
aws_instance.bastion (remote-exec): Step 9/13 : WORKDIR /usr/src/app
aws_instance.bastion (remote-exec):  ---> Running in 578a5f17efca
aws_instance.bastion (remote-exec): Removing intermediate container 578a5f17efca
aws_instance.bastion (remote-exec):  ---> 418064d0f4f3
aws_instance.bastion (remote-exec): Step 10/13 : COPY --from=builder /usr/src/app/node_modules ./node_modules
aws_instance.bastion (remote-exec):  ---> 93f8238c53f4
aws_instance.bastion (remote-exec): Step 11/13 : COPY . .
aws_instance.bastion (remote-exec):  ---> 3bafbf461de1
aws_instance.bastion (remote-exec): Step 12/13 : EXPOSE 7000
aws_instance.bastion (remote-exec):  ---> Running in 258f3b19a26d
aws_eks_cluster.oblimanual-kluster: Still creating... [6m20s elapsed]
aws_instance.bastion: Still creating... [6m20s elapsed]
aws_instance.bastion (remote-exec): Removing intermediate container 258f3b19a26d
aws_instance.bastion (remote-exec):  ---> 63c5f3e273a1
aws_instance.bastion (remote-exec): Step 13/13 : ENTRYPOINT [ "node", "server.js" ]
aws_instance.bastion (remote-exec):  ---> Running in cf5ac1da196b
aws_instance.bastion (remote-exec): Removing intermediate container cf5ac1da196b
aws_instance.bastion (remote-exec):  ---> cc1cbcd05e3b
aws_instance.bastion (remote-exec): Successfully built cc1cbcd05e3b
aws_instance.bastion (remote-exec): Successfully tagged currencyservice:latest
aws_instance.bastion (remote-exec): The push refers to repository [406235964731.dkr.ecr.us-east-1.amazonaws.com/currencyservice]
aws_instance.bastion (remote-exec): 64716aa438ed: Preparing
aws_instance.bastion (remote-exec): 3a58424c40de: Preparing
aws_instance.bastion (remote-exec): 80d55abb50dc: Preparing
aws_instance.bastion (remote-exec): dd33fc8d12f1: Preparing
aws_instance.bastion (remote-exec): 7b71a9bb851a: Preparing
aws_instance.bastion (remote-exec): 323c772d0cd8: Preparing
aws_instance.bastion (remote-exec): 87820ee0191d: Preparing
aws_instance.bastion (remote-exec): 78a822fe2a2d: Preparing
aws_instance.bastion (remote-exec): 323c772d0cd8: Waiting
aws_instance.bastion (remote-exec): 87820ee0191d: Waiting
aws_instance.bastion (remote-exec): 78a822fe2a2d: Waiting
aws_instance.bastion (remote-exec): 64716aa438ed: Pushed
aws_instance.bastion (remote-exec): 80d55abb50dc: Pushed
aws_instance.bastion (remote-exec): 7b71a9bb851a: Pushed
aws_instance.bastion (remote-exec): dd33fc8d12f1: Pushed
aws_instance.bastion (remote-exec): 323c772d0cd8: Pushed
aws_instance.bastion (remote-exec): 78a822fe2a2d: Pushed
aws_instance.bastion (remote-exec): 3a58424c40de: Pushed
aws_instance.bastion (remote-exec): 87820ee0191d: Pushed
aws_instance.bastion (remote-exec): latest: digest: sha256:c40a64c722575f49989006b081b13331e8613fbac610f1f742edd2658aff9c8f size: 1996
aws_instance.bastion (remote-exec): Haciendo el build para: emailservice...
aws_instance.bastion (remote-exec): Sending build context to Docker daemon  107.5kB
aws_instance.bastion (remote-exec): Step 1/15 : FROM python:3.7-slim as base
aws_instance.bastion (remote-exec): 3.7-slim: Pulling from library/python
aws_instance.bastion (remote-exec): 5b5fe70539cd: Pulling fs layer
aws_instance.bastion (remote-exec): f4b0e4004dc0: Pulling fs layer
aws_instance.bastion (remote-exec): 54839127b48b: Pulling fs layer
aws_instance.bastion (remote-exec): cc32dd3f11d8: Pulling fs layer
aws_instance.bastion (remote-exec): 5202327b6b64: Pulling fs layer
aws_instance.bastion (remote-exec): cc32dd3f11d8: Waiting
aws_instance.bastion (remote-exec): 5202327b6b64: Waiting
aws_instance.bastion (remote-exec): f4b0e4004dc0: Verifying Checksum
aws_instance.bastion (remote-exec): f4b0e4004dc0: Download complete
aws_instance.bastion (remote-exec): cc32dd3f11d8: Verifying Checksum
aws_instance.bastion (remote-exec): cc32dd3f11d8: Download complete
aws_instance.bastion (remote-exec): 54839127b48b: Verifying Checksum
aws_instance.bastion (remote-exec): 54839127b48b: Download complete
aws_instance.bastion (remote-exec): 5202327b6b64: Verifying Checksum
aws_instance.bastion (remote-exec): 5202327b6b64: Download complete
aws_instance.bastion (remote-exec): 5b5fe70539cd: Verifying Checksum
aws_instance.bastion (remote-exec): 5b5fe70539cd: Download complete
aws_eks_cluster.oblimanual-kluster: Still creating... [6m30s elapsed]
aws_instance.bastion: Still creating... [6m30s elapsed]
aws_instance.bastion (remote-exec): 5b5fe70539cd: Pull complete
aws_instance.bastion (remote-exec): f4b0e4004dc0: Pull complete
aws_instance.bastion (remote-exec): 54839127b48b: Pull complete
aws_instance.bastion (remote-exec): cc32dd3f11d8: Pull complete
aws_instance.bastion (remote-exec): 5202327b6b64: Pull complete
aws_instance.bastion (remote-exec): Digest: sha256:9e6385f10c1ba72abd94d9cc8f74ac96f719f95deefad8ad452740837928b43d
aws_instance.bastion (remote-exec): Status: Downloaded newer image for python:3.7-slim
aws_instance.bastion (remote-exec):  ---> 91eb83acdff2
aws_instance.bastion (remote-exec): Step 2/15 : FROM base as builder
aws_instance.bastion (remote-exec):  ---> 91eb83acdff2
aws_instance.bastion (remote-exec): Step 3/15 : RUN apt-get -qq update     && apt-get install -y --no-install-recommends         g++     && rm -rf /var/lib/apt/lists/*
aws_instance.bastion (remote-exec):  ---> Running in f24db021d640
aws_instance.bastion (remote-exec): Reading package lists...

aws_instance.bastion (remote-exec): Building dependency tree...

aws_instance.bastion (remote-exec): Reading state information...
aws_instance.bastion (remote-exec): The following additional packages will be installed:
aws_instance.bastion (remote-exec):   binutils binutils-common binutils-x86-64-linux-gnu cpp cpp-12 g++-12 gcc
aws_instance.bastion (remote-exec):   gcc-12 libasan8 libatomic1 libbinutils libcc1-0 libctf-nobfd0 libctf0
aws_instance.bastion (remote-exec):   libgcc-12-dev libgomp1 libgprofng0 libisl23 libitm1 libjansson4 liblsan0
aws_instance.bastion (remote-exec):   libmpc3 libmpfr6 libquadmath0 libstdc++-12-dev libtsan2 libubsan1
aws_instance.bastion (remote-exec): Suggested packages:
aws_instance.bastion (remote-exec):   binutils-doc cpp-doc gcc-12-locales cpp-12-doc g++-multilib g++-12-multilib
aws_instance.bastion (remote-exec):   gcc-12-doc gcc-multilib make manpages-dev autoconf automake libtool flex
aws_instance.bastion (remote-exec):   bison gdb gcc-doc gcc-12-multilib libstdc++-12-doc
aws_instance.bastion (remote-exec): The following NEW packages will be installed:
aws_instance.bastion (remote-exec):   binutils binutils-common binutils-x86-64-linux-gnu cpp cpp-12 g++ g++-12 gcc
aws_instance.bastion (remote-exec):   gcc-12 libasan8 libatomic1 libbinutils libcc1-0 libctf-nobfd0 libctf0
aws_instance.bastion (remote-exec):   libgcc-12-dev libgomp1 libgprofng0 libisl23 libitm1 libjansson4 liblsan0
aws_instance.bastion (remote-exec):   libmpc3 libmpfr6 libquadmath0 libstdc++-12-dev libtsan2 libubsan1
aws_instance.bastion (remote-exec): 0 upgraded, 28 newly installed, 0 to remove and 0 not upgraded.
aws_instance.bastion (remote-exec): Need to get 58.7 MB of archives.
aws_instance.bastion (remote-exec): After this operation, 237 MB of additional disk space will be used.
aws_instance.bastion (remote-exec): Get:1 http://deb.debian.org/debian bookworm/main amd64 binutils-common amd64 2.40-2 [2487 kB]
aws_instance.bastion (remote-exec): Get:2 http://deb.debian.org/debian bookworm/main amd64 libbinutils amd64 2.40-2 [572 kB]
aws_instance.bastion (remote-exec): Get:3 http://deb.debian.org/debian bookworm/main amd64 libctf-nobfd0 amd64 2.40-2 [153 kB]
aws_instance.bastion (remote-exec): Get:4 http://deb.debian.org/debian bookworm/main amd64 libctf0 amd64 2.40-2 [89.8 kB]
aws_instance.bastion (remote-exec): Get:5 http://deb.debian.org/debian bookworm/main amd64 libgprofng0 amd64 2.40-2 [812 kB]
aws_instance.bastion (remote-exec): Get:6 http://deb.debian.org/debian bookworm/main amd64 libjansson4 amd64 2.14-2 [40.8 kB]
aws_instance.bastion (remote-exec): Get:7 http://deb.debian.org/debian bookworm/main amd64 binutils-x86-64-linux-gnu amd64 2.40-2 [2246 kB]
aws_instance.bastion (remote-exec): Get:8 http://deb.debian.org/debian bookworm/main amd64 binutils amd64 2.40-2 [65.0 kB]
aws_instance.bastion (remote-exec): Get:9 http://deb.debian.org/debian bookworm/main amd64 libisl23 amd64 0.25-1 [690 kB]
aws_instance.bastion (remote-exec): Get:10 http://deb.debian.org/debian bookworm/main amd64 libmpfr6 amd64 4.2.0-1 [701 kB]
aws_instance.bastion (remote-exec): Get:11 http://deb.debian.org/debian bookworm/main amd64 libmpc3 amd64 1.3.1-1 [51.5 kB]
aws_instance.bastion (remote-exec): Get:12 http://deb.debian.org/debian bookworm/main amd64 cpp-12 amd64 12.2.0-14 [9764 kB]
aws_instance.bastion (remote-exec): Get:13 http://deb.debian.org/debian bookworm/main amd64 cpp amd64 4:12.2.0-3 [6836 B]
aws_instance.bastion (remote-exec): Get:14 http://deb.debian.org/debian bookworm/main amd64 libcc1-0 amd64 12.2.0-14 [41.7 kB]
aws_instance.bastion (remote-exec): Get:15 http://deb.debian.org/debian bookworm/main amd64 libgomp1 amd64 12.2.0-14 [116 kB]
aws_instance.bastion (remote-exec): Get:16 http://deb.debian.org/debian bookworm/main amd64 libitm1 amd64 12.2.0-14 [26.1 kB]
aws_instance.bastion (remote-exec): Get:17 http://deb.debian.org/debian bookworm/main amd64 libatomic1 amd64 12.2.0-14 [9328 B]
aws_instance.bastion (remote-exec): Get:18 http://deb.debian.org/debian bookworm/main amd64 libasan8 amd64 12.2.0-14 [2195 kB]
aws_instance.bastion (remote-exec): Get:19 http://deb.debian.org/debian bookworm/main amd64 liblsan0 amd64 12.2.0-14 [969 kB]
aws_instance.bastion (remote-exec): Get:20 http://deb.debian.org/debian bookworm/main amd64 libtsan2 amd64 12.2.0-14 [2196 kB]
aws_instance.bastion (remote-exec): Get:21 http://deb.debian.org/debian bookworm/main amd64 libubsan1 amd64 12.2.0-14 [883 kB]
aws_instance.bastion (remote-exec): Get:22 http://deb.debian.org/debian bookworm/main amd64 libquadmath0 amd64 12.2.0-14 [144 kB]
aws_instance.bastion (remote-exec): Get:23 http://deb.debian.org/debian bookworm/main amd64 libgcc-12-dev amd64 12.2.0-14 [2437 kB]
aws_instance.bastion (remote-exec): Get:24 http://deb.debian.org/debian bookworm/main amd64 gcc-12 amd64 12.2.0-14 [19.3 MB]
aws_instance.bastion (remote-exec): Get:25 http://deb.debian.org/debian bookworm/main amd64 gcc amd64 4:12.2.0-3 [5216 B]
aws_instance.bastion (remote-exec): Get:26 http://deb.debian.org/debian bookworm/main amd64 libstdc++-12-dev amd64 12.2.0-14 [2046 kB]
aws_instance.bastion (remote-exec): Get:27 http://deb.debian.org/debian bookworm/main amd64 g++-12 amd64 12.2.0-14 [10.7 MB]
aws_instance.bastion (remote-exec): Get:28 http://deb.debian.org/debian bookworm/main amd64 g++ amd64 4:12.2.0-3 [1356 B]
aws_instance.bastion (remote-exec): [91mdebconf: delaying package configuration, since apt-utils is not installed
aws_instance.bastion (remote-exec): [0mFetched 58.7 MB in 0s (151 MB/s)
aws_instance.bastion (remote-exec): Selecting previously unselected package binutils-common:amd64.
aws_instance.bastion (remote-exec): (Reading database ...
aws_instance.bastion (remote-exec): (Reading database ... 5%
aws_instance.bastion (remote-exec): (Reading database ... 10%
aws_instance.bastion (remote-exec): (Reading database ... 15%
aws_instance.bastion (remote-exec): (Reading database ... 20%
aws_instance.bastion (remote-exec): (Reading database ... 25%
aws_instance.bastion (remote-exec): (Reading database ... 30%
aws_instance.bastion (remote-exec): (Reading database ... 35%
aws_instance.bastion (remote-exec): (Reading database ... 40%
aws_instance.bastion (remote-exec): (Reading database ... 45%
aws_instance.bastion (remote-exec): (Reading database ... 50%
aws_instance.bastion (remote-exec): (Reading database ... 55%
aws_instance.bastion (remote-exec): (Reading database ... 60%
aws_instance.bastion (remote-exec): (Reading database ... 65%
aws_instance.bastion (remote-exec): (Reading database ... 70%
aws_instance.bastion (remote-exec): (Reading database ... 75%
aws_instance.bastion (remote-exec): (Reading database ... 80%
aws_instance.bastion (remote-exec): (Reading database ... 85%
aws_instance.bastion (remote-exec): (Reading database ... 90%
aws_instance.bastion (remote-exec): (Reading database ... 95%
aws_instance.bastion (remote-exec): (Reading database ... 100%
aws_instance.bastion (remote-exec): (Reading database ... 8386 files and directories currently installed.)
aws_instance.bastion (remote-exec): Preparing to unpack .../00-binutils-common_2.40-2_amd64.deb ...
aws_instance.bastion (remote-exec): Unpacking binutils-common:amd64 (2.40-2) ...
aws_instance.bastion (remote-exec): Selecting previously unselected package libbinutils:amd64.
aws_instance.bastion (remote-exec): Preparing to unpack .../01-libbinutils_2.40-2_amd64.deb ...
aws_instance.bastion (remote-exec): Unpacking libbinutils:amd64 (2.40-2) ...
aws_instance.bastion (remote-exec): Selecting previously unselected package libctf-nobfd0:amd64.
aws_instance.bastion (remote-exec): Preparing to unpack .../02-libctf-nobfd0_2.40-2_amd64.deb ...
aws_instance.bastion (remote-exec): Unpacking libctf-nobfd0:amd64 (2.40-2) ...
aws_instance.bastion (remote-exec): Selecting previously unselected package libctf0:amd64.
aws_instance.bastion (remote-exec): Preparing to unpack .../03-libctf0_2.40-2_amd64.deb ...
aws_instance.bastion (remote-exec): Unpacking libctf0:amd64 (2.40-2) ...
aws_instance.bastion (remote-exec): Selecting previously unselected package libgprofng0:amd64.
aws_instance.bastion (remote-exec): Preparing to unpack .../04-libgprofng0_2.40-2_amd64.deb ...
aws_instance.bastion (remote-exec): Unpacking libgprofng0:amd64 (2.40-2) ...
aws_instance.bastion (remote-exec): Selecting previously unselected package libjansson4:amd64.
aws_instance.bastion (remote-exec): Preparing to unpack .../05-libjansson4_2.14-2_amd64.deb ...
aws_instance.bastion (remote-exec): Unpacking libjansson4:amd64 (2.14-2) ...
aws_instance.bastion (remote-exec): Selecting previously unselected package binutils-x86-64-linux-gnu.
aws_instance.bastion (remote-exec): Preparing to unpack .../06-binutils-x86-64-linux-gnu_2.40-2_amd64.deb ...
aws_instance.bastion (remote-exec): Unpacking binutils-x86-64-linux-gnu (2.40-2) ...
aws_instance.bastion (remote-exec): Selecting previously unselected package binutils.
aws_instance.bastion (remote-exec): Preparing to unpack .../07-binutils_2.40-2_amd64.deb ...
aws_instance.bastion (remote-exec): Unpacking binutils (2.40-2) ...
aws_instance.bastion (remote-exec): Selecting previously unselected package libisl23:amd64.
aws_instance.bastion (remote-exec): Preparing to unpack .../08-libisl23_0.25-1_amd64.deb ...
aws_instance.bastion (remote-exec): Unpacking libisl23:amd64 (0.25-1) ...
aws_instance.bastion (remote-exec): Selecting previously unselected package libmpfr6:amd64.
aws_instance.bastion (remote-exec): Preparing to unpack .../09-libmpfr6_4.2.0-1_amd64.deb ...
aws_instance.bastion (remote-exec): Unpacking libmpfr6:amd64 (4.2.0-1) ...
aws_instance.bastion (remote-exec): Selecting previously unselected package libmpc3:amd64.
aws_instance.bastion (remote-exec): Preparing to unpack .../10-libmpc3_1.3.1-1_amd64.deb ...
aws_instance.bastion (remote-exec): Unpacking libmpc3:amd64 (1.3.1-1) ...
aws_instance.bastion (remote-exec): Selecting previously unselected package cpp-12.
aws_instance.bastion (remote-exec): Preparing to unpack .../11-cpp-12_12.2.0-14_amd64.deb ...
aws_instance.bastion (remote-exec): Unpacking cpp-12 (12.2.0-14) ...
aws_instance.bastion (remote-exec): Selecting previously unselected package cpp.
aws_instance.bastion (remote-exec): Preparing to unpack .../12-cpp_4%3a12.2.0-3_amd64.deb ...
aws_instance.bastion (remote-exec): Unpacking cpp (4:12.2.0-3) ...
aws_instance.bastion (remote-exec): Selecting previously unselected package libcc1-0:amd64.
aws_instance.bastion (remote-exec): Preparing to unpack .../13-libcc1-0_12.2.0-14_amd64.deb ...
aws_instance.bastion (remote-exec): Unpacking libcc1-0:amd64 (12.2.0-14) ...
aws_instance.bastion (remote-exec): Selecting previously unselected package libgomp1:amd64.
aws_instance.bastion (remote-exec): Preparing to unpack .../14-libgomp1_12.2.0-14_amd64.deb ...
aws_instance.bastion (remote-exec): Unpacking libgomp1:amd64 (12.2.0-14) ...
aws_instance.bastion (remote-exec): Selecting previously unselected package libitm1:amd64.
aws_instance.bastion (remote-exec): Preparing to unpack .../15-libitm1_12.2.0-14_amd64.deb ...
aws_instance.bastion (remote-exec): Unpacking libitm1:amd64 (12.2.0-14) ...
aws_instance.bastion (remote-exec): Selecting previously unselected package libatomic1:amd64.
aws_instance.bastion (remote-exec): Preparing to unpack .../16-libatomic1_12.2.0-14_amd64.deb ...
aws_instance.bastion (remote-exec): Unpacking libatomic1:amd64 (12.2.0-14) ...
aws_instance.bastion (remote-exec): Selecting previously unselected package libasan8:amd64.
aws_instance.bastion (remote-exec): Preparing to unpack .../17-libasan8_12.2.0-14_amd64.deb ...
aws_instance.bastion (remote-exec): Unpacking libasan8:amd64 (12.2.0-14) ...
aws_instance.bastion (remote-exec): Selecting previously unselected package liblsan0:amd64.
aws_instance.bastion (remote-exec): Preparing to unpack .../18-liblsan0_12.2.0-14_amd64.deb ...
aws_instance.bastion (remote-exec): Unpacking liblsan0:amd64 (12.2.0-14) ...
aws_instance.bastion (remote-exec): Selecting previously unselected package libtsan2:amd64.
aws_instance.bastion (remote-exec): Preparing to unpack .../19-libtsan2_12.2.0-14_amd64.deb ...
aws_instance.bastion (remote-exec): Unpacking libtsan2:amd64 (12.2.0-14) ...
aws_instance.bastion (remote-exec): Selecting previously unselected package libubsan1:amd64.
aws_instance.bastion (remote-exec): Preparing to unpack .../20-libubsan1_12.2.0-14_amd64.deb ...
aws_instance.bastion (remote-exec): Unpacking libubsan1:amd64 (12.2.0-14) ...
aws_instance.bastion (remote-exec): Selecting previously unselected package libquadmath0:amd64.
aws_instance.bastion (remote-exec): Preparing to unpack .../21-libquadmath0_12.2.0-14_amd64.deb ...
aws_instance.bastion (remote-exec): Unpacking libquadmath0:amd64 (12.2.0-14) ...
aws_instance.bastion (remote-exec): Selecting previously unselected package libgcc-12-dev:amd64.
aws_instance.bastion (remote-exec): Preparing to unpack .../22-libgcc-12-dev_12.2.0-14_amd64.deb ...
aws_instance.bastion (remote-exec): Unpacking libgcc-12-dev:amd64 (12.2.0-14) ...
aws_instance.bastion (remote-exec): Selecting previously unselected package gcc-12.
aws_instance.bastion (remote-exec): Preparing to unpack .../23-gcc-12_12.2.0-14_amd64.deb ...
aws_instance.bastion (remote-exec): Unpacking gcc-12 (12.2.0-14) ...
aws_eks_cluster.oblimanual-kluster: Still creating... [6m40s elapsed]
aws_instance.bastion: Still creating... [6m40s elapsed]
aws_instance.bastion (remote-exec): Selecting previously unselected package gcc.
aws_instance.bastion (remote-exec): Preparing to unpack .../24-gcc_4%3a12.2.0-3_amd64.deb ...
aws_instance.bastion (remote-exec): Unpacking gcc (4:12.2.0-3) ...
aws_instance.bastion (remote-exec): Selecting previously unselected package libstdc++-12-dev:amd64.
aws_instance.bastion (remote-exec): Preparing to unpack .../25-libstdc++-12-dev_12.2.0-14_amd64.deb ...
aws_instance.bastion (remote-exec): Unpacking libstdc++-12-dev:amd64 (12.2.0-14) ...
aws_instance.bastion (remote-exec): Selecting previously unselected package g++-12.
aws_instance.bastion (remote-exec): Preparing to unpack .../26-g++-12_12.2.0-14_amd64.deb ...
aws_instance.bastion (remote-exec): Unpacking g++-12 (12.2.0-14) ...
aws_instance.bastion (remote-exec): Selecting previously unselected package g++.
aws_instance.bastion (remote-exec): Preparing to unpack .../27-g++_4%3a12.2.0-3_amd64.deb ...
aws_instance.bastion (remote-exec): Unpacking g++ (4:12.2.0-3) ...
aws_instance.bastion (remote-exec): Setting up binutils-common:amd64 (2.40-2) ...
aws_instance.bastion (remote-exec): Setting up libctf-nobfd0:amd64 (2.40-2) ...
aws_instance.bastion (remote-exec): Setting up libgomp1:amd64 (12.2.0-14) ...
aws_instance.bastion (remote-exec): Setting up libjansson4:amd64 (2.14-2) ...
aws_instance.bastion (remote-exec): Setting up libmpfr6:amd64 (4.2.0-1) ...
aws_instance.bastion (remote-exec): Setting up libquadmath0:amd64 (12.2.0-14) ...
aws_instance.bastion (remote-exec): Setting up libmpc3:amd64 (1.3.1-1) ...
aws_instance.bastion (remote-exec): Setting up libatomic1:amd64 (12.2.0-14) ...
aws_instance.bastion (remote-exec): Setting up libubsan1:amd64 (12.2.0-14) ...
aws_instance.bastion (remote-exec): Setting up libasan8:amd64 (12.2.0-14) ...
aws_instance.bastion (remote-exec): Setting up libtsan2:amd64 (12.2.0-14) ...
aws_instance.bastion (remote-exec): Setting up libbinutils:amd64 (2.40-2) ...
aws_instance.bastion (remote-exec): Setting up libisl23:amd64 (0.25-1) ...
aws_instance.bastion (remote-exec): Setting up libcc1-0:amd64 (12.2.0-14) ...
aws_instance.bastion (remote-exec): Setting up liblsan0:amd64 (12.2.0-14) ...
aws_instance.bastion (remote-exec): Setting up libitm1:amd64 (12.2.0-14) ...
aws_instance.bastion (remote-exec): Setting up libctf0:amd64 (2.40-2) ...
aws_instance.bastion (remote-exec): Setting up cpp-12 (12.2.0-14) ...
aws_instance.bastion (remote-exec): Setting up libgprofng0:amd64 (2.40-2) ...
aws_instance.bastion (remote-exec): Setting up libgcc-12-dev:amd64 (12.2.0-14) ...
aws_instance.bastion (remote-exec): Setting up cpp (4:12.2.0-3) ...
aws_instance.bastion (remote-exec): Setting up binutils-x86-64-linux-gnu (2.40-2) ...
aws_instance.bastion (remote-exec): Setting up libstdc++-12-dev:amd64 (12.2.0-14) ...
aws_instance.bastion (remote-exec): Setting up binutils (2.40-2) ...
aws_instance.bastion (remote-exec): Setting up gcc-12 (12.2.0-14) ...
aws_instance.bastion (remote-exec): Setting up g++-12 (12.2.0-14) ...
aws_instance.bastion (remote-exec): Setting up gcc (4:12.2.0-3) ...
aws_instance.bastion (remote-exec): Setting up g++ (4:12.2.0-3) ...
aws_instance.bastion (remote-exec): update-alternatives: using /usr/bin/g++ to provide /usr/bin/c++ (c++) in auto mode
aws_instance.bastion (remote-exec): Processing triggers for libc-bin (2.36-9) ...
aws_instance.bastion (remote-exec): Removing intermediate container f24db021d640
aws_instance.bastion (remote-exec):  ---> 8c8768b2b996
aws_instance.bastion (remote-exec): Step 4/15 : COPY requirements.txt .
aws_instance.bastion (remote-exec):  ---> 72f071876465
aws_instance.bastion (remote-exec): Step 5/15 : RUN pip install -r requirements.txt
aws_instance.bastion (remote-exec):  ---> Running in 0ba776b5104e
aws_instance.bastion (remote-exec): Collecting cachetools==4.2.4
aws_instance.bastion (remote-exec):   Downloading cachetools-4.2.4-py3-none-any.whl (10 kB)
aws_instance.bastion (remote-exec): Collecting certifi==2020.12.5
aws_instance.bastion (remote-exec):   Downloading certifi-2020.12.5-py2.py3-none-any.whl (147 kB)
aws_instance.bastion (remote-exec):      ━━━━━━━━━━━━━━━━━━━━━━━━━━━━━━━━━━━━━━━ 147.5/147.5 kB 5.1 MB/s eta 0:00:00
aws_instance.bastion (remote-exec): Collecting charset-normalizer==2.0.10
aws_instance.bastion (remote-exec):   Downloading charset_normalizer-2.0.10-py3-none-any.whl (39 kB)
aws_instance.bastion (remote-exec): Collecting google-api-core[grpc]==1.31.5
aws_instance.bastion (remote-exec):   Downloading google_api_core-1.31.5-py2.py3-none-any.whl (93 kB)
aws_instance.bastion (remote-exec):      ━━━━━━━━━━━━━━━━━━━━━━━━━━━━━━━━━━━━━━━━ 93.3/93.3 kB 13.9 MB/s eta 0:00:00
aws_instance.bastion (remote-exec): Collecting google-api-python-client==1.12.11
aws_instance.bastion (remote-exec):   Downloading google_api_python_client-1.12.11-py2.py3-none-any.whl (62 kB)
aws_instance.bastion (remote-exec):      ━━━━━━━━━━━━━━━━━━━━━━━━━━━━━━━━━━━━━━━━ 62.1/62.1 kB 14.8 MB/s eta 0:00:00
aws_instance.bastion (remote-exec): Collecting google-auth==1.35.0
aws_instance.bastion (remote-exec):   Downloading google_auth-1.35.0-py2.py3-none-any.whl (152 kB)
aws_instance.bastion (remote-exec):      ━━━━━━━━━━━━━━━━━━━━━━━━━━━━━━━━━━━━━━ 152.9/152.9 kB 16.8 MB/s eta 0:00:00
aws_instance.bastion (remote-exec): Collecting google-auth-httplib2==0.0.4
aws_instance.bastion (remote-exec):   Downloading google_auth_httplib2-0.0.4-py2.py3-none-any.whl (9.1 kB)
aws_instance.bastion (remote-exec): Collecting google-cloud-core==1.5.0
aws_instance.bastion (remote-exec):   Downloading google_cloud_core-1.5.0-py2.py3-none-any.whl (27 kB)
aws_instance.bastion (remote-exec): Collecting google-cloud-monitoring==2.9.1
aws_instance.bastion (remote-exec):   Downloading google_cloud_monitoring-2.9.1-py2.py3-none-any.whl (281 kB)
aws_instance.bastion (remote-exec):      ━━━━━━━━━━━━━━━━━━━━━━━━━━━━━━━━━━━━━━ 281.1/281.1 kB 29.6 MB/s eta 0:00:00
aws_instance.bastion (remote-exec): Collecting google-cloud-profiler==1.1.2
aws_instance.bastion (remote-exec):   Downloading google-cloud-profiler-1.1.2.tar.gz (33 kB)
aws_instance.bastion (remote-exec):   Preparing metadata (setup.py): started
aws_eks_cluster.oblimanual-kluster: Still creating... [6m50s elapsed]
aws_instance.bastion: Still creating... [6m50s elapsed]
aws_instance.bastion (remote-exec):   Preparing metadata (setup.py): finished with status 'done'
aws_instance.bastion (remote-exec): Collecting google-cloud-trace==0.24.0
aws_instance.bastion (remote-exec):   Downloading google_cloud_trace-0.24.0-py2.py3-none-any.whl (77 kB)
aws_instance.bastion (remote-exec):      ━━━━━━━━━━━━━━━━━━━━━━━━━━━━━━━━━━━━━━━━ 77.7/77.7 kB 16.3 MB/s eta 0:00:00
aws_instance.bastion (remote-exec): Collecting googleapis-common-protos==1.52.0
aws_instance.bastion (remote-exec):   Downloading googleapis_common_protos-1.52.0-py2.py3-none-any.whl (100 kB)
aws_instance.bastion (remote-exec):      ━━━━━━━━━━━━━━━━━━━━━━━━━━━━━━━━━━━━━━ 100.2/100.2 kB 20.3 MB/s eta 0:00:00
aws_instance.bastion (remote-exec): Collecting grpcio==1.44.0
aws_instance.bastion (remote-exec):   Downloading grpcio-1.44.0-cp37-cp37m-manylinux_2_17_x86_64.manylinux2014_x86_64.whl (4.3 MB)
aws_instance.bastion (remote-exec):      ━━━━━━━━━━━━━━━━━━━━━━━━━━━━━━━━━━━━━━━━ 4.3/4.3 MB 79.8 MB/s eta 0:00:00
aws_instance.bastion (remote-exec): Collecting grpcio-health-checking==1.33.2
aws_instance.bastion (remote-exec):   Downloading grpcio-health-checking-1.33.2.tar.gz (11 kB)
aws_instance.bastion (remote-exec):   Preparing metadata (setup.py): started
aws_instance.bastion (remote-exec):   Preparing metadata (setup.py): finished with status 'done'
aws_instance.bastion (remote-exec): Collecting httplib2==0.19.0
aws_instance.bastion (remote-exec):   Downloading httplib2-0.19.0-py3-none-any.whl (95 kB)
aws_instance.bastion (remote-exec):      ━━━━━━━━━━━━━━━━━━━━━━━━━━━━━━━━━━━━━━━━ 95.4/95.4 kB 21.1 MB/s eta 0:00:00
aws_instance.bastion (remote-exec): Collecting idna==2.10
aws_instance.bastion (remote-exec):   Downloading idna-2.10-py2.py3-none-any.whl (58 kB)
aws_instance.bastion (remote-exec):      ━━━━━━━━━━━━━━━━━━━━━━━━━━━━━━━━━━━━━━━━ 58.8/58.8 kB 14.7 MB/s eta 0:00:00
aws_instance.bastion (remote-exec): Collecting jinja2==2.11.3
aws_instance.bastion (remote-exec):   Downloading Jinja2-2.11.3-py2.py3-none-any.whl (125 kB)
aws_instance.bastion (remote-exec):      ━━━━━━━━━━━━━━━━━━━━━━━━━━━━━━━━━━━━━━ 125.7/125.7 kB 22.7 MB/s eta 0:00:00
aws_instance.bastion (remote-exec): Collecting markupsafe==1.1.1
aws_instance.bastion (remote-exec):   Downloading MarkupSafe-1.1.1-cp37-cp37m-manylinux2010_x86_64.whl (33 kB)
aws_instance.bastion (remote-exec): Collecting opencensus==0.9.0
aws_instance.bastion (remote-exec):   Downloading opencensus-0.9.0-py2.py3-none-any.whl (128 kB)
aws_instance.bastion (remote-exec):      ━━━━━━━━━━━━━━━━━━━━━━━━━━━━━━━━━━━━━━ 128.1/128.1 kB 28.8 MB/s eta 0:00:00
aws_instance.bastion (remote-exec): Collecting opencensus-context==0.1.2
aws_instance.bastion (remote-exec):   Downloading opencensus_context-0.1.2-py2.py3-none-any.whl (4.4 kB)
aws_instance.bastion (remote-exec): Collecting opencensus-ext-grpc==0.7.1
aws_instance.bastion (remote-exec):   Downloading opencensus_ext_grpc-0.7.1-py2.py3-none-any.whl (8.7 kB)
aws_instance.bastion (remote-exec): Collecting opencensus-ext-stackdriver==0.8.0
aws_instance.bastion (remote-exec):   Downloading opencensus_ext_stackdriver-0.8.0-py2.py3-none-any.whl (12 kB)
aws_instance.bastion (remote-exec): Collecting packaging==21.3
aws_instance.bastion (remote-exec):   Downloading packaging-21.3-py3-none-any.whl (40 kB)
aws_instance.bastion (remote-exec):      ━━━━━━━━━━━━━━━━━━━━━━━━━━━━━━━━━━━━━━━━ 40.8/40.8 kB 9.8 MB/s eta 0:00:00
aws_instance.bastion (remote-exec): Collecting proto-plus==1.20.3
aws_instance.bastion (remote-exec):   Downloading proto_plus-1.20.3-py3-none-any.whl (46 kB)
aws_instance.bastion (remote-exec):      ━━━━━━━━━━━━━━━━━━━━━━━━━━━━━━━━━━━━━━━━ 46.2/46.2 kB 9.2 MB/s eta 0:00:00
aws_instance.bastion (remote-exec): Collecting protobuf==3.20.0
aws_instance.bastion (remote-exec):   Downloading protobuf-3.20.0-cp37-cp37m-manylinux_2_5_x86_64.manylinux1_x86_64.whl (1.0 MB)
aws_instance.bastion (remote-exec):      ━━━━━━━━━━━━━━━━━━━━━━━━━━━━━━━━━━━━━━━━ 1.0/1.0 MB 74.6 MB/s eta 0:00:00
aws_instance.bastion (remote-exec): Collecting pyasn1==0.4.8
aws_instance.bastion (remote-exec):   Downloading pyasn1-0.4.8-py2.py3-none-any.whl (77 kB)
aws_instance.bastion (remote-exec):      ━━━━━━━━━━━━━━━━━━━━━━━━━━━━━━━━━━━━━━━━ 77.1/77.1 kB 16.2 MB/s eta 0:00:00
aws_instance.bastion (remote-exec): Collecting pyasn1-modules==0.2.8
aws_instance.bastion (remote-exec):   Downloading pyasn1_modules-0.2.8-py2.py3-none-any.whl (155 kB)
aws_instance.bastion (remote-exec):      ━━━━━━━━━━━━━━━━━━━━━━━━━━━━━━━━━━━━━━ 155.3/155.3 kB 29.2 MB/s eta 0:00:00
aws_instance.bastion (remote-exec): Collecting pyparsing==2.4.7
aws_instance.bastion (remote-exec):   Downloading pyparsing-2.4.7-py2.py3-none-any.whl (67 kB)
aws_instance.bastion (remote-exec):      ━━━━━━━━━━━━━━━━━━━━━━━━━━━━━━━━━━━━━━━━ 67.8/67.8 kB 15.8 MB/s eta 0:00:00
aws_instance.bastion (remote-exec): Collecting python-json-logger==0.1.11
aws_instance.bastion (remote-exec):   Downloading python-json-logger-0.1.11.tar.gz (6.0 kB)
aws_instance.bastion (remote-exec):   Preparing metadata (setup.py): started
aws_instance.bastion (remote-exec):   Preparing metadata (setup.py): finished with status 'done'
aws_instance.bastion (remote-exec): Collecting pytz==2018.9
aws_instance.bastion (remote-exec):   Downloading pytz-2018.9-py2.py3-none-any.whl (510 kB)
aws_instance.bastion (remote-exec):      ━━━━━━━━━━━━━━━━━━━━━━━━━━━━━━━━━━━━━━ 510.7/510.7 kB 61.1 MB/s eta 0:00:00
aws_instance.bastion (remote-exec): Collecting requests==2.27.1
aws_instance.bastion (remote-exec):   Downloading requests-2.27.1-py2.py3-none-any.whl (63 kB)
aws_instance.bastion (remote-exec):      ━━━━━━━━━━━━━━━━━━━━━━━━━━━━━━━━━━━━━━━━ 63.1/63.1 kB 12.8 MB/s eta 0:00:00
aws_instance.bastion (remote-exec): Collecting rsa==4.8
aws_instance.bastion (remote-exec):   Downloading rsa-4.8-py3-none-any.whl (39 kB)
aws_instance.bastion (remote-exec): Collecting six==1.15.0
aws_instance.bastion (remote-exec):   Downloading six-1.15.0-py2.py3-none-any.whl (10 kB)
aws_instance.bastion (remote-exec): Collecting uritemplate==3.0.1
aws_instance.bastion (remote-exec):   Downloading uritemplate-3.0.1-py2.py3-none-any.whl (15 kB)
aws_instance.bastion (remote-exec): Collecting urllib3==1.26.9
aws_instance.bastion (remote-exec):   Downloading urllib3-1.26.9-py2.py3-none-any.whl (138 kB)
aws_instance.bastion (remote-exec):      ━━━━━━━━━━━━━━━━━━━━━━━━━━━━━━━━━━━━━━ 139.0/139.0 kB 24.3 MB/s eta 0:00:00
aws_instance.bastion (remote-exec): Requirement already satisfied: setuptools>=40.3.0 in /usr/local/lib/python3.7/site-packages (from google-api-core[grpc]==1.31.5->-r requirements.txt (line 13)) (57.5.0)
aws_instance.bastion (remote-exec): Building wheels for collected packages: google-cloud-profiler, grpcio-health-checking, python-json-logger
aws_instance.bastion (remote-exec):   Building wheel for google-cloud-profiler (setup.py): started
aws_instance.bastion (remote-exec):   Building wheel for google-cloud-profiler (setup.py): finished with status 'done'
aws_instance.bastion (remote-exec):   Created wheel for google-cloud-profiler: filename=google_cloud_profiler-1.1.2-cp37-cp37m-linux_x86_64.whl size=751306 sha256=f80b7f1edaf013c6180a298a94e1966f11a2ac0c0553a5aad49cd141aa0a20a0
aws_instance.bastion (remote-exec):   Stored in directory: /root/.cache/pip/wheels/fd/c0/b7/0796f1c0afafa069f7a38041a67819532c834c57fd722fa2cd
aws_instance.bastion (remote-exec):   Building wheel for grpcio-health-checking (setup.py): started
aws_instance.bastion (remote-exec):   Building wheel for grpcio-health-checking (setup.py): finished with status 'done'
aws_instance.bastion (remote-exec):   Created wheel for grpcio-health-checking: filename=grpcio_health_checking-1.33.2-py3-none-any.whl size=13409 sha256=4e6f746df923b6e3a661e18bb592bace2efd4db012a2eb7754225f26f7728f4f
aws_instance.bastion (remote-exec):   Stored in directory: /root/.cache/pip/wheels/ca/03/c4/c9f27ac1f766f764d21fb1d0693cbb62ec56aab8c46684182a
aws_instance.bastion (remote-exec):   Building wheel for python-json-logger (setup.py): started
aws_instance.bastion (remote-exec):   Building wheel for python-json-logger (setup.py): finished with status 'done'
aws_instance.bastion (remote-exec):   Created wheel for python-json-logger: filename=python_json_logger-0.1.11-py2.py3-none-any.whl size=5088 sha256=4b17df2576834a419534fd2eb5f603d493dd824e4c9865ebc5f4533204e64e54
aws_instance.bastion (remote-exec):   Stored in directory: /root/.cache/pip/wheels/fa/7f/fd/92ccdbb9d1a65486406e0363d2ba5b4ce52f400a915f602ecb
aws_instance.bastion (remote-exec): Successfully built google-cloud-profiler grpcio-health-checking python-json-logger
aws_instance.bastion (remote-exec): Installing collected packages: pytz, pyasn1, opencensus-context, certifi, urllib3, uritemplate, six, rsa, python-json-logger, pyparsing, pyasn1-modules, protobuf, markupsafe, idna, charset-normalizer, cachetools, requests, proto-plus, packaging, jinja2, httplib2, grpcio, googleapis-common-protos, google-auth, grpcio-health-checking, google-auth-httplib2, google-api-core, opencensus, google-cloud-core, google-api-python-client, opencensus-ext-grpc, google-cloud-trace, google-cloud-profiler, google-cloud-monitoring, opencensus-ext-stackdriver
aws_eks_cluster.oblimanual-kluster: Still creating... [7m0s elapsed]
aws_instance.bastion: Still creating... [7m0s elapsed]
aws_instance.bastion (remote-exec): Successfully installed cachetools-4.2.4 certifi-2020.12.5 charset-normalizer-2.0.10 google-api-core-1.31.5 google-api-python-client-1.12.11 google-auth-1.35.0 google-auth-httplib2-0.0.4 google-cloud-core-1.5.0 google-cloud-monitoring-2.9.1 google-cloud-profiler-1.1.2 google-cloud-trace-0.24.0 googleapis-common-protos-1.52.0 grpcio-1.44.0 grpcio-health-checking-1.33.2 httplib2-0.19.0 idna-2.10 jinja2-2.11.3 markupsafe-1.1.1 opencensus-0.9.0 opencensus-context-0.1.2 opencensus-ext-grpc-0.7.1 opencensus-ext-stackdriver-0.8.0 packaging-21.3 proto-plus-1.20.3 protobuf-3.20.0 pyasn1-0.4.8 pyasn1-modules-0.2.8 pyparsing-2.4.7 python-json-logger-0.1.11 pytz-2018.9 requests-2.27.1 rsa-4.8 six-1.15.0 uritemplate-3.0.1 urllib3-1.26.9
aws_instance.bastion (remote-exec): [91mWARNING: Running pip as the 'root' user can result in broken permissions and conflicting behaviour with the system package manager. It is recommended to use a virtual environment instead: https://pip.pypa.io/warnings/venv
aws_instance.bastion (remote-exec): [0m
aws_instance.bastion (remote-exec): [91m
aws_instance.bastion (remote-exec): [notice] A new release of pip is available: 23.0.1 -> 23.1.2
aws_instance.bastion (remote-exec): [notice] To update, run: pip install --upgrade pip
aws_instance.bastion (remote-exec): [0m
aws_instance.bastion (remote-exec): Removing intermediate container 0ba776b5104e
aws_instance.bastion (remote-exec):  ---> 39ea44fdd2d5
aws_instance.bastion (remote-exec): Step 6/15 : FROM base as final
aws_instance.bastion (remote-exec):  ---> 91eb83acdff2
aws_instance.bastion (remote-exec): Step 7/15 : ENV PYTHONUNBUFFERED=1
aws_instance.bastion (remote-exec):  ---> Running in f28e61581ebf
aws_instance.bastion (remote-exec): Removing intermediate container f28e61581ebf
aws_instance.bastion (remote-exec):  ---> a31cc2911a12
aws_instance.bastion (remote-exec): Step 8/15 : ENV ENABLE_PROFILER=1
aws_instance.bastion (remote-exec):  ---> Running in c182d1a106d6
aws_instance.bastion (remote-exec): Removing intermediate container c182d1a106d6
aws_instance.bastion (remote-exec):  ---> a3f91df9d074
aws_instance.bastion (remote-exec): Step 9/15 : RUN apt-get -qq update     && apt-get install -y --no-install-recommends         wget
aws_instance.bastion (remote-exec):  ---> Running in 685b240fa21c
aws_instance.bastion (remote-exec): Reading package lists...

aws_instance.bastion (remote-exec): Building dependency tree...

aws_instance.bastion (remote-exec): Reading state information...
aws_instance.bastion (remote-exec): The following additional packages will be installed:
aws_instance.bastion (remote-exec):   libpsl5
aws_instance.bastion (remote-exec): Recommended packages:
aws_instance.bastion (remote-exec):   publicsuffix
aws_instance.bastion (remote-exec): The following NEW packages will be installed:
aws_instance.bastion (remote-exec):   libpsl5 wget
aws_instance.bastion (remote-exec): 0 upgraded, 2 newly installed, 0 to remove and 0 not upgraded.
aws_instance.bastion (remote-exec): Need to get 1043 kB of archives.
aws_instance.bastion (remote-exec): After this operation, 3790 kB of additional disk space will be used.
aws_instance.bastion (remote-exec): Get:1 http://deb.debian.org/debian bookworm/main amd64 libpsl5 amd64 0.21.2-1 [58.7 kB]
aws_instance.bastion (remote-exec): Get:2 http://deb.debian.org/debian bookworm/main amd64 wget amd64 1.21.3-1+b2 [984 kB]
aws_instance.bastion (remote-exec): [91mdebconf: delaying package configuration, since apt-utils is not installed
aws_instance.bastion (remote-exec): [0mFetched 1043 kB in 0s (39.5 MB/s)
aws_instance.bastion (remote-exec): Selecting previously unselected package libpsl5:amd64.
aws_instance.bastion (remote-exec): (Reading database ...
aws_instance.bastion (remote-exec): (Reading database ... 5%
aws_instance.bastion (remote-exec): (Reading database ... 10%
aws_instance.bastion (remote-exec): (Reading database ... 15%
aws_instance.bastion (remote-exec): (Reading database ... 20%
aws_instance.bastion (remote-exec): (Reading database ... 25%
aws_instance.bastion (remote-exec): (Reading database ... 30%
aws_instance.bastion (remote-exec): (Reading database ... 35%
aws_instance.bastion (remote-exec): (Reading database ... 40%
aws_instance.bastion (remote-exec): (Reading database ... 45%
aws_instance.bastion (remote-exec): (Reading database ... 50%
aws_instance.bastion (remote-exec): (Reading database ... 55%
aws_instance.bastion (remote-exec): (Reading database ... 60%
aws_instance.bastion (remote-exec): (Reading database ... 65%
aws_instance.bastion (remote-exec): (Reading database ... 70%
aws_instance.bastion (remote-exec): (Reading database ... 75%
aws_instance.bastion (remote-exec): (Reading database ... 80%
aws_instance.bastion (remote-exec): (Reading database ... 85%
aws_instance.bastion (remote-exec): (Reading database ... 90%
aws_instance.bastion (remote-exec): (Reading database ... 95%
aws_instance.bastion (remote-exec): (Reading database ... 100%
aws_instance.bastion (remote-exec): (Reading database ... 8386 files and directories currently installed.)
aws_instance.bastion (remote-exec): Preparing to unpack .../libpsl5_0.21.2-1_amd64.deb ...
aws_instance.bastion (remote-exec): Unpacking libpsl5:amd64 (0.21.2-1) ...
aws_instance.bastion (remote-exec): Selecting previously unselected package wget.
aws_instance.bastion (remote-exec): Preparing to unpack .../wget_1.21.3-1+b2_amd64.deb ...
aws_instance.bastion (remote-exec): Unpacking wget (1.21.3-1+b2) ...
aws_instance.bastion (remote-exec): Setting up libpsl5:amd64 (0.21.2-1) ...
aws_instance.bastion (remote-exec): Setting up wget (1.21.3-1+b2) ...
aws_instance.bastion (remote-exec): Processing triggers for libc-bin (2.36-9) ...
aws_instance.bastion (remote-exec): Removing intermediate container 685b240fa21c
aws_instance.bastion (remote-exec):  ---> 4e6144a3bb3e
aws_instance.bastion (remote-exec): Step 10/15 : RUN GRPC_HEALTH_PROBE_VERSION=v0.4.11 &&     wget -qO/bin/grpc_health_probe https://github.com/grpc-ecosystem/grpc-health-probe/releases/download/${GRPC_HEALTH_PROBE_VERSION}/grpc_health_probe-linux-amd64 &&     chmod +x /bin/grpc_health_probe
aws_instance.bastion (remote-exec):  ---> Running in 3249cf3e3e50
aws_instance.bastion (remote-exec): Removing intermediate container 3249cf3e3e50
aws_instance.bastion (remote-exec):  ---> 77d753395285
aws_instance.bastion (remote-exec): Step 11/15 : WORKDIR /email_server
aws_instance.bastion (remote-exec):  ---> Running in af082d1dc25e
aws_instance.bastion (remote-exec): Removing intermediate container af082d1dc25e
aws_instance.bastion (remote-exec):  ---> cd2a0e850019
aws_instance.bastion (remote-exec): Step 12/15 : COPY --from=builder /usr/local/lib/python3.7/ /usr/local/lib/python3.7/
aws_eks_cluster.oblimanual-kluster: Still creating... [7m10s elapsed]
aws_instance.bastion: Still creating... [7m10s elapsed]
aws_instance.bastion (remote-exec):  ---> 4856ea5d253d
aws_instance.bastion (remote-exec): Step 13/15 : COPY . .
aws_instance.bastion (remote-exec):  ---> bbb4c7341549
aws_instance.bastion (remote-exec): Step 14/15 : EXPOSE 8080
aws_instance.bastion (remote-exec):  ---> Running in 6153de30a9c1
aws_instance.bastion (remote-exec): Removing intermediate container 6153de30a9c1
aws_instance.bastion (remote-exec):  ---> bd35f3455dac
aws_instance.bastion (remote-exec): Step 15/15 : ENTRYPOINT [ "python", "email_server.py" ]
aws_instance.bastion (remote-exec):  ---> Running in 432d1b95efeb
aws_instance.bastion (remote-exec): Removing intermediate container 432d1b95efeb
aws_instance.bastion (remote-exec):  ---> 1fe8921b68cb
aws_instance.bastion (remote-exec): Successfully built 1fe8921b68cb
aws_instance.bastion (remote-exec): Successfully tagged emailservice:latest
aws_instance.bastion (remote-exec): The push refers to repository [406235964731.dkr.ecr.us-east-1.amazonaws.com/emailservice]
aws_instance.bastion (remote-exec): f14037b307a6: Preparing
aws_instance.bastion (remote-exec): c0d06ba156d0: Preparing
aws_instance.bastion (remote-exec): b0739ca6e0bb: Preparing
aws_instance.bastion (remote-exec): ba552a490ce6: Preparing
aws_instance.bastion (remote-exec): d2c71ee81f98: Preparing
aws_instance.bastion (remote-exec): cd0ee668aaeb: Preparing
aws_instance.bastion (remote-exec): 7b156ef691f8: Preparing
aws_instance.bastion (remote-exec): 47d3324d5c50: Preparing
aws_instance.bastion (remote-exec): 1c6b14218f27: Preparing
aws_instance.bastion (remote-exec): ac4d164fef90: Preparing
aws_instance.bastion (remote-exec): 47d3324d5c50: Waiting
aws_instance.bastion (remote-exec): 1c6b14218f27: Waiting
aws_instance.bastion (remote-exec): cd0ee668aaeb: Waiting
aws_instance.bastion (remote-exec): 7b156ef691f8: Waiting
aws_instance.bastion (remote-exec): ac4d164fef90: Waiting
aws_instance.bastion (remote-exec): f14037b307a6: Pushed
aws_instance.bastion (remote-exec): b0739ca6e0bb: Pushed
aws_instance.bastion (remote-exec): ba552a490ce6: Pushed
aws_instance.bastion (remote-exec): 7b156ef691f8: Pushed
aws_instance.bastion (remote-exec): d2c71ee81f98: Pushed
aws_instance.bastion (remote-exec): cd0ee668aaeb: Pushed
aws_instance.bastion (remote-exec): 1c6b14218f27: Pushed
aws_eks_cluster.oblimanual-kluster: Still creating... [7m20s elapsed]
aws_instance.bastion: Still creating... [7m20s elapsed]
aws_instance.bastion (remote-exec): c0d06ba156d0: Pushed
aws_instance.bastion (remote-exec): 47d3324d5c50: Pushed
aws_instance.bastion (remote-exec): ac4d164fef90: Pushed
aws_instance.bastion (remote-exec): latest: digest: sha256:2393c3c7b8c0475d5786dcb8f0b68992bd278c3b132a34cfb239d70f42516494 size: 2422
aws_instance.bastion (remote-exec): Haciendo el build para: frontend...
aws_instance.bastion (remote-exec): Sending build context to Docker daemon  4.467MB
aws_instance.bastion (remote-exec): Step 1/18 : FROM golang:1.18.2-alpine as builder
aws_instance.bastion (remote-exec):  ---> 5432f005be2d
aws_instance.bastion (remote-exec): Step 2/18 : RUN apk add --no-cache ca-certificates git
aws_instance.bastion (remote-exec):  ---> Using cache
aws_instance.bastion (remote-exec):  ---> 142be54d4486
aws_instance.bastion (remote-exec): Step 3/18 : RUN apk add build-base
aws_instance.bastion (remote-exec):  ---> Using cache
aws_instance.bastion (remote-exec):  ---> add9dbeb40fa
aws_instance.bastion (remote-exec): Step 4/18 : WORKDIR /src
aws_instance.bastion (remote-exec):  ---> Using cache
aws_instance.bastion (remote-exec):  ---> aecfa83eb6d6
aws_instance.bastion (remote-exec): Step 5/18 : COPY go.mod go.sum ./
aws_instance.bastion (remote-exec):  ---> 907beefa841b
aws_instance.bastion (remote-exec): Step 6/18 : RUN go mod download
aws_instance.bastion (remote-exec):  ---> Running in 0c6fa11b2602
aws_eks_cluster.oblimanual-kluster: Still creating... [7m30s elapsed]
aws_instance.bastion: Still creating... [7m30s elapsed]
aws_eks_cluster.oblimanual-kluster: Still creating... [7m40s elapsed]
aws_instance.bastion: Still creating... [7m40s elapsed]
aws_instance.bastion (remote-exec): Removing intermediate container 0c6fa11b2602
aws_instance.bastion (remote-exec):  ---> 3c3d716447b8
aws_instance.bastion (remote-exec): Step 7/18 : COPY . .
aws_instance.bastion (remote-exec):  ---> 219d724dac4d
aws_instance.bastion (remote-exec): Step 8/18 : ARG SKAFFOLD_GO_GCFLAGS
aws_instance.bastion (remote-exec):  ---> Running in 48f6b1b86c55
aws_instance.bastion (remote-exec): Removing intermediate container 48f6b1b86c55
aws_instance.bastion (remote-exec):  ---> 52ed5d4514f1
aws_instance.bastion (remote-exec): Step 9/18 : RUN go build -gcflags="${SKAFFOLD_GO_GCFLAGS}" -o /go/bin/frontend .
aws_instance.bastion (remote-exec):  ---> Running in be161f2b97e0
aws_eks_cluster.oblimanual-kluster: Still creating... [7m50s elapsed]
aws_instance.bastion: Still creating... [7m50s elapsed]
aws_eks_cluster.oblimanual-kluster: Still creating... [8m0s elapsed]
aws_instance.bastion: Still creating... [8m0s elapsed]
aws_eks_cluster.oblimanual-kluster: Creation complete after 8m3s [id=oblimanual-kluster]
aws_eks_node_group.oblimanual-kluster-ng: Creating...
aws_instance.bastion: Still creating... [8m10s elapsed]
aws_eks_node_group.oblimanual-kluster-ng: Still creating... [10s elapsed]
aws_instance.bastion: Still creating... [8m20s elapsed]
aws_instance.bastion (remote-exec): Removing intermediate container be161f2b97e0
aws_instance.bastion (remote-exec):  ---> b78ae3b632a3
aws_instance.bastion (remote-exec): Step 10/18 : FROM alpine as release
aws_instance.bastion (remote-exec):  ---> c1aabb73d233
aws_instance.bastion (remote-exec): Step 11/18 : RUN apk add --no-cache ca-certificates     busybox-extras net-tools bind-tools
aws_instance.bastion (remote-exec):  ---> Running in 785bde52df77
aws_instance.bastion (remote-exec): fetch https://dl-cdn.alpinelinux.org/alpine/v3.18/main/x86_64/APKINDEX.tar.gz
aws_instance.bastion (remote-exec): fetch https://dl-cdn.alpinelinux.org/alpine/v3.18/community/x86_64/APKINDEX.tar.gz
aws_instance.bastion (remote-exec): (1/17) Installing fstrm (0.6.1-r2)
aws_instance.bastion (remote-exec): (2/17) Installing krb5-conf (1.0-r2)
aws_instance.bastion (remote-exec): (3/17) Installing libcom_err (1.47.0-r2)
aws_instance.bastion (remote-exec): (4/17) Installing keyutils-libs (1.6.3-r3)
aws_instance.bastion (remote-exec): (5/17) Installing libverto (0.3.2-r2)
aws_instance.bastion (remote-exec): (6/17) Installing krb5-libs (1.20.1-r1)
aws_instance.bastion (remote-exec): (7/17) Installing nghttp2-libs (1.53.0-r0)
aws_instance.bastion (remote-exec): (8/17) Installing protobuf-c (1.4.1-r2)
aws_instance.bastion (remote-exec): (9/17) Installing libuv (1.44.2-r2)
aws_instance.bastion (remote-exec): (10/17) Installing xz-libs (5.4.3-r0)
aws_instance.bastion (remote-exec): (11/17) Installing libxml2 (2.11.4-r0)
aws_instance.bastion (remote-exec): (12/17) Installing bind-libs (9.18.16-r0)
aws_instance.bastion (remote-exec): (13/17) Installing bind-tools (9.18.16-r0)
aws_instance.bastion (remote-exec): (14/17) Installing busybox-extras (1.36.1-r0)
aws_instance.bastion (remote-exec): Executing busybox-extras-1.36.1-r0.post-install
aws_instance.bastion (remote-exec): (15/17) Installing ca-certificates (20230506-r0)
aws_instance.bastion (remote-exec): (16/17) Installing mii-tool (2.10-r3)
aws_instance.bastion (remote-exec): (17/17) Installing net-tools (2.10-r3)
aws_instance.bastion (remote-exec): Executing busybox-1.36.1-r0.trigger
aws_instance.bastion (remote-exec): Executing ca-certificates-20230506-r0.trigger
aws_instance.bastion (remote-exec): OK: 21 MiB in 32 packages
aws_instance.bastion (remote-exec): Removing intermediate container 785bde52df77
aws_instance.bastion (remote-exec):  ---> cf8239fb58c2
aws_instance.bastion (remote-exec): Step 12/18 : WORKDIR /src
aws_instance.bastion (remote-exec):  ---> Running in 7ef112a2e153
aws_instance.bastion (remote-exec): Removing intermediate container 7ef112a2e153
aws_instance.bastion (remote-exec):  ---> 00d8d482c62a
aws_instance.bastion (remote-exec): Step 13/18 : COPY --from=builder /go/bin/frontend /src/server
aws_instance.bastion (remote-exec):  ---> 9b2df883cd41
aws_instance.bastion (remote-exec): Step 14/18 : COPY ./templates ./templates
aws_instance.bastion (remote-exec):  ---> 0b74bb57a19c
aws_instance.bastion (remote-exec): Step 15/18 : COPY ./static ./static
aws_instance.bastion (remote-exec):  ---> 1db8c4c675e1
aws_instance.bastion (remote-exec): Step 16/18 : ENV GOTRACEBACK=single
aws_instance.bastion (remote-exec):  ---> Running in 8113873243bf
aws_instance.bastion (remote-exec): Removing intermediate container 8113873243bf
aws_instance.bastion (remote-exec):  ---> 2be0e7f0a90e
aws_instance.bastion (remote-exec): Step 17/18 : EXPOSE 8080
aws_instance.bastion (remote-exec):  ---> Running in 28c7dee04e49
aws_instance.bastion (remote-exec): Removing intermediate container 28c7dee04e49
aws_instance.bastion (remote-exec):  ---> 6b272c7ab7ac
aws_instance.bastion (remote-exec): Step 18/18 : ENTRYPOINT ["/src/server"]
aws_instance.bastion (remote-exec):  ---> Running in fa05ba23624c
aws_instance.bastion (remote-exec): Removing intermediate container fa05ba23624c
aws_instance.bastion (remote-exec):  ---> dd1681e025e2
aws_instance.bastion (remote-exec): Successfully built dd1681e025e2
aws_instance.bastion (remote-exec): Successfully tagged frontend:latest
aws_eks_node_group.oblimanual-kluster-ng: Still creating... [20s elapsed]
aws_instance.bastion (remote-exec): The push refers to repository [406235964731.dkr.ecr.us-east-1.amazonaws.com/frontend]
aws_instance.bastion (remote-exec): e86fb4c31cb3: Preparing
aws_instance.bastion (remote-exec): c2be7ce0180f: Preparing
aws_instance.bastion (remote-exec): 3fb1b7ec4a53: Preparing
aws_instance.bastion (remote-exec): 08880b80e947: Preparing
aws_instance.bastion (remote-exec): 1786c34a05be: Preparing
aws_instance.bastion (remote-exec): 78a822fe2a2d: Preparing
aws_instance.bastion (remote-exec): 78a822fe2a2d: Waiting
aws_instance.bastion (remote-exec): 08880b80e947: Pushed
aws_instance.bastion (remote-exec): c2be7ce0180f: Pushed
aws_instance.bastion (remote-exec): e86fb4c31cb3: Pushed
aws_instance.bastion (remote-exec): 1786c34a05be: Pushed
aws_instance.bastion (remote-exec): 78a822fe2a2d: Pushed
aws_instance.bastion (remote-exec): 3fb1b7ec4a53: Pushed
aws_instance.bastion (remote-exec): latest: digest: sha256:fc2ebbb57db0677c0bed05dd48435b5669a58d416b69d94ee4f092df0beea8cb size: 1576
aws_instance.bastion (remote-exec): Haciendo el build para: loadgenerator...
aws_instance.bastion (remote-exec): Sending build context to Docker daemon  11.78kB
aws_instance.bastion (remote-exec): Step 1/11 : FROM python:3.8-slim as base
aws_instance.bastion (remote-exec): 3.8-slim: Pulling from library/python
aws_instance.bastion (remote-exec): 5b5fe70539cd: Already exists
aws_instance.bastion (remote-exec): f4b0e4004dc0: Already exists
aws_instance.bastion (remote-exec): 1ad6212abe26: Pulling fs layer
aws_instance.bastion (remote-exec): 6959d97360ba: Pulling fs layer
aws_instance.bastion (remote-exec): fc24c6e95ddc: Pulling fs layer
aws_instance.bastion (remote-exec): 6959d97360ba: Verifying Checksum
aws_instance.bastion (remote-exec): 6959d97360ba: Download complete
aws_instance.bastion (remote-exec): fc24c6e95ddc: Verifying Checksum
aws_instance.bastion (remote-exec): fc24c6e95ddc: Download complete
aws_instance.bastion (remote-exec): 1ad6212abe26: Verifying Checksum
aws_instance.bastion (remote-exec): 1ad6212abe26: Download complete
aws_instance.bastion (remote-exec): 1ad6212abe26: Pull complete
aws_instance.bastion (remote-exec): 6959d97360ba: Pull complete
aws_instance.bastion (remote-exec): fc24c6e95ddc: Pull complete
aws_instance.bastion (remote-exec): Digest: sha256:10e07e36f86af4371accc42642852aa60eab74e6896fc065345ebc2c576eec0d
aws_instance.bastion (remote-exec): Status: Downloaded newer image for python:3.8-slim
aws_instance.bastion (remote-exec):  ---> d71f65ed6f4b
aws_instance.bastion (remote-exec): Step 2/11 : FROM base as builder
aws_instance.bastion (remote-exec):  ---> d71f65ed6f4b
aws_instance.bastion (remote-exec): Step 3/11 : RUN apt-get -qq update     && apt-get install -y --no-install-recommends         g++
aws_instance.bastion (remote-exec):  ---> Running in 558be4967b7b
aws_instance.bastion: Still creating... [8m30s elapsed]
aws_instance.bastion (remote-exec): Reading package lists...

aws_instance.bastion (remote-exec): Building dependency tree...

aws_instance.bastion (remote-exec): Reading state information...
aws_instance.bastion (remote-exec): The following additional packages will be installed:
aws_instance.bastion (remote-exec):   binutils binutils-common binutils-x86-64-linux-gnu cpp cpp-12 g++-12 gcc
aws_instance.bastion (remote-exec):   gcc-12 libasan8 libatomic1 libbinutils libcc1-0 libctf-nobfd0 libctf0
aws_instance.bastion (remote-exec):   libgcc-12-dev libgomp1 libgprofng0 libisl23 libitm1 libjansson4 liblsan0
aws_instance.bastion (remote-exec):   libmpc3 libmpfr6 libquadmath0 libstdc++-12-dev libtsan2 libubsan1
aws_instance.bastion (remote-exec): Suggested packages:
aws_instance.bastion (remote-exec):   binutils-doc cpp-doc gcc-12-locales cpp-12-doc g++-multilib g++-12-multilib
aws_instance.bastion (remote-exec):   gcc-12-doc gcc-multilib make manpages-dev autoconf automake libtool flex
aws_instance.bastion (remote-exec):   bison gdb gcc-doc gcc-12-multilib libstdc++-12-doc
aws_instance.bastion (remote-exec): The following NEW packages will be installed:
aws_instance.bastion (remote-exec):   binutils binutils-common binutils-x86-64-linux-gnu cpp cpp-12 g++ g++-12 gcc
aws_instance.bastion (remote-exec):   gcc-12 libasan8 libatomic1 libbinutils libcc1-0 libctf-nobfd0 libctf0
aws_instance.bastion (remote-exec):   libgcc-12-dev libgomp1 libgprofng0 libisl23 libitm1 libjansson4 liblsan0
aws_instance.bastion (remote-exec):   libmpc3 libmpfr6 libquadmath0 libstdc++-12-dev libtsan2 libubsan1
aws_instance.bastion (remote-exec): 0 upgraded, 28 newly installed, 0 to remove and 0 not upgraded.
aws_instance.bastion (remote-exec): Need to get 58.7 MB of archives.
aws_instance.bastion (remote-exec): After this operation, 237 MB of additional disk space will be used.
aws_instance.bastion (remote-exec): Get:1 http://deb.debian.org/debian bookworm/main amd64 binutils-common amd64 2.40-2 [2487 kB]
aws_instance.bastion (remote-exec): Get:2 http://deb.debian.org/debian bookworm/main amd64 libbinutils amd64 2.40-2 [572 kB]
aws_instance.bastion (remote-exec): Get:3 http://deb.debian.org/debian bookworm/main amd64 libctf-nobfd0 amd64 2.40-2 [153 kB]
aws_instance.bastion (remote-exec): Get:4 http://deb.debian.org/debian bookworm/main amd64 libctf0 amd64 2.40-2 [89.8 kB]
aws_instance.bastion (remote-exec): Get:5 http://deb.debian.org/debian bookworm/main amd64 libgprofng0 amd64 2.40-2 [812 kB]
aws_instance.bastion (remote-exec): Get:6 http://deb.debian.org/debian bookworm/main amd64 libjansson4 amd64 2.14-2 [40.8 kB]
aws_instance.bastion (remote-exec): Get:7 http://deb.debian.org/debian bookworm/main amd64 binutils-x86-64-linux-gnu amd64 2.40-2 [2246 kB]
aws_instance.bastion (remote-exec): Get:8 http://deb.debian.org/debian bookworm/main amd64 binutils amd64 2.40-2 [65.0 kB]
aws_instance.bastion (remote-exec): Get:9 http://deb.debian.org/debian bookworm/main amd64 libisl23 amd64 0.25-1 [690 kB]
aws_instance.bastion (remote-exec): Get:10 http://deb.debian.org/debian bookworm/main amd64 libmpfr6 amd64 4.2.0-1 [701 kB]
aws_instance.bastion (remote-exec): Get:11 http://deb.debian.org/debian bookworm/main amd64 libmpc3 amd64 1.3.1-1 [51.5 kB]
aws_instance.bastion (remote-exec): Get:12 http://deb.debian.org/debian bookworm/main amd64 cpp-12 amd64 12.2.0-14 [9764 kB]
aws_instance.bastion (remote-exec): Get:13 http://deb.debian.org/debian bookworm/main amd64 cpp amd64 4:12.2.0-3 [6836 B]
aws_instance.bastion (remote-exec): Get:14 http://deb.debian.org/debian bookworm/main amd64 libcc1-0 amd64 12.2.0-14 [41.7 kB]
aws_instance.bastion (remote-exec): Get:15 http://deb.debian.org/debian bookworm/main amd64 libgomp1 amd64 12.2.0-14 [116 kB]
aws_instance.bastion (remote-exec): Get:16 http://deb.debian.org/debian bookworm/main amd64 libitm1 amd64 12.2.0-14 [26.1 kB]
aws_instance.bastion (remote-exec): Get:17 http://deb.debian.org/debian bookworm/main amd64 libatomic1 amd64 12.2.0-14 [9328 B]
aws_instance.bastion (remote-exec): Get:18 http://deb.debian.org/debian bookworm/main amd64 libasan8 amd64 12.2.0-14 [2195 kB]
aws_instance.bastion (remote-exec): Get:19 http://deb.debian.org/debian bookworm/main amd64 liblsan0 amd64 12.2.0-14 [969 kB]
aws_instance.bastion (remote-exec): Get:20 http://deb.debian.org/debian bookworm/main amd64 libtsan2 amd64 12.2.0-14 [2196 kB]
aws_instance.bastion (remote-exec): Get:21 http://deb.debian.org/debian bookworm/main amd64 libubsan1 amd64 12.2.0-14 [883 kB]
aws_instance.bastion (remote-exec): Get:22 http://deb.debian.org/debian bookworm/main amd64 libquadmath0 amd64 12.2.0-14 [144 kB]
aws_instance.bastion (remote-exec): Get:23 http://deb.debian.org/debian bookworm/main amd64 libgcc-12-dev amd64 12.2.0-14 [2437 kB]
aws_instance.bastion (remote-exec): Get:24 http://deb.debian.org/debian bookworm/main amd64 gcc-12 amd64 12.2.0-14 [19.3 MB]
aws_instance.bastion (remote-exec): Get:25 http://deb.debian.org/debian bookworm/main amd64 gcc amd64 4:12.2.0-3 [5216 B]
aws_instance.bastion (remote-exec): Get:26 http://deb.debian.org/debian bookworm/main amd64 libstdc++-12-dev amd64 12.2.0-14 [2046 kB]
aws_instance.bastion (remote-exec): Get:27 http://deb.debian.org/debian bookworm/main amd64 g++-12 amd64 12.2.0-14 [10.7 MB]
aws_instance.bastion (remote-exec): Get:28 http://deb.debian.org/debian bookworm/main amd64 g++ amd64 4:12.2.0-3 [1356 B]
aws_instance.bastion (remote-exec): [91mdebconf: delaying package configuration, since apt-utils is not installed
aws_instance.bastion (remote-exec): [0mFetched 58.7 MB in 0s (153 MB/s)
aws_instance.bastion (remote-exec): Selecting previously unselected package binutils-common:amd64.
aws_instance.bastion (remote-exec): (Reading database ...
aws_instance.bastion (remote-exec): (Reading database ... 5%
aws_instance.bastion (remote-exec): (Reading database ... 10%
aws_instance.bastion (remote-exec): (Reading database ... 15%
aws_instance.bastion (remote-exec): (Reading database ... 20%
aws_instance.bastion (remote-exec): (Reading database ... 25%
aws_instance.bastion (remote-exec): (Reading database ... 30%
aws_instance.bastion (remote-exec): (Reading database ... 35%
aws_instance.bastion (remote-exec): (Reading database ... 40%
aws_instance.bastion (remote-exec): (Reading database ... 45%
aws_instance.bastion (remote-exec): (Reading database ... 50%
aws_instance.bastion (remote-exec): (Reading database ... 55%
aws_instance.bastion (remote-exec): (Reading database ... 60%
aws_instance.bastion (remote-exec): (Reading database ... 65%
aws_instance.bastion (remote-exec): (Reading database ... 70%
aws_instance.bastion (remote-exec): (Reading database ... 75%
aws_instance.bastion (remote-exec): (Reading database ... 80%
aws_instance.bastion (remote-exec): (Reading database ... 85%
aws_instance.bastion (remote-exec): (Reading database ... 90%
aws_instance.bastion (remote-exec): (Reading database ... 95%
aws_instance.bastion (remote-exec): (Reading database ... 100%
aws_instance.bastion (remote-exec): (Reading database ... 8386 files and directories currently installed.)
aws_eks_node_group.oblimanual-kluster-ng: Still creating... [30s elapsed]
aws_instance.bastion (remote-exec): Preparing to unpack .../00-binutils-common_2.40-2_amd64.deb ...
aws_instance.bastion (remote-exec): Unpacking binutils-common:amd64 (2.40-2) ...
aws_instance.bastion (remote-exec): Selecting previously unselected package libbinutils:amd64.
aws_instance.bastion (remote-exec): Preparing to unpack .../01-libbinutils_2.40-2_amd64.deb ...
aws_instance.bastion (remote-exec): Unpacking libbinutils:amd64 (2.40-2) ...
aws_instance.bastion (remote-exec): Selecting previously unselected package libctf-nobfd0:amd64.
aws_instance.bastion (remote-exec): Preparing to unpack .../02-libctf-nobfd0_2.40-2_amd64.deb ...
aws_instance.bastion (remote-exec): Unpacking libctf-nobfd0:amd64 (2.40-2) ...
aws_instance.bastion (remote-exec): Selecting previously unselected package libctf0:amd64.
aws_instance.bastion (remote-exec): Preparing to unpack .../03-libctf0_2.40-2_amd64.deb ...
aws_instance.bastion (remote-exec): Unpacking libctf0:amd64 (2.40-2) ...
aws_instance.bastion (remote-exec): Selecting previously unselected package libgprofng0:amd64.
aws_instance.bastion (remote-exec): Preparing to unpack .../04-libgprofng0_2.40-2_amd64.deb ...
aws_instance.bastion (remote-exec): Unpacking libgprofng0:amd64 (2.40-2) ...
aws_instance.bastion (remote-exec): Selecting previously unselected package libjansson4:amd64.
aws_instance.bastion (remote-exec): Preparing to unpack .../05-libjansson4_2.14-2_amd64.deb ...
aws_instance.bastion (remote-exec): Unpacking libjansson4:amd64 (2.14-2) ...
aws_instance.bastion (remote-exec): Selecting previously unselected package binutils-x86-64-linux-gnu.
aws_instance.bastion (remote-exec): Preparing to unpack .../06-binutils-x86-64-linux-gnu_2.40-2_amd64.deb ...
aws_instance.bastion (remote-exec): Unpacking binutils-x86-64-linux-gnu (2.40-2) ...
aws_instance.bastion (remote-exec): Selecting previously unselected package binutils.
aws_instance.bastion (remote-exec): Preparing to unpack .../07-binutils_2.40-2_amd64.deb ...
aws_instance.bastion (remote-exec): Unpacking binutils (2.40-2) ...
aws_instance.bastion (remote-exec): Selecting previously unselected package libisl23:amd64.
aws_instance.bastion (remote-exec): Preparing to unpack .../08-libisl23_0.25-1_amd64.deb ...
aws_instance.bastion (remote-exec): Unpacking libisl23:amd64 (0.25-1) ...
aws_instance.bastion (remote-exec): Selecting previously unselected package libmpfr6:amd64.
aws_instance.bastion (remote-exec): Preparing to unpack .../09-libmpfr6_4.2.0-1_amd64.deb ...
aws_instance.bastion (remote-exec): Unpacking libmpfr6:amd64 (4.2.0-1) ...
aws_instance.bastion (remote-exec): Selecting previously unselected package libmpc3:amd64.
aws_instance.bastion (remote-exec): Preparing to unpack .../10-libmpc3_1.3.1-1_amd64.deb ...
aws_instance.bastion (remote-exec): Unpacking libmpc3:amd64 (1.3.1-1) ...
aws_instance.bastion (remote-exec): Selecting previously unselected package cpp-12.
aws_instance.bastion (remote-exec): Preparing to unpack .../11-cpp-12_12.2.0-14_amd64.deb ...
aws_instance.bastion (remote-exec): Unpacking cpp-12 (12.2.0-14) ...
aws_instance.bastion (remote-exec): Selecting previously unselected package cpp.
aws_instance.bastion (remote-exec): Preparing to unpack .../12-cpp_4%3a12.2.0-3_amd64.deb ...
aws_instance.bastion (remote-exec): Unpacking cpp (4:12.2.0-3) ...
aws_instance.bastion (remote-exec): Selecting previously unselected package libcc1-0:amd64.
aws_instance.bastion (remote-exec): Preparing to unpack .../13-libcc1-0_12.2.0-14_amd64.deb ...
aws_instance.bastion (remote-exec): Unpacking libcc1-0:amd64 (12.2.0-14) ...
aws_instance.bastion (remote-exec): Selecting previously unselected package libgomp1:amd64.
aws_instance.bastion (remote-exec): Preparing to unpack .../14-libgomp1_12.2.0-14_amd64.deb ...
aws_instance.bastion (remote-exec): Unpacking libgomp1:amd64 (12.2.0-14) ...
aws_instance.bastion (remote-exec): Selecting previously unselected package libitm1:amd64.
aws_instance.bastion (remote-exec): Preparing to unpack .../15-libitm1_12.2.0-14_amd64.deb ...
aws_instance.bastion (remote-exec): Unpacking libitm1:amd64 (12.2.0-14) ...
aws_instance.bastion (remote-exec): Selecting previously unselected package libatomic1:amd64.
aws_instance.bastion (remote-exec): Preparing to unpack .../16-libatomic1_12.2.0-14_amd64.deb ...
aws_instance.bastion (remote-exec): Unpacking libatomic1:amd64 (12.2.0-14) ...
aws_instance.bastion (remote-exec): Selecting previously unselected package libasan8:amd64.
aws_instance.bastion (remote-exec): Preparing to unpack .../17-libasan8_12.2.0-14_amd64.deb ...
aws_instance.bastion (remote-exec): Unpacking libasan8:amd64 (12.2.0-14) ...
aws_instance.bastion (remote-exec): Selecting previously unselected package liblsan0:amd64.
aws_instance.bastion (remote-exec): Preparing to unpack .../18-liblsan0_12.2.0-14_amd64.deb ...
aws_instance.bastion (remote-exec): Unpacking liblsan0:amd64 (12.2.0-14) ...
aws_instance.bastion (remote-exec): Selecting previously unselected package libtsan2:amd64.
aws_instance.bastion (remote-exec): Preparing to unpack .../19-libtsan2_12.2.0-14_amd64.deb ...
aws_instance.bastion (remote-exec): Unpacking libtsan2:amd64 (12.2.0-14) ...
aws_instance.bastion (remote-exec): Selecting previously unselected package libubsan1:amd64.
aws_instance.bastion (remote-exec): Preparing to unpack .../20-libubsan1_12.2.0-14_amd64.deb ...
aws_instance.bastion (remote-exec): Unpacking libubsan1:amd64 (12.2.0-14) ...
aws_instance.bastion (remote-exec): Selecting previously unselected package libquadmath0:amd64.
aws_instance.bastion (remote-exec): Preparing to unpack .../21-libquadmath0_12.2.0-14_amd64.deb ...
aws_instance.bastion (remote-exec): Unpacking libquadmath0:amd64 (12.2.0-14) ...
aws_instance.bastion (remote-exec): Selecting previously unselected package libgcc-12-dev:amd64.
aws_instance.bastion (remote-exec): Preparing to unpack .../22-libgcc-12-dev_12.2.0-14_amd64.deb ...
aws_instance.bastion (remote-exec): Unpacking libgcc-12-dev:amd64 (12.2.0-14) ...
aws_instance.bastion (remote-exec): Selecting previously unselected package gcc-12.
aws_instance.bastion (remote-exec): Preparing to unpack .../23-gcc-12_12.2.0-14_amd64.deb ...
aws_instance.bastion (remote-exec): Unpacking gcc-12 (12.2.0-14) ...
aws_instance.bastion (remote-exec): Selecting previously unselected package gcc.
aws_instance.bastion (remote-exec): Preparing to unpack .../24-gcc_4%3a12.2.0-3_amd64.deb ...
aws_instance.bastion (remote-exec): Unpacking gcc (4:12.2.0-3) ...
aws_instance.bastion (remote-exec): Selecting previously unselected package libstdc++-12-dev:amd64.
aws_instance.bastion (remote-exec): Preparing to unpack .../25-libstdc++-12-dev_12.2.0-14_amd64.deb ...
aws_instance.bastion (remote-exec): Unpacking libstdc++-12-dev:amd64 (12.2.0-14) ...
aws_instance.bastion (remote-exec): Selecting previously unselected package g++-12.
aws_instance.bastion (remote-exec): Preparing to unpack .../26-g++-12_12.2.0-14_amd64.deb ...
aws_instance.bastion (remote-exec): Unpacking g++-12 (12.2.0-14) ...
aws_instance.bastion (remote-exec): Selecting previously unselected package g++.
aws_instance.bastion (remote-exec): Preparing to unpack .../27-g++_4%3a12.2.0-3_amd64.deb ...
aws_instance.bastion (remote-exec): Unpacking g++ (4:12.2.0-3) ...
aws_instance.bastion (remote-exec): Setting up binutils-common:amd64 (2.40-2) ...
aws_instance.bastion (remote-exec): Setting up libctf-nobfd0:amd64 (2.40-2) ...
aws_instance.bastion (remote-exec): Setting up libgomp1:amd64 (12.2.0-14) ...
aws_instance.bastion (remote-exec): Setting up libjansson4:amd64 (2.14-2) ...
aws_instance.bastion (remote-exec): Setting up libmpfr6:amd64 (4.2.0-1) ...
aws_instance.bastion (remote-exec): Setting up libquadmath0:amd64 (12.2.0-14) ...
aws_instance.bastion (remote-exec): Setting up libmpc3:amd64 (1.3.1-1) ...
aws_instance.bastion (remote-exec): Setting up libatomic1:amd64 (12.2.0-14) ...
aws_instance.bastion (remote-exec): Setting up libubsan1:amd64 (12.2.0-14) ...
aws_instance.bastion (remote-exec): Setting up libasan8:amd64 (12.2.0-14) ...
aws_instance.bastion (remote-exec): Setting up libtsan2:amd64 (12.2.0-14) ...
aws_instance.bastion (remote-exec): Setting up libbinutils:amd64 (2.40-2) ...
aws_instance.bastion (remote-exec): Setting up libisl23:amd64 (0.25-1) ...
aws_instance.bastion (remote-exec): Setting up libcc1-0:amd64 (12.2.0-14) ...
aws_instance.bastion (remote-exec): Setting up liblsan0:amd64 (12.2.0-14) ...
aws_instance.bastion (remote-exec): Setting up libitm1:amd64 (12.2.0-14) ...
aws_instance.bastion (remote-exec): Setting up libctf0:amd64 (2.40-2) ...
aws_instance.bastion (remote-exec): Setting up cpp-12 (12.2.0-14) ...
aws_instance.bastion (remote-exec): Setting up libgprofng0:amd64 (2.40-2) ...
aws_instance.bastion (remote-exec): Setting up libgcc-12-dev:amd64 (12.2.0-14) ...
aws_instance.bastion (remote-exec): Setting up cpp (4:12.2.0-3) ...
aws_instance.bastion (remote-exec): Setting up binutils-x86-64-linux-gnu (2.40-2) ...
aws_instance.bastion (remote-exec): Setting up libstdc++-12-dev:amd64 (12.2.0-14) ...
aws_instance.bastion (remote-exec): Setting up binutils (2.40-2) ...
aws_instance.bastion (remote-exec): Setting up gcc-12 (12.2.0-14) ...
aws_instance.bastion (remote-exec): Setting up g++-12 (12.2.0-14) ...
aws_instance.bastion (remote-exec): Setting up gcc (4:12.2.0-3) ...
aws_instance.bastion (remote-exec): Setting up g++ (4:12.2.0-3) ...
aws_instance.bastion (remote-exec): update-alternatives: using /usr/bin/g++ to provide /usr/bin/c++ (c++) in auto mode
aws_instance.bastion (remote-exec): Processing triggers for libc-bin (2.36-9) ...
aws_instance.bastion: Still creating... [8m40s elapsed]
aws_instance.bastion (remote-exec): Removing intermediate container 558be4967b7b
aws_instance.bastion (remote-exec):  ---> d3d936a5b05c
aws_instance.bastion (remote-exec): Step 4/11 : COPY requirements.txt .
aws_instance.bastion (remote-exec):  ---> c21f6a58911a
aws_instance.bastion (remote-exec): Step 5/11 : RUN pip install --prefix="/install" -r requirements.txt
aws_instance.bastion (remote-exec):  ---> Running in 459d32fe88b6
aws_eks_node_group.oblimanual-kluster-ng: Still creating... [40s elapsed]
aws_instance.bastion (remote-exec): Collecting certifi==2020.12.5
aws_instance.bastion (remote-exec):   Downloading certifi-2020.12.5-py2.py3-none-any.whl (147 kB)
aws_instance.bastion (remote-exec):      ━━━━━━━━━━━━━━━━━━━━━━━━━━━━━━━━━━━━━━━ 147.5/147.5 kB 6.3 MB/s eta 0:00:00
aws_instance.bastion (remote-exec): Collecting charset-normalizer==2.0.10
aws_instance.bastion (remote-exec):   Downloading charset_normalizer-2.0.10-py3-none-any.whl (39 kB)
aws_instance.bastion (remote-exec): Collecting click==7.1.2
aws_instance.bastion (remote-exec):   Downloading click-7.1.2-py2.py3-none-any.whl (82 kB)
aws_instance.bastion (remote-exec):      ━━━━━━━━━━━━━━━━━━━━━━━━━━━━━━━━━━━━━━━━ 82.8/82.8 kB 15.8 MB/s eta 0:00:00
aws_instance.bastion (remote-exec): Collecting configargparse==1.5.3
aws_instance.bastion (remote-exec):   Downloading ConfigArgParse-1.5.3-py3-none-any.whl (20 kB)
aws_instance.bastion (remote-exec): Collecting flask==1.1.2
aws_instance.bastion (remote-exec):   Downloading Flask-1.1.2-py2.py3-none-any.whl (94 kB)
aws_instance.bastion (remote-exec):      ━━━━━━━━━━━━━━━━━━━━━━━━━━━━━━━━━━━━━━━━ 94.6/94.6 kB 20.6 MB/s eta 0:00:00
aws_instance.bastion (remote-exec): Collecting flask-basicauth==0.2.0
aws_instance.bastion (remote-exec):   Downloading Flask-BasicAuth-0.2.0.tar.gz (16 kB)
aws_instance.bastion (remote-exec):   Preparing metadata (setup.py): started
aws_instance.bastion (remote-exec):   Preparing metadata (setup.py): finished with status 'done'
aws_instance.bastion (remote-exec): Collecting flask-cors==3.0.10
aws_instance.bastion (remote-exec):   Downloading Flask_Cors-3.0.10-py2.py3-none-any.whl (14 kB)
aws_instance.bastion (remote-exec): Collecting gevent==20.12.1
aws_instance.bastion (remote-exec):   Downloading gevent-20.12.1-cp38-cp38-manylinux2010_x86_64.whl (6.3 MB)
aws_instance.bastion (remote-exec):      ━━━━━━━━━━━━━━━━━━━━━━━━━━━━━━━━━━━━━━━━ 6.3/6.3 MB 88.6 MB/s eta 0:00:00
aws_instance.bastion (remote-exec): Collecting geventhttpclient==1.4.4
aws_instance.bastion (remote-exec):   Downloading geventhttpclient-1.4.4-cp38-cp38-manylinux2010_x86_64.whl (77 kB)
aws_instance.bastion (remote-exec):      ━━━━━━━━━━━━━━━━━━━━━━━━━━━━━━━━━━━━━━━━ 77.3/77.3 kB 15.1 MB/s eta 0:00:00
aws_instance.bastion (remote-exec): Collecting greenlet==0.4.17
aws_instance.bastion (remote-exec):   Downloading greenlet-0.4.17-cp38-cp38-manylinux1_x86_64.whl (48 kB)
aws_instance.bastion (remote-exec):      ━━━━━━━━━━━━━━━━━━━━━━━━━━━━━━━━━━━━━━━━ 48.9/48.9 kB 9.1 MB/s eta 0:00:00
aws_instance.bastion (remote-exec): Collecting idna==2.10
aws_instance.bastion (remote-exec):   Downloading idna-2.10-py2.py3-none-any.whl (58 kB)
aws_instance.bastion (remote-exec):      ━━━━━━━━━━━━━━━━━━━━━━━━━━━━━━━━━━━━━━━━ 58.8/58.8 kB 14.7 MB/s eta 0:00:00
aws_instance.bastion (remote-exec): Collecting itsdangerous==1.1.0
aws_instance.bastion (remote-exec):   Downloading itsdangerous-1.1.0-py2.py3-none-any.whl (16 kB)
aws_instance.bastion (remote-exec): Collecting jinja2==2.11.3
aws_instance.bastion (remote-exec):   Downloading Jinja2-2.11.3-py2.py3-none-any.whl (125 kB)
aws_instance.bastion (remote-exec):      ━━━━━━━━━━━━━━━━━━━━━━━━━━━━━━━━━━━━━━ 125.7/125.7 kB 28.7 MB/s eta 0:00:00
aws_instance.bastion (remote-exec): Collecting locust==1.6.0
aws_instance.bastion (remote-exec):   Downloading locust-1.6.0-py3-none-any.whl (766 kB)
aws_instance.bastion (remote-exec):      ━━━━━━━━━━━━━━━━━━━━━━━━━━━━━━━━━━━━━━ 767.0/767.0 kB 67.1 MB/s eta 0:00:00
aws_instance.bastion (remote-exec): Collecting markupsafe==1.1.1
aws_instance.bastion (remote-exec):   Downloading MarkupSafe-1.1.1-cp38-cp38-manylinux2010_x86_64.whl (32 kB)
aws_instance.bastion (remote-exec): Collecting msgpack==1.0.0
aws_instance.bastion (remote-exec):   Downloading msgpack-1.0.0-cp38-cp38-manylinux1_x86_64.whl (303 kB)
aws_instance.bastion (remote-exec):      ━━━━━━━━━━━━━━━━━━━━━━━━━━━━━━━━━━━━━━ 303.5/303.5 kB 40.6 MB/s eta 0:00:00
aws_instance.bastion (remote-exec): Collecting psutil==5.7.2
aws_instance.bastion (remote-exec):   Downloading psutil-5.7.2.tar.gz (460 kB)
aws_instance.bastion (remote-exec):      ━━━━━━━━━━━━━━━━━━━━━━━━━━━━━━━━━━━━━━ 460.2/460.2 kB 54.3 MB/s eta 0:00:00
aws_instance.bastion (remote-exec):   Preparing metadata (setup.py): started
aws_instance.bastion (remote-exec):   Preparing metadata (setup.py): finished with status 'done'
aws_instance.bastion (remote-exec): Collecting pyzmq==19.0.2
aws_instance.bastion (remote-exec):   Downloading pyzmq-19.0.2-cp38-cp38-manylinux1_x86_64.whl (1.1 MB)
aws_instance.bastion (remote-exec):      ━━━━━━━━━━━━━━━━━━━━━━━━━━━━━━━━━━━━━━━━ 1.1/1.1 MB 77.9 MB/s eta 0:00:00
aws_instance.bastion (remote-exec): Collecting requests==2.27.1
aws_instance.bastion (remote-exec):   Downloading requests-2.27.1-py2.py3-none-any.whl (63 kB)
aws_instance.bastion (remote-exec):      ━━━━━━━━━━━━━━━━━━━━━━━━━━━━━━━━━━━━━━━━ 63.1/63.1 kB 15.2 MB/s eta 0:00:00
aws_instance.bastion (remote-exec): Collecting six==1.15.0
aws_instance.bastion (remote-exec):   Downloading six-1.15.0-py2.py3-none-any.whl (10 kB)
aws_instance.bastion (remote-exec): Collecting urllib3==1.26.9
aws_instance.bastion (remote-exec):   Downloading urllib3-1.26.9-py2.py3-none-any.whl (138 kB)
aws_instance.bastion (remote-exec):      ━━━━━━━━━━━━━━━━━━━━━━━━━━━━━━━━━━━━━━ 139.0/139.0 kB 24.9 MB/s eta 0:00:00
aws_instance.bastion (remote-exec): Collecting werkzeug==1.0.1
aws_instance.bastion (remote-exec):   Downloading Werkzeug-1.0.1-py2.py3-none-any.whl (298 kB)
aws_instance.bastion (remote-exec):      ━━━━━━━━━━━━━━━━━━━━━━━━━━━━━━━━━━━━━━ 298.6/298.6 kB 42.5 MB/s eta 0:00:00
aws_instance.bastion (remote-exec): Collecting zope-event==4.5.0
aws_instance.bastion (remote-exec):   Downloading zope.event-4.5.0-py2.py3-none-any.whl (6.8 kB)
aws_instance.bastion (remote-exec): Collecting zope-interface==5.1.0
aws_instance.bastion (remote-exec):   Downloading zope.interface-5.1.0-cp38-cp38-manylinux2010_x86_64.whl (243 kB)
aws_instance.bastion (remote-exec):      ━━━━━━━━━━━━━━━━━━━━━━━━━━━━━━━━━━━━━━ 243.2/243.2 kB 35.3 MB/s eta 0:00:00
aws_instance.bastion (remote-exec): Requirement already satisfied: setuptools in /usr/local/lib/python3.8/site-packages (from gevent==20.12.1->-r requirements.txt (line 26)) (57.5.0)
aws_instance.bastion (remote-exec): Building wheels for collected packages: flask-basicauth, psutil
aws_instance.bastion (remote-exec):   Building wheel for flask-basicauth (setup.py): started
aws_instance.bastion: Still creating... [8m50s elapsed]
aws_instance.bastion (remote-exec):   Building wheel for flask-basicauth (setup.py): finished with status 'done'
aws_instance.bastion (remote-exec):   Created wheel for flask-basicauth: filename=Flask_BasicAuth-0.2.0-py3-none-any.whl size=4243 sha256=c5e54b0236a0f2c60331ac27a1cda8e5fe8ce3af6e8807eb0136c578c56340ff
aws_instance.bastion (remote-exec):   Stored in directory: /root/.cache/pip/wheels/58/74/bd/38e8fd3609bc962b1d807de1f96732ba088908cb1d242e6683
aws_instance.bastion (remote-exec):   Building wheel for psutil (setup.py): started
aws_instance.bastion (remote-exec):   Building wheel for psutil (setup.py): finished with status 'done'
aws_instance.bastion (remote-exec):   Created wheel for psutil: filename=psutil-5.7.2-cp38-cp38-linux_x86_64.whl size=272720 sha256=1f62d7ad3159d80bb8eda4f186e05eaca4402adbc6fa61a4789be8eaa7d42300
aws_instance.bastion (remote-exec):   Stored in directory: /root/.cache/pip/wheels/91/cf/b0/0c9998060b55ca80ea7a50a8639c3bdc6ba886eeff014bc9ac
aws_instance.bastion (remote-exec): Successfully built flask-basicauth psutil
aws_instance.bastion (remote-exec): Installing collected packages: msgpack, greenlet, certifi, zope-interface, zope-event, werkzeug, urllib3, six, pyzmq, psutil, markupsafe, itsdangerous, idna, configargparse, click, charset-normalizer, requests, jinja2, gevent, geventhttpclient, flask, flask-cors, flask-basicauth, locust
aws_eks_node_group.oblimanual-kluster-ng: Still creating... [50s elapsed]
aws_instance.bastion (remote-exec): Successfully installed certifi-2020.12.5 charset-normalizer-2.0.10 click-7.1.2 configargparse-1.5.3 flask-1.1.2 flask-basicauth-0.2.0 flask-cors-3.0.10 gevent-20.12.1 geventhttpclient-1.4.4 greenlet-0.4.17 idna-2.10 itsdangerous-1.1.0 jinja2-2.11.3 locust-1.6.0 markupsafe-1.1.1 msgpack-1.0.0 psutil-5.7.2 pyzmq-19.0.2 requests-2.27.1 six-1.15.0 urllib3-1.26.9 werkzeug-1.0.1 zope-event-4.5.0 zope-interface-5.1.0
aws_instance.bastion (remote-exec): [91mWARNING: Running pip as the 'root' user can result in broken permissions and conflicting behaviour with the system package manager. It is recommended to use a virtual environment instead: https://pip.pypa.io/warnings/venv
aws_instance.bastion (remote-exec): [0m
aws_instance.bastion (remote-exec): [91m
aws_instance.bastion (remote-exec): [notice] A new release of pip is available: 23.0.1 -> 23.1.2
aws_instance.bastion (remote-exec): [notice] To update, run: pip install --upgrade pip
aws_instance.bastion (remote-exec): [0m
aws_instance.bastion (remote-exec): Removing intermediate container 459d32fe88b6
aws_instance.bastion (remote-exec):  ---> ab8b629c2107
aws_instance.bastion (remote-exec): Step 6/11 : FROM base
aws_instance.bastion (remote-exec):  ---> d71f65ed6f4b
aws_instance.bastion (remote-exec): Step 7/11 : WORKDIR /loadgen
aws_instance.bastion (remote-exec):  ---> Running in 7054b80d4cba
aws_instance.bastion (remote-exec): Removing intermediate container 7054b80d4cba
aws_instance.bastion (remote-exec):  ---> c58df04df441
aws_instance.bastion (remote-exec): Step 8/11 : COPY --from=builder /install /usr/local
aws_instance.bastion (remote-exec):  ---> 15878d19b4e6
aws_instance.bastion (remote-exec): Step 9/11 : COPY locustfile.py .
aws_instance.bastion (remote-exec):  ---> f79eb8ae541a
aws_instance.bastion (remote-exec): Step 10/11 : ENV GEVENT_SUPPORT=True
aws_instance.bastion (remote-exec):  ---> Running in ae4328bcbf80
aws_instance.bastion (remote-exec): Removing intermediate container ae4328bcbf80
aws_instance.bastion (remote-exec):  ---> 0298f94675b5
aws_instance.bastion (remote-exec): Step 11/11 : ENTRYPOINT locust --host="http://${FRONTEND_ADDR}" --headless -u "${USERS:-10}" 2>&1
aws_instance.bastion (remote-exec):  ---> Running in d0ef8a99dcd0
aws_instance.bastion (remote-exec): Removing intermediate container d0ef8a99dcd0
aws_instance.bastion (remote-exec):  ---> 5361c4c8024a
aws_instance.bastion (remote-exec): Successfully built 5361c4c8024a
aws_instance.bastion (remote-exec): Successfully tagged loadgenerator:latest
aws_instance.bastion (remote-exec): The push refers to repository [406235964731.dkr.ecr.us-east-1.amazonaws.com/loadgenerator]
aws_instance.bastion (remote-exec): 1a82c09ba163: Preparing
aws_instance.bastion (remote-exec): e316532a2841: Preparing
aws_instance.bastion (remote-exec): 096d3c0458cc: Preparing
aws_instance.bastion (remote-exec): 2479d5fb97b4: Preparing
aws_instance.bastion (remote-exec): 68c6b127afc2: Preparing
aws_instance.bastion (remote-exec): e511bb88a1b1: Preparing
aws_instance.bastion (remote-exec): 1c6b14218f27: Preparing
aws_instance.bastion (remote-exec): ac4d164fef90: Preparing
aws_instance.bastion (remote-exec): e511bb88a1b1: Waiting
aws_instance.bastion (remote-exec): 1c6b14218f27: Waiting
aws_instance.bastion (remote-exec): ac4d164fef90: Waiting
aws_instance.bastion (remote-exec): 096d3c0458cc: Pushed
aws_instance.bastion (remote-exec): 1a82c09ba163: Pushed
aws_instance.bastion (remote-exec): 68c6b127afc2: Pushed
aws_instance.bastion (remote-exec): 2479d5fb97b4: Pushed
aws_instance.bastion: Still creating... [9m0s elapsed]
aws_instance.bastion (remote-exec): 1c6b14218f27: Pushed
aws_instance.bastion (remote-exec): e316532a2841: Pushed
aws_eks_node_group.oblimanual-kluster-ng: Still creating... [1m0s elapsed]
aws_instance.bastion (remote-exec): e511bb88a1b1: Pushed
aws_instance.bastion (remote-exec): ac4d164fef90: Pushed
aws_instance.bastion (remote-exec): latest: digest: sha256:668579a5894fbbfbd3cfe1e848dea7d13abea1a853499945ffb015ecc6dbd285 size: 1996
aws_instance.bastion (remote-exec): Haciendo el build para: paymentservice...
aws_instance.bastion (remote-exec): Sending build context to Docker daemon  302.6kB
aws_instance.bastion (remote-exec): Step 1/13 : FROM node:16-alpine as base
aws_instance.bastion (remote-exec):  ---> d22e42cbfdbb
aws_instance.bastion (remote-exec): Step 2/13 : FROM base as builder
aws_instance.bastion (remote-exec):  ---> d22e42cbfdbb
aws_instance.bastion (remote-exec): Step 3/13 : RUN apk add --update --no-cache     python3     make     g++
aws_instance.bastion (remote-exec):  ---> Using cache
aws_instance.bastion (remote-exec):  ---> ac24943349e4
aws_instance.bastion (remote-exec): Step 4/13 : WORKDIR /usr/src/app
aws_instance.bastion (remote-exec):  ---> Using cache
aws_instance.bastion (remote-exec):  ---> 27ad18f3d85f
aws_instance.bastion (remote-exec): Step 5/13 : COPY package*.json ./
aws_instance.bastion (remote-exec):  ---> 62234bd4c2ee
aws_instance.bastion (remote-exec): Step 6/13 : RUN npm install --only=production
aws_instance.bastion (remote-exec):  ---> Running in 145c88da08f7
aws_instance.bastion (remote-exec): [91mnpm[0m[91m WARN config only Use `--omit=dev` to omit dev dependencies from the install.
aws_instance.bastion (remote-exec): [0m
aws_instance.bastion: Still creating... [9m10s elapsed]
aws_instance.bastion (remote-exec): [91mnpm[0m[91m WARN deprecated uuid@3.4.0: Please upgrade  to version 7 or higher.  Older versions may use Math.random() in certain circumstances, which is known to be problematic.  See https://v8.dev/blog/math-random for details.
aws_instance.bastion (remote-exec): [0m
aws_eks_node_group.oblimanual-kluster-ng: Still creating... [1m10s elapsed]

aws_instance.bastion (remote-exec): added 192 packages, and audited 193 packages in 5s

aws_instance.bastion (remote-exec): 16 packages are looking for funding
aws_instance.bastion (remote-exec):   run `npm fund` for details

aws_instance.bastion (remote-exec): 7 vulnerabilities (4 moderate, 3 high)

aws_instance.bastion (remote-exec): To address all issues, run:
aws_instance.bastion (remote-exec):   npm audit fix

aws_instance.bastion (remote-exec): Run `npm audit` for details.
aws_instance.bastion (remote-exec): [91mnpm notice
aws_instance.bastion (remote-exec): npm notice New major version of npm available! 8.19.4 -> 9.7.2
aws_instance.bastion (remote-exec): npm notice[0m[91m Changelog: <https://github.com/npm/cli/releases/tag/v9.7.2>
aws_instance.bastion (remote-exec): npm notice Run `npm install -g npm@9.7.2` to update!
aws_instance.bastion (remote-exec): npm notice
aws_instance.bastion (remote-exec): [0m
aws_instance.bastion (remote-exec): Removing intermediate container 145c88da08f7
aws_instance.bastion (remote-exec):  ---> 590677761ed2
aws_instance.bastion (remote-exec): Step 7/13 : FROM base
aws_instance.bastion (remote-exec):  ---> d22e42cbfdbb
aws_instance.bastion (remote-exec): Step 8/13 : RUN GRPC_HEALTH_PROBE_VERSION=v0.4.11 &&     wget -qO/bin/grpc_health_probe https://github.com/grpc-ecosystem/grpc-health-probe/releases/download/${GRPC_HEALTH_PROBE_VERSION}/grpc_health_probe-linux-amd64 &&     chmod +x /bin/grpc_health_probe
aws_instance.bastion (remote-exec):  ---> Using cache
aws_instance.bastion (remote-exec):  ---> d09193ac3d97
aws_instance.bastion (remote-exec): Step 9/13 : WORKDIR /usr/src/app
aws_instance.bastion (remote-exec):  ---> Using cache
aws_instance.bastion (remote-exec):  ---> 418064d0f4f3
aws_instance.bastion (remote-exec): Step 10/13 : COPY --from=builder /usr/src/app/node_modules ./node_modules
aws_instance.bastion: Still creating... [9m20s elapsed]
aws_instance.bastion (remote-exec):  ---> 1080b379c4b9
aws_instance.bastion (remote-exec): Step 11/13 : COPY . .
aws_instance.bastion (remote-exec):  ---> 56c30bf9038b
aws_instance.bastion (remote-exec): Step 12/13 : EXPOSE 50051
aws_instance.bastion (remote-exec):  ---> Running in 4a4d571ca5ed
aws_instance.bastion (remote-exec): Removing intermediate container 4a4d571ca5ed
aws_instance.bastion (remote-exec):  ---> f0d70daf33b1
aws_instance.bastion (remote-exec): Step 13/13 : ENTRYPOINT [ "node", "index.js" ]
aws_instance.bastion (remote-exec):  ---> Running in 395cd3cd4b57
aws_instance.bastion (remote-exec): Removing intermediate container 395cd3cd4b57
aws_instance.bastion (remote-exec):  ---> e8ab2613174a
aws_instance.bastion (remote-exec): Successfully built e8ab2613174a
aws_instance.bastion (remote-exec): Successfully tagged paymentservice:latest
aws_instance.bastion (remote-exec): The push refers to repository [406235964731.dkr.ecr.us-east-1.amazonaws.com/paymentservice]
aws_instance.bastion (remote-exec): 0bb9a40db59c: Preparing
aws_instance.bastion (remote-exec): 1148c8117b2d: Preparing
aws_instance.bastion (remote-exec): 80d55abb50dc: Preparing
aws_instance.bastion (remote-exec): dd33fc8d12f1: Preparing
aws_instance.bastion (remote-exec): 7b71a9bb851a: Preparing
aws_instance.bastion (remote-exec): 323c772d0cd8: Preparing
aws_instance.bastion (remote-exec): 87820ee0191d: Preparing
aws_instance.bastion (remote-exec): 78a822fe2a2d: Preparing
aws_instance.bastion (remote-exec): 323c772d0cd8: Waiting
aws_instance.bastion (remote-exec): 87820ee0191d: Waiting
aws_instance.bastion (remote-exec): 78a822fe2a2d: Waiting
aws_eks_node_group.oblimanual-kluster-ng: Still creating... [1m20s elapsed]
aws_instance.bastion (remote-exec): 0bb9a40db59c: Pushed
aws_instance.bastion (remote-exec): 7b71a9bb851a: Pushed
aws_instance.bastion (remote-exec): 80d55abb50dc: Pushed
aws_instance.bastion (remote-exec): dd33fc8d12f1: Pushed
aws_instance.bastion (remote-exec): 323c772d0cd8: Pushed
aws_instance.bastion (remote-exec): 78a822fe2a2d: Pushed
aws_instance.bastion (remote-exec): 1148c8117b2d: Pushed
aws_instance.bastion (remote-exec): 87820ee0191d: Pushed
aws_instance.bastion (remote-exec): latest: digest: sha256:2373c06f980498a6126ea090871b2c2d08a874c70d800685d1635c59df71ef4e size: 1996
aws_instance.bastion (remote-exec): Haciendo el build para: productcatalogservice...
aws_instance.bastion (remote-exec): Sending build context to Docker daemon  184.8kB
aws_instance.bastion: Still creating... [9m30s elapsed]
aws_instance.bastion (remote-exec): Step 1/18 : FROM golang:1.18.2-alpine AS builder
aws_instance.bastion (remote-exec):  ---> 5432f005be2d
aws_instance.bastion (remote-exec): Step 2/18 : RUN apk add --no-cache ca-certificates git
aws_instance.bastion (remote-exec):  ---> Using cache
aws_instance.bastion (remote-exec):  ---> 142be54d4486
aws_instance.bastion (remote-exec): Step 3/18 : RUN apk add build-base
aws_instance.bastion (remote-exec):  ---> Using cache
aws_instance.bastion (remote-exec):  ---> add9dbeb40fa
aws_instance.bastion (remote-exec): Step 4/18 : WORKDIR /src
aws_instance.bastion (remote-exec):  ---> Using cache
aws_instance.bastion (remote-exec):  ---> aecfa83eb6d6
aws_instance.bastion (remote-exec): Step 5/18 : COPY go.mod go.sum ./
aws_instance.bastion (remote-exec):  ---> 128b14e2a594
aws_instance.bastion (remote-exec): Step 6/18 : RUN go mod download
aws_instance.bastion (remote-exec):  ---> Running in e131d5365f9a
aws_eks_node_group.oblimanual-kluster-ng: Still creating... [1m30s elapsed]
aws_instance.bastion: Still creating... [9m40s elapsed]
aws_eks_node_group.oblimanual-kluster-ng: Still creating... [1m40s elapsed]
aws_instance.bastion: Still creating... [9m50s elapsed]
aws_eks_node_group.oblimanual-kluster-ng: Still creating... [1m50s elapsed]
aws_instance.bastion (remote-exec): Removing intermediate container e131d5365f9a
aws_instance.bastion (remote-exec):  ---> f4ecb6e6c6ac
aws_instance.bastion (remote-exec): Step 7/18 : COPY . .
aws_instance.bastion (remote-exec):  ---> 8dcca6a0e23e
aws_instance.bastion (remote-exec): Step 8/18 : ARG SKAFFOLD_GO_GCFLAGS
aws_instance.bastion (remote-exec):  ---> Running in 1b74ce3b44a3
aws_instance.bastion (remote-exec): Removing intermediate container 1b74ce3b44a3
aws_instance.bastion (remote-exec):  ---> d523201c5861
aws_instance.bastion (remote-exec): Step 9/18 : RUN go build -gcflags="${SKAFFOLD_GO_GCFLAGS}" -o /productcatalogservice .
aws_instance.bastion (remote-exec):  ---> Running in 3d05f138096c
aws_instance.bastion: Still creating... [10m0s elapsed]
aws_eks_node_group.oblimanual-kluster-ng: Still creating... [2m0s elapsed]
aws_eks_node_group.oblimanual-kluster-ng: Creation complete after 2m1s [id=oblimanual-kluster:oblimanual-kluster-ng]
aws_instance.bastion: Still creating... [10m10s elapsed]
aws_instance.bastion: Still creating... [10m20s elapsed]
aws_instance.bastion (remote-exec): Removing intermediate container 3d05f138096c
aws_instance.bastion (remote-exec):  ---> b85c83a6a5ab
aws_instance.bastion (remote-exec): Step 10/18 : FROM alpine AS release
aws_instance.bastion (remote-exec):  ---> c1aabb73d233
aws_instance.bastion (remote-exec): Step 11/18 : RUN apk add --no-cache ca-certificates
aws_instance.bastion (remote-exec):  ---> Using cache
aws_instance.bastion (remote-exec):  ---> 67bb971e7e52
aws_instance.bastion (remote-exec): Step 12/18 : RUN GRPC_HEALTH_PROBE_VERSION=v0.4.11 &&     wget -qO/bin/grpc_health_probe https://github.com/grpc-ecosystem/grpc-health-probe/releases/download/${GRPC_HEALTH_PROBE_VERSION}/grpc_health_probe-linux-amd64 &&     chmod +x /bin/grpc_health_probe
aws_instance.bastion (remote-exec):  ---> Using cache
aws_instance.bastion (remote-exec):  ---> be6df069514f
aws_instance.bastion (remote-exec): Step 13/18 : WORKDIR /src
aws_instance.bastion (remote-exec):  ---> Using cache
aws_instance.bastion (remote-exec):  ---> 0858a1478fb5
aws_instance.bastion (remote-exec): Step 14/18 : COPY --from=builder /productcatalogservice ./server
aws_instance.bastion (remote-exec):  ---> 710a67671468
aws_instance.bastion (remote-exec): Step 15/18 : COPY products.json .
aws_instance.bastion (remote-exec):  ---> bb7b4152104e
aws_instance.bastion (remote-exec): Step 16/18 : ENV GOTRACEBACK=single
aws_instance.bastion (remote-exec):  ---> Running in cfa5e08ba0ee
aws_instance.bastion (remote-exec): Removing intermediate container cfa5e08ba0ee
aws_instance.bastion (remote-exec):  ---> 309440750521
aws_instance.bastion (remote-exec): Step 17/18 : EXPOSE 3550
aws_instance.bastion (remote-exec):  ---> Running in d21698a92ab1
aws_instance.bastion (remote-exec): Removing intermediate container d21698a92ab1
aws_instance.bastion (remote-exec):  ---> 808ae283e423
aws_instance.bastion (remote-exec): Step 18/18 : ENTRYPOINT ["/src/server"]
aws_instance.bastion (remote-exec):  ---> Running in 478d6f087007
aws_instance.bastion (remote-exec): Removing intermediate container 478d6f087007
aws_instance.bastion (remote-exec):  ---> 5ab086041132
aws_instance.bastion (remote-exec): Successfully built 5ab086041132
aws_instance.bastion (remote-exec): Successfully tagged productcatalogservice:latest
aws_instance.bastion (remote-exec): The push refers to repository [406235964731.dkr.ecr.us-east-1.amazonaws.com/productcatalogservice]
aws_instance.bastion (remote-exec): c375666c1a6e: Preparing
aws_instance.bastion (remote-exec): 8917afd082f1: Preparing
aws_instance.bastion (remote-exec): d3b06d163abf: Preparing
aws_instance.bastion (remote-exec): db4ac6d0b1d9: Preparing
aws_instance.bastion (remote-exec): 2cc174422149: Preparing
aws_instance.bastion (remote-exec): 78a822fe2a2d: Preparing
aws_instance.bastion (remote-exec): 78a822fe2a2d: Waiting
aws_instance.bastion (remote-exec): c375666c1a6e: Pushed
aws_instance.bastion (remote-exec): d3b06d163abf: Pushed
aws_instance.bastion (remote-exec): 2cc174422149: Pushed
aws_instance.bastion (remote-exec): db4ac6d0b1d9: Pushed
aws_instance.bastion (remote-exec): 8917afd082f1: Pushed
aws_instance.bastion (remote-exec): 78a822fe2a2d: Pushed
aws_instance.bastion: Still creating... [10m30s elapsed]
aws_instance.bastion (remote-exec): latest: digest: sha256:4d1f80c464e6e8e1863d1b7cd1f8f292c10e97f1bab8a69dd5a77fdcc8216357 size: 1573
aws_instance.bastion (remote-exec): Haciendo el build para: recommendationservice...
aws_instance.bastion (remote-exec): Sending build context to Docker daemon    106kB
aws_instance.bastion (remote-exec): Step 1/11 : FROM python:3.7-slim
aws_instance.bastion (remote-exec):  ---> 91eb83acdff2
aws_instance.bastion (remote-exec): Step 2/11 : RUN apt-get update -qqy && 	apt-get -qqy install wget g++ && 	rm -rf /var/lib/apt/lists/*
aws_instance.bastion (remote-exec):  ---> Running in f5138026b11a
aws_instance.bastion (remote-exec): [91mdebconf: delaying package configuration, since apt-utils is not installed
aws_instance.bastion (remote-exec): [0mSelecting previously unselected package libpsl5:amd64.
aws_instance.bastion (remote-exec): (Reading database ...
aws_instance.bastion (remote-exec): (Reading database ... 5%
aws_instance.bastion (remote-exec): (Reading database ... 10%
aws_instance.bastion (remote-exec): (Reading database ... 15%
aws_instance.bastion (remote-exec): (Reading database ... 20%
aws_instance.bastion (remote-exec): (Reading database ... 25%
aws_instance.bastion (remote-exec): (Reading database ... 30%
aws_instance.bastion (remote-exec): (Reading database ... 35%
aws_instance.bastion (remote-exec): (Reading database ... 40%
aws_instance.bastion (remote-exec): (Reading database ... 45%
aws_instance.bastion (remote-exec): (Reading database ... 50%
aws_instance.bastion (remote-exec): (Reading database ... 55%
aws_instance.bastion (remote-exec): (Reading database ... 60%
aws_instance.bastion (remote-exec): (Reading database ... 65%
aws_instance.bastion (remote-exec): (Reading database ... 70%
aws_instance.bastion (remote-exec): (Reading database ... 75%
aws_instance.bastion (remote-exec): (Reading database ... 80%
aws_instance.bastion (remote-exec): (Reading database ... 85%
aws_instance.bastion (remote-exec): (Reading database ... 90%
aws_instance.bastion (remote-exec): (Reading database ... 95%
aws_instance.bastion (remote-exec): (Reading database ... 100%
aws_instance.bastion (remote-exec): (Reading database ... 8386 files and directories currently installed.)
aws_instance.bastion (remote-exec): Preparing to unpack .../00-libpsl5_0.21.2-1_amd64.deb ...
aws_instance.bastion (remote-exec): Unpacking libpsl5:amd64 (0.21.2-1) ...
aws_instance.bastion (remote-exec): Selecting previously unselected package wget.
aws_instance.bastion (remote-exec): Preparing to unpack .../01-wget_1.21.3-1+b2_amd64.deb ...
aws_instance.bastion (remote-exec): Unpacking wget (1.21.3-1+b2) ...
aws_instance.bastion (remote-exec): Selecting previously unselected package binutils-common:amd64.
aws_instance.bastion (remote-exec): Preparing to unpack .../02-binutils-common_2.40-2_amd64.deb ...
aws_instance.bastion (remote-exec): Unpacking binutils-common:amd64 (2.40-2) ...
aws_instance.bastion (remote-exec): Selecting previously unselected package libbinutils:amd64.
aws_instance.bastion (remote-exec): Preparing to unpack .../03-libbinutils_2.40-2_amd64.deb ...
aws_instance.bastion (remote-exec): Unpacking libbinutils:amd64 (2.40-2) ...
aws_instance.bastion (remote-exec): Selecting previously unselected package libctf-nobfd0:amd64.
aws_instance.bastion (remote-exec): Preparing to unpack .../04-libctf-nobfd0_2.40-2_amd64.deb ...
aws_instance.bastion (remote-exec): Unpacking libctf-nobfd0:amd64 (2.40-2) ...
aws_instance.bastion (remote-exec): Selecting previously unselected package libctf0:amd64.
aws_instance.bastion (remote-exec): Preparing to unpack .../05-libctf0_2.40-2_amd64.deb ...
aws_instance.bastion (remote-exec): Unpacking libctf0:amd64 (2.40-2) ...
aws_instance.bastion (remote-exec): Selecting previously unselected package libgprofng0:amd64.
aws_instance.bastion (remote-exec): Preparing to unpack .../06-libgprofng0_2.40-2_amd64.deb ...
aws_instance.bastion (remote-exec): Unpacking libgprofng0:amd64 (2.40-2) ...
aws_instance.bastion (remote-exec): Selecting previously unselected package libjansson4:amd64.
aws_instance.bastion (remote-exec): Preparing to unpack .../07-libjansson4_2.14-2_amd64.deb ...
aws_instance.bastion (remote-exec): Unpacking libjansson4:amd64 (2.14-2) ...
aws_instance.bastion (remote-exec): Selecting previously unselected package binutils-x86-64-linux-gnu.
aws_instance.bastion (remote-exec): Preparing to unpack .../08-binutils-x86-64-linux-gnu_2.40-2_amd64.deb ...
aws_instance.bastion (remote-exec): Unpacking binutils-x86-64-linux-gnu (2.40-2) ...
aws_instance.bastion (remote-exec): Selecting previously unselected package binutils.
aws_instance.bastion (remote-exec): Preparing to unpack .../09-binutils_2.40-2_amd64.deb ...
aws_instance.bastion (remote-exec): Unpacking binutils (2.40-2) ...
aws_instance.bastion (remote-exec): Selecting previously unselected package libisl23:amd64.
aws_instance.bastion (remote-exec): Preparing to unpack .../10-libisl23_0.25-1_amd64.deb ...
aws_instance.bastion (remote-exec): Unpacking libisl23:amd64 (0.25-1) ...
aws_instance.bastion (remote-exec): Selecting previously unselected package libmpfr6:amd64.
aws_instance.bastion (remote-exec): Preparing to unpack .../11-libmpfr6_4.2.0-1_amd64.deb ...
aws_instance.bastion (remote-exec): Unpacking libmpfr6:amd64 (4.2.0-1) ...
aws_instance.bastion (remote-exec): Selecting previously unselected package libmpc3:amd64.
aws_instance.bastion (remote-exec): Preparing to unpack .../12-libmpc3_1.3.1-1_amd64.deb ...
aws_instance.bastion (remote-exec): Unpacking libmpc3:amd64 (1.3.1-1) ...
aws_instance.bastion (remote-exec): Selecting previously unselected package cpp-12.
aws_instance.bastion (remote-exec): Preparing to unpack .../13-cpp-12_12.2.0-14_amd64.deb ...
aws_instance.bastion (remote-exec): Unpacking cpp-12 (12.2.0-14) ...
aws_instance.bastion (remote-exec): Selecting previously unselected package cpp.
aws_instance.bastion (remote-exec): Preparing to unpack .../14-cpp_4%3a12.2.0-3_amd64.deb ...
aws_instance.bastion (remote-exec): Unpacking cpp (4:12.2.0-3) ...
aws_instance.bastion (remote-exec): Selecting previously unselected package libcc1-0:amd64.
aws_instance.bastion (remote-exec): Preparing to unpack .../15-libcc1-0_12.2.0-14_amd64.deb ...
aws_instance.bastion (remote-exec): Unpacking libcc1-0:amd64 (12.2.0-14) ...
aws_instance.bastion (remote-exec): Selecting previously unselected package libgomp1:amd64.
aws_instance.bastion (remote-exec): Preparing to unpack .../16-libgomp1_12.2.0-14_amd64.deb ...
aws_instance.bastion (remote-exec): Unpacking libgomp1:amd64 (12.2.0-14) ...
aws_instance.bastion (remote-exec): Selecting previously unselected package libitm1:amd64.
aws_instance.bastion (remote-exec): Preparing to unpack .../17-libitm1_12.2.0-14_amd64.deb ...
aws_instance.bastion (remote-exec): Unpacking libitm1:amd64 (12.2.0-14) ...
aws_instance.bastion (remote-exec): Selecting previously unselected package libatomic1:amd64.
aws_instance.bastion (remote-exec): Preparing to unpack .../18-libatomic1_12.2.0-14_amd64.deb ...
aws_instance.bastion (remote-exec): Unpacking libatomic1:amd64 (12.2.0-14) ...
aws_instance.bastion (remote-exec): Selecting previously unselected package libasan8:amd64.
aws_instance.bastion (remote-exec): Preparing to unpack .../19-libasan8_12.2.0-14_amd64.deb ...
aws_instance.bastion (remote-exec): Unpacking libasan8:amd64 (12.2.0-14) ...
aws_instance.bastion (remote-exec): Selecting previously unselected package liblsan0:amd64.
aws_instance.bastion (remote-exec): Preparing to unpack .../20-liblsan0_12.2.0-14_amd64.deb ...
aws_instance.bastion (remote-exec): Unpacking liblsan0:amd64 (12.2.0-14) ...
aws_instance.bastion (remote-exec): Selecting previously unselected package libtsan2:amd64.
aws_instance.bastion (remote-exec): Preparing to unpack .../21-libtsan2_12.2.0-14_amd64.deb ...
aws_instance.bastion (remote-exec): Unpacking libtsan2:amd64 (12.2.0-14) ...
aws_instance.bastion (remote-exec): Selecting previously unselected package libubsan1:amd64.
aws_instance.bastion (remote-exec): Preparing to unpack .../22-libubsan1_12.2.0-14_amd64.deb ...
aws_instance.bastion (remote-exec): Unpacking libubsan1:amd64 (12.2.0-14) ...
aws_instance.bastion (remote-exec): Selecting previously unselected package libquadmath0:amd64.
aws_instance.bastion (remote-exec): Preparing to unpack .../23-libquadmath0_12.2.0-14_amd64.deb ...
aws_instance.bastion (remote-exec): Unpacking libquadmath0:amd64 (12.2.0-14) ...
aws_instance.bastion (remote-exec): Selecting previously unselected package libgcc-12-dev:amd64.
aws_instance.bastion (remote-exec): Preparing to unpack .../24-libgcc-12-dev_12.2.0-14_amd64.deb ...
aws_instance.bastion (remote-exec): Unpacking libgcc-12-dev:amd64 (12.2.0-14) ...
aws_instance.bastion (remote-exec): Selecting previously unselected package gcc-12.
aws_instance.bastion (remote-exec): Preparing to unpack .../25-gcc-12_12.2.0-14_amd64.deb ...
aws_instance.bastion (remote-exec): Unpacking gcc-12 (12.2.0-14) ...
aws_instance.bastion (remote-exec): Selecting previously unselected package gcc.
aws_instance.bastion (remote-exec): Preparing to unpack .../26-gcc_4%3a12.2.0-3_amd64.deb ...
aws_instance.bastion (remote-exec): Unpacking gcc (4:12.2.0-3) ...
aws_instance.bastion (remote-exec): Selecting previously unselected package libstdc++-12-dev:amd64.
aws_instance.bastion (remote-exec): Preparing to unpack .../27-libstdc++-12-dev_12.2.0-14_amd64.deb ...
aws_instance.bastion (remote-exec): Unpacking libstdc++-12-dev:amd64 (12.2.0-14) ...
aws_instance.bastion: Still creating... [10m40s elapsed]
aws_instance.bastion (remote-exec): Selecting previously unselected package g++-12.
aws_instance.bastion (remote-exec): Preparing to unpack .../28-g++-12_12.2.0-14_amd64.deb ...
aws_instance.bastion (remote-exec): Unpacking g++-12 (12.2.0-14) ...
aws_instance.bastion (remote-exec): Selecting previously unselected package g++.
aws_instance.bastion (remote-exec): Preparing to unpack .../29-g++_4%3a12.2.0-3_amd64.deb ...
aws_instance.bastion (remote-exec): Unpacking g++ (4:12.2.0-3) ...
aws_instance.bastion (remote-exec): Selecting previously unselected package publicsuffix.
aws_instance.bastion (remote-exec): Preparing to unpack .../30-publicsuffix_20230209.2326-1_all.deb ...
aws_instance.bastion (remote-exec): Unpacking publicsuffix (20230209.2326-1) ...
aws_instance.bastion (remote-exec): Setting up libpsl5:amd64 (0.21.2-1) ...
aws_instance.bastion (remote-exec): Setting up wget (1.21.3-1+b2) ...
aws_instance.bastion (remote-exec): Setting up binutils-common:amd64 (2.40-2) ...
aws_instance.bastion (remote-exec): Setting up libctf-nobfd0:amd64 (2.40-2) ...
aws_instance.bastion (remote-exec): Setting up libgomp1:amd64 (12.2.0-14) ...
aws_instance.bastion (remote-exec): Setting up libjansson4:amd64 (2.14-2) ...
aws_instance.bastion (remote-exec): Setting up libmpfr6:amd64 (4.2.0-1) ...
aws_instance.bastion (remote-exec): Setting up libquadmath0:amd64 (12.2.0-14) ...
aws_instance.bastion (remote-exec): Setting up libmpc3:amd64 (1.3.1-1) ...
aws_instance.bastion (remote-exec): Setting up libatomic1:amd64 (12.2.0-14) ...
aws_instance.bastion (remote-exec): Setting up libubsan1:amd64 (12.2.0-14) ...
aws_instance.bastion (remote-exec): Setting up libasan8:amd64 (12.2.0-14) ...
aws_instance.bastion (remote-exec): Setting up libtsan2:amd64 (12.2.0-14) ...
aws_instance.bastion (remote-exec): Setting up libbinutils:amd64 (2.40-2) ...
aws_instance.bastion (remote-exec): Setting up libisl23:amd64 (0.25-1) ...
aws_instance.bastion (remote-exec): Setting up publicsuffix (20230209.2326-1) ...
aws_instance.bastion (remote-exec): Setting up libcc1-0:amd64 (12.2.0-14) ...
aws_instance.bastion (remote-exec): Setting up liblsan0:amd64 (12.2.0-14) ...
aws_instance.bastion (remote-exec): Setting up libitm1:amd64 (12.2.0-14) ...
aws_instance.bastion (remote-exec): Setting up libctf0:amd64 (2.40-2) ...
aws_instance.bastion (remote-exec): Setting up cpp-12 (12.2.0-14) ...
aws_instance.bastion (remote-exec): Setting up libgprofng0:amd64 (2.40-2) ...
aws_instance.bastion (remote-exec): Setting up libgcc-12-dev:amd64 (12.2.0-14) ...
aws_instance.bastion (remote-exec): Setting up cpp (4:12.2.0-3) ...
aws_instance.bastion (remote-exec): Setting up binutils-x86-64-linux-gnu (2.40-2) ...
aws_instance.bastion (remote-exec): Setting up libstdc++-12-dev:amd64 (12.2.0-14) ...
aws_instance.bastion (remote-exec): Setting up binutils (2.40-2) ...
aws_instance.bastion (remote-exec): Setting up gcc-12 (12.2.0-14) ...
aws_instance.bastion (remote-exec): Setting up g++-12 (12.2.0-14) ...
aws_instance.bastion (remote-exec): Setting up gcc (4:12.2.0-3) ...
aws_instance.bastion (remote-exec): Setting up g++ (4:12.2.0-3) ...
aws_instance.bastion (remote-exec): update-alternatives: using /usr/bin/g++ to provide /usr/bin/c++ (c++) in auto mode
aws_instance.bastion (remote-exec): Processing triggers for libc-bin (2.36-9) ...
aws_instance.bastion (remote-exec): Removing intermediate container f5138026b11a
aws_instance.bastion (remote-exec):  ---> be2326aa715f
aws_instance.bastion (remote-exec): Step 3/11 : ENV PYTHONUNBUFFERED=0
aws_instance.bastion (remote-exec):  ---> Running in cd7e8bc487a9
aws_instance.bastion (remote-exec): Removing intermediate container cd7e8bc487a9
aws_instance.bastion (remote-exec):  ---> ed3a48d98623
aws_instance.bastion (remote-exec): Step 4/11 : RUN GRPC_HEALTH_PROBE_VERSION=v0.4.11 &&     wget -qO/bin/grpc_health_probe https://github.com/grpc-ecosystem/grpc-health-probe/releases/download/${GRPC_HEALTH_PROBE_VERSION}/grpc_health_probe-linux-amd64 &&     chmod +x /bin/grpc_health_probe
aws_instance.bastion (remote-exec):  ---> Running in db6f2d7227d4
aws_instance.bastion (remote-exec): Removing intermediate container db6f2d7227d4
aws_instance.bastion (remote-exec):  ---> 2928c337b361
aws_instance.bastion (remote-exec): Step 5/11 : WORKDIR /recommendationservice
aws_instance.bastion (remote-exec):  ---> Running in 73ba0a45ab40
aws_instance.bastion (remote-exec): Removing intermediate container 73ba0a45ab40
aws_instance.bastion (remote-exec):  ---> 13c827d07da0
aws_instance.bastion (remote-exec): Step 6/11 : COPY requirements.txt requirements.txt
aws_instance.bastion (remote-exec):  ---> 7b8db16b36db
aws_instance.bastion (remote-exec): Step 7/11 : RUN pip install -r requirements.txt
aws_instance.bastion (remote-exec):  ---> Running in c38dc1c70b91
aws_instance.bastion (remote-exec): Collecting cachetools==4.2.4
aws_instance.bastion (remote-exec):   Downloading cachetools-4.2.4-py3-none-any.whl (10 kB)
aws_instance.bastion (remote-exec): Collecting certifi==2020.12.5
aws_instance.bastion (remote-exec):   Downloading certifi-2020.12.5-py2.py3-none-any.whl (147 kB)
aws_instance.bastion (remote-exec):      ━━━━━━━━━━━━━━━━━━━━━━━━━━━━━━━━━━━━━━━ 147.5/147.5 kB 7.1 MB/s eta 0:00:00
aws_instance.bastion (remote-exec): Collecting charset-normalizer==2.0.10
aws_instance.bastion (remote-exec):   Downloading charset_normalizer-2.0.10-py3-none-any.whl (39 kB)
aws_instance.bastion (remote-exec): Collecting google-api-core[grpc]==1.31.5
aws_instance.bastion (remote-exec):   Downloading google_api_core-1.31.5-py2.py3-none-any.whl (93 kB)
aws_instance.bastion (remote-exec):      ━━━━━━━━━━━━━━━━━━━━━━━━━━━━━━━━━━━━━━━━ 93.3/93.3 kB 20.6 MB/s eta 0:00:00
aws_instance.bastion (remote-exec): Collecting google-api-python-client==1.12.11
aws_instance.bastion (remote-exec):   Downloading google_api_python_client-1.12.11-py2.py3-none-any.whl (62 kB)
aws_instance.bastion (remote-exec):      ━━━━━━━━━━━━━━━━━━━━━━━━━━━━━━━━━━━━━━━━ 62.1/62.1 kB 14.5 MB/s eta 0:00:00
aws_instance.bastion (remote-exec): Collecting google-auth==1.35.0
aws_instance.bastion (remote-exec):   Downloading google_auth-1.35.0-py2.py3-none-any.whl (152 kB)
aws_instance.bastion (remote-exec):      ━━━━━━━━━━━━━━━━━━━━━━━━━━━━━━━━━━━━━━ 152.9/152.9 kB 30.1 MB/s eta 0:00:00
aws_instance.bastion (remote-exec): Collecting google-auth-httplib2==0.0.4
aws_instance.bastion (remote-exec):   Downloading google_auth_httplib2-0.0.4-py2.py3-none-any.whl (9.1 kB)
aws_instance.bastion (remote-exec): Collecting google-cloud-core==1.5.0
aws_instance.bastion (remote-exec):   Downloading google_cloud_core-1.5.0-py2.py3-none-any.whl (27 kB)
aws_instance.bastion (remote-exec): Collecting google-cloud-monitoring==2.9.1
aws_instance.bastion (remote-exec):   Downloading google_cloud_monitoring-2.9.1-py2.py3-none-any.whl (281 kB)
aws_instance.bastion (remote-exec):      ━━━━━━━━━━━━━━━━━━━━━━━━━━━━━━━━━━━━━━ 281.1/281.1 kB 42.4 MB/s eta 0:00:00
aws_instance.bastion (remote-exec): Collecting google-cloud-profiler==3.0.7
aws_instance.bastion (remote-exec):   Downloading google-cloud-profiler-3.0.7.tar.gz (34 kB)
aws_instance.bastion (remote-exec):   Preparing metadata (setup.py): started
aws_instance.bastion: Still creating... [10m50s elapsed]
aws_instance.bastion (remote-exec):   Preparing metadata (setup.py): finished with status 'done'
aws_instance.bastion (remote-exec): Collecting google-cloud-trace==0.24.0
aws_instance.bastion (remote-exec):   Downloading google_cloud_trace-0.24.0-py2.py3-none-any.whl (77 kB)
aws_instance.bastion (remote-exec):      ━━━━━━━━━━━━━━━━━━━━━━━━━━━━━━━━━━━━━━━━ 77.7/77.7 kB 16.2 MB/s eta 0:00:00
aws_instance.bastion (remote-exec): Collecting google-python-cloud-debugger==2.18
aws_instance.bastion (remote-exec):   Downloading google_python_cloud_debugger-2.18-cp37-cp37m-manylinux_2_5_x86_64.manylinux1_x86_64.whl (769 kB)
aws_instance.bastion (remote-exec):      ━━━━━━━━━━━━━━━━━━━━━━━━━━━━━━━━━━━━━━ 769.1/769.1 kB 61.9 MB/s eta 0:00:00
aws_instance.bastion (remote-exec): Collecting googleapis-common-protos==1.52.0
aws_instance.bastion (remote-exec):   Downloading googleapis_common_protos-1.52.0-py2.py3-none-any.whl (100 kB)
aws_instance.bastion (remote-exec):      ━━━━━━━━━━━━━━━━━━━━━━━━━━━━━━━━━━━━━━ 100.2/100.2 kB 21.7 MB/s eta 0:00:00
aws_instance.bastion (remote-exec): Collecting grpcio==1.44.0
aws_instance.bastion (remote-exec):   Downloading grpcio-1.44.0-cp37-cp37m-manylinux_2_17_x86_64.manylinux2014_x86_64.whl (4.3 MB)
aws_instance.bastion (remote-exec):      ━━━━━━━━━━━━━━━━━━━━━━━━━━━━━━━━━━━━━━━━ 4.3/4.3 MB 74.9 MB/s eta 0:00:00
aws_instance.bastion (remote-exec): Collecting grpcio-health-checking==1.33.2
aws_instance.bastion (remote-exec):   Downloading grpcio-health-checking-1.33.2.tar.gz (11 kB)
aws_instance.bastion (remote-exec):   Preparing metadata (setup.py): started
aws_instance.bastion (remote-exec):   Preparing metadata (setup.py): finished with status 'done'
aws_instance.bastion (remote-exec): Collecting httplib2==0.19.0
aws_instance.bastion (remote-exec):   Downloading httplib2-0.19.0-py3-none-any.whl (95 kB)
aws_instance.bastion (remote-exec):      ━━━━━━━━━━━━━━━━━━━━━━━━━━━━━━━━━━━━━━━━ 95.4/95.4 kB 22.0 MB/s eta 0:00:00
aws_instance.bastion (remote-exec): Collecting idna==2.10
aws_instance.bastion (remote-exec):   Downloading idna-2.10-py2.py3-none-any.whl (58 kB)
aws_instance.bastion (remote-exec):      ━━━━━━━━━━━━━━━━━━━━━━━━━━━━━━━━━━━━━━━━ 58.8/58.8 kB 13.6 MB/s eta 0:00:00
aws_instance.bastion (remote-exec): Collecting opencensus==0.9.0
aws_instance.bastion (remote-exec):   Downloading opencensus-0.9.0-py2.py3-none-any.whl (128 kB)
aws_instance.bastion (remote-exec):      ━━━━━━━━━━━━━━━━━━━━━━━━━━━━━━━━━━━━━━ 128.1/128.1 kB 27.0 MB/s eta 0:00:00
aws_instance.bastion (remote-exec): Collecting opencensus-context==0.1.2
aws_instance.bastion (remote-exec):   Downloading opencensus_context-0.1.2-py2.py3-none-any.whl (4.4 kB)
aws_instance.bastion (remote-exec): Collecting opencensus-ext-grpc==0.7.1
aws_instance.bastion (remote-exec):   Downloading opencensus_ext_grpc-0.7.1-py2.py3-none-any.whl (8.7 kB)
aws_instance.bastion (remote-exec): Collecting opencensus-ext-stackdriver==0.8.0
aws_instance.bastion (remote-exec):   Downloading opencensus_ext_stackdriver-0.8.0-py2.py3-none-any.whl (12 kB)
aws_instance.bastion (remote-exec): Collecting packaging==21.3
aws_instance.bastion (remote-exec):   Downloading packaging-21.3-py3-none-any.whl (40 kB)
aws_instance.bastion (remote-exec):      ━━━━━━━━━━━━━━━━━━━━━━━━━━━━━━━━━━━━━━━━ 40.8/40.8 kB 8.2 MB/s eta 0:00:00
aws_instance.bastion (remote-exec): Collecting proto-plus==1.20.3
aws_instance.bastion (remote-exec):   Downloading proto_plus-1.20.3-py3-none-any.whl (46 kB)
aws_instance.bastion (remote-exec):      ━━━━━━━━━━━━━━━━━━━━━━━━━━━━━━━━━━━━━━━━ 46.2/46.2 kB 11.0 MB/s eta 0:00:00
aws_instance.bastion (remote-exec): Collecting protobuf==3.20.0
aws_instance.bastion (remote-exec):   Downloading protobuf-3.20.0-cp37-cp37m-manylinux_2_5_x86_64.manylinux1_x86_64.whl (1.0 MB)
aws_instance.bastion (remote-exec):      ━━━━━━━━━━━━━━━━━━━━━━━━━━━━━━━━━━━━━━━━ 1.0/1.0 MB 74.1 MB/s eta 0:00:00
aws_instance.bastion (remote-exec): Collecting pyasn1==0.4.8
aws_instance.bastion (remote-exec):   Downloading pyasn1-0.4.8-py2.py3-none-any.whl (77 kB)
aws_instance.bastion (remote-exec):      ━━━━━━━━━━━━━━━━━━━━━━━━━━━━━━━━━━━━━━━━ 77.1/77.1 kB 14.8 MB/s eta 0:00:00
aws_instance.bastion (remote-exec): Collecting pyasn1-modules==0.2.8
aws_instance.bastion (remote-exec):   Downloading pyasn1_modules-0.2.8-py2.py3-none-any.whl (155 kB)
aws_instance.bastion (remote-exec):      ━━━━━━━━━━━━━━━━━━━━━━━━━━━━━━━━━━━━━━ 155.3/155.3 kB 29.7 MB/s eta 0:00:00
aws_instance.bastion (remote-exec): Collecting pyparsing==2.4.7
aws_instance.bastion (remote-exec):   Downloading pyparsing-2.4.7-py2.py3-none-any.whl (67 kB)
aws_instance.bastion (remote-exec):      ━━━━━━━━━━━━━━━━━━━━━━━━━━━━━━━━━━━━━━━━ 67.8/67.8 kB 13.8 MB/s eta 0:00:00
aws_instance.bastion (remote-exec): Collecting python-json-logger==0.1.11
aws_instance.bastion (remote-exec):   Downloading python-json-logger-0.1.11.tar.gz (6.0 kB)
aws_instance.bastion (remote-exec):   Preparing metadata (setup.py): started
aws_instance.bastion (remote-exec):   Preparing metadata (setup.py): finished with status 'done'
aws_instance.bastion (remote-exec): Collecting pytz==2018.9
aws_instance.bastion (remote-exec):   Downloading pytz-2018.9-py2.py3-none-any.whl (510 kB)
aws_instance.bastion (remote-exec):      ━━━━━━━━━━━━━━━━━━━━━━━━━━━━━━━━━━━━━━ 510.7/510.7 kB 58.6 MB/s eta 0:00:00
aws_instance.bastion (remote-exec): Collecting pyyaml==6.0
aws_instance.bastion (remote-exec):   Downloading PyYAML-6.0-cp37-cp37m-manylinux_2_5_x86_64.manylinux1_x86_64.manylinux_2_12_x86_64.manylinux2010_x86_64.whl (596 kB)
aws_instance.bastion (remote-exec):      ━━━━━━━━━━━━━━━━━━━━━━━━━━━━━━━━━━━━━━ 596.3/596.3 kB 66.2 MB/s eta 0:00:00
aws_instance.bastion (remote-exec): Collecting requests==2.27.1
aws_instance.bastion (remote-exec):   Downloading requests-2.27.1-py2.py3-none-any.whl (63 kB)
aws_instance.bastion (remote-exec):      ━━━━━━━━━━━━━━━━━━━━━━━━━━━━━━━━━━━━━━━━ 63.1/63.1 kB 13.2 MB/s eta 0:00:00
aws_instance.bastion (remote-exec): Collecting rsa==4.8
aws_instance.bastion (remote-exec):   Downloading rsa-4.8-py3-none-any.whl (39 kB)
aws_instance.bastion (remote-exec): Collecting six==1.15.0
aws_instance.bastion (remote-exec):   Downloading six-1.15.0-py2.py3-none-any.whl (10 kB)
aws_instance.bastion (remote-exec): Collecting uritemplate==3.0.1
aws_instance.bastion (remote-exec):   Downloading uritemplate-3.0.1-py2.py3-none-any.whl (15 kB)
aws_instance.bastion (remote-exec): Collecting urllib3==1.26.9
aws_instance.bastion (remote-exec):   Downloading urllib3-1.26.9-py2.py3-none-any.whl (138 kB)
aws_instance.bastion (remote-exec):      ━━━━━━━━━━━━━━━━━━━━━━━━━━━━━━━━━━━━━━ 139.0/139.0 kB 22.8 MB/s eta 0:00:00
aws_instance.bastion (remote-exec): Requirement already satisfied: setuptools>=40.3.0 in /usr/local/lib/python3.7/site-packages (from google-api-core[grpc]==1.31.5->-r requirements.txt (line 13)) (57.5.0)
aws_instance.bastion (remote-exec): Building wheels for collected packages: google-cloud-profiler, grpcio-health-checking, python-json-logger
aws_instance.bastion (remote-exec):   Building wheel for google-cloud-profiler (setup.py): started
aws_instance.bastion (remote-exec):   Building wheel for google-cloud-profiler (setup.py): finished with status 'done'
aws_instance.bastion (remote-exec):   Created wheel for google-cloud-profiler: filename=google_cloud_profiler-3.0.7-cp37-cp37m-linux_x86_64.whl size=748325 sha256=1120a3e47062c52bd87ad4b9643d5dc12ba90ad140f39123ffda301e6165d109
aws_instance.bastion (remote-exec):   Stored in directory: /root/.cache/pip/wheels/2c/23/76/4731bc57d1175097a1e678491bcf817fcfecdd5932f44f12fa
aws_instance.bastion (remote-exec):   Building wheel for grpcio-health-checking (setup.py): started
aws_instance.bastion (remote-exec):   Building wheel for grpcio-health-checking (setup.py): finished with status 'done'
aws_instance.bastion (remote-exec):   Created wheel for grpcio-health-checking: filename=grpcio_health_checking-1.33.2-py3-none-any.whl size=13409 sha256=d78f4d4e4d12f88ebff926562c49ff8e47b2149c2349084699c6e30d1f97f22f
aws_instance.bastion (remote-exec):   Stored in directory: /root/.cache/pip/wheels/ca/03/c4/c9f27ac1f766f764d21fb1d0693cbb62ec56aab8c46684182a
aws_instance.bastion (remote-exec):   Building wheel for python-json-logger (setup.py): started
aws_instance.bastion (remote-exec):   Building wheel for python-json-logger (setup.py): finished with status 'done'
aws_instance.bastion (remote-exec):   Created wheel for python-json-logger: filename=python_json_logger-0.1.11-py2.py3-none-any.whl size=5088 sha256=da301b125054a493149b7bbe1f3732412f53467747949c68f0a390c1414dbcfb
aws_instance.bastion (remote-exec):   Stored in directory: /root/.cache/pip/wheels/fa/7f/fd/92ccdbb9d1a65486406e0363d2ba5b4ce52f400a915f602ecb
aws_instance.bastion (remote-exec): Successfully built google-cloud-profiler grpcio-health-checking python-json-logger
aws_instance.bastion (remote-exec): Installing collected packages: pytz, pyasn1, opencensus-context, certifi, urllib3, uritemplate, six, rsa, pyyaml, python-json-logger, pyparsing, pyasn1-modules, protobuf, idna, charset-normalizer, cachetools, requests, proto-plus, packaging, httplib2, grpcio, googleapis-common-protos, google-auth, grpcio-health-checking, google-auth-httplib2, google-api-core, opencensus, google-cloud-core, google-api-python-client, opencensus-ext-grpc, google-python-cloud-debugger, google-cloud-trace, google-cloud-profiler, google-cloud-monitoring, opencensus-ext-stackdriver
aws_instance.bastion: Still creating... [11m0s elapsed]
aws_instance.bastion (remote-exec): Successfully installed cachetools-4.2.4 certifi-2020.12.5 charset-normalizer-2.0.10 google-api-core-1.31.5 google-api-python-client-1.12.11 google-auth-1.35.0 google-auth-httplib2-0.0.4 google-cloud-core-1.5.0 google-cloud-monitoring-2.9.1 google-cloud-profiler-3.0.7 google-cloud-trace-0.24.0 google-python-cloud-debugger-2.18 googleapis-common-protos-1.52.0 grpcio-1.44.0 grpcio-health-checking-1.33.2 httplib2-0.19.0 idna-2.10 opencensus-0.9.0 opencensus-context-0.1.2 opencensus-ext-grpc-0.7.1 opencensus-ext-stackdriver-0.8.0 packaging-21.3 proto-plus-1.20.3 protobuf-3.20.0 pyasn1-0.4.8 pyasn1-modules-0.2.8 pyparsing-2.4.7 python-json-logger-0.1.11 pytz-2018.9 pyyaml-6.0 requests-2.27.1 rsa-4.8 six-1.15.0 uritemplate-3.0.1 urllib3-1.26.9
aws_instance.bastion (remote-exec): [91mWARNING: Running pip as the 'root' user can result in broken permissions and conflicting behaviour with the system package manager. It is recommended to use a virtual environment instead: https://pip.pypa.io/warnings/venv
aws_instance.bastion (remote-exec): [0m
aws_instance.bastion (remote-exec): [91m
aws_instance.bastion (remote-exec): [notice] A new release of pip is available: 23.0.1 -> 23.1.2
aws_instance.bastion (remote-exec): [notice] To update, run: pip install --upgrade pip
aws_instance.bastion (remote-exec): [0m
aws_instance.bastion (remote-exec): Removing intermediate container c38dc1c70b91
aws_instance.bastion (remote-exec):  ---> c0559b731ab0
aws_instance.bastion (remote-exec): Step 8/11 : COPY . .
aws_instance.bastion (remote-exec):  ---> 7b38cd01dfe4
aws_instance.bastion (remote-exec): Step 9/11 : ENV PORT "8080"
aws_instance.bastion (remote-exec):  ---> Running in 30bbab112e2b
aws_instance.bastion (remote-exec): Removing intermediate container 30bbab112e2b
aws_instance.bastion (remote-exec):  ---> 718c59aa6aa8
aws_instance.bastion (remote-exec): Step 10/11 : EXPOSE 8080
aws_instance.bastion (remote-exec):  ---> Running in 469bb9efdae9
aws_instance.bastion (remote-exec): Removing intermediate container 469bb9efdae9
aws_instance.bastion (remote-exec):  ---> afad270e87c0
aws_instance.bastion (remote-exec): Step 11/11 : ENTRYPOINT ["python", "/recommendationservice/recommendation_server.py"]
aws_instance.bastion (remote-exec):  ---> Running in d37a1069eaf2
aws_instance.bastion (remote-exec): Removing intermediate container d37a1069eaf2
aws_instance.bastion (remote-exec):  ---> c672b1a8439b
aws_instance.bastion (remote-exec): Successfully built c672b1a8439b
aws_instance.bastion (remote-exec): Successfully tagged recommendationservice:latest
aws_instance.bastion (remote-exec): The push refers to repository [406235964731.dkr.ecr.us-east-1.amazonaws.com/recommendationservice]
aws_instance.bastion (remote-exec): 4695aa06c4c6: Preparing
aws_instance.bastion (remote-exec): 48b1694e1776: Preparing
aws_instance.bastion (remote-exec): e0d1c5225675: Preparing
aws_instance.bastion (remote-exec): 9613399355b9: Preparing
aws_instance.bastion (remote-exec): 2ede4a85c08a: Preparing
aws_instance.bastion (remote-exec): 240320d4c927: Preparing
aws_instance.bastion (remote-exec): cd0ee668aaeb: Preparing
aws_instance.bastion (remote-exec): 7b156ef691f8: Preparing
aws_instance.bastion (remote-exec): 47d3324d5c50: Preparing
aws_instance.bastion (remote-exec): 1c6b14218f27: Preparing
aws_instance.bastion (remote-exec): ac4d164fef90: Preparing
aws_instance.bastion (remote-exec): 240320d4c927: Waiting
aws_instance.bastion (remote-exec): cd0ee668aaeb: Waiting
aws_instance.bastion (remote-exec): 7b156ef691f8: Waiting
aws_instance.bastion (remote-exec): 47d3324d5c50: Waiting
aws_instance.bastion (remote-exec): 1c6b14218f27: Waiting
aws_instance.bastion (remote-exec): ac4d164fef90: Waiting
aws_instance.bastion (remote-exec): e0d1c5225675: Pushed
aws_instance.bastion (remote-exec): 9613399355b9: Pushed
aws_instance.bastion (remote-exec): 4695aa06c4c6: Pushed
aws_instance.bastion (remote-exec): 2ede4a85c08a: Pushed
aws_instance.bastion (remote-exec): 7b156ef691f8: Pushed
aws_instance.bastion: Still creating... [11m10s elapsed]
aws_instance.bastion (remote-exec): cd0ee668aaeb: Pushed
aws_instance.bastion (remote-exec): 1c6b14218f27: Pushed
aws_instance.bastion (remote-exec): 48b1694e1776: Pushed
aws_instance.bastion (remote-exec): 47d3324d5c50: Pushed
aws_instance.bastion (remote-exec): ac4d164fef90: Pushed
aws_instance.bastion: Still creating... [11m20s elapsed]
aws_instance.bastion (remote-exec): 240320d4c927: Pushed
aws_instance.bastion (remote-exec): latest: digest: sha256:2302772316f1ed4a0a07372338afcd4193c76449f99513c735ccd487f0a79b59 size: 2629
aws_instance.bastion (remote-exec): Haciendo el build para: redis...
aws_instance.bastion (remote-exec): The push refers to repository [406235964731.dkr.ecr.us-east-1.amazonaws.com/redis]
aws_instance.bastion (remote-exec): Haciendo el build para: shippingservice...
aws_instance.bastion (remote-exec): Sending build context to Docker daemon  181.8kB
aws_instance.bastion (remote-exec): Step 1/18 : FROM golang:1.18.2-alpine as builder
aws_instance.bastion (remote-exec):  ---> 5432f005be2d
aws_instance.bastion (remote-exec): Step 2/18 : RUN apk add --no-cache ca-certificates git
aws_instance.bastion (remote-exec):  ---> Using cache
aws_instance.bastion (remote-exec):  ---> 142be54d4486
aws_instance.bastion (remote-exec): Step 3/18 : RUN apk add build-base
aws_instance.bastion (remote-exec):  ---> Using cache
aws_instance.bastion (remote-exec):  ---> add9dbeb40fa
aws_instance.bastion (remote-exec): Step 4/18 : WORKDIR /src
aws_instance.bastion (remote-exec):  ---> Using cache
aws_instance.bastion (remote-exec):  ---> aecfa83eb6d6
aws_instance.bastion (remote-exec): Step 5/18 : COPY go.mod go.sum ./
aws_instance.bastion (remote-exec):  ---> f3afec51f085
aws_instance.bastion (remote-exec): Step 6/18 : RUN go mod download
aws_instance.bastion (remote-exec):  ---> Running in ec9bad756c83
aws_instance.bastion: Still creating... [11m30s elapsed]
aws_instance.bastion: Still creating... [11m40s elapsed]
aws_instance.bastion: Still creating... [11m50s elapsed]
aws_instance.bastion: Still creating... [12m0s elapsed]
aws_instance.bastion (remote-exec): Removing intermediate container ec9bad756c83
aws_instance.bastion (remote-exec):  ---> 3dfa7a31490f
aws_instance.bastion (remote-exec): Step 7/18 : COPY . .
aws_instance.bastion (remote-exec):  ---> 4fbeb96e7034
aws_instance.bastion (remote-exec): Step 8/18 : ARG SKAFFOLD_GO_GCFLAGS
aws_instance.bastion (remote-exec):  ---> Running in 800b09418190
aws_instance.bastion (remote-exec): Removing intermediate container 800b09418190
aws_instance.bastion (remote-exec):  ---> 7988ac0147a4
aws_instance.bastion (remote-exec): Step 9/18 : RUN go build -gcflags="${SKAFFOLD_GO_GCFLAGS}" -o /go/bin/shippingservice .
aws_instance.bastion (remote-exec):  ---> Running in 30170d6a8bf4
aws_instance.bastion: Still creating... [12m10s elapsed]
aws_instance.bastion: Still creating... [12m20s elapsed]
aws_instance.bastion: Still creating... [12m30s elapsed]
aws_instance.bastion (remote-exec): Removing intermediate container 30170d6a8bf4
aws_instance.bastion (remote-exec):  ---> c359a835835d
aws_instance.bastion (remote-exec): Step 10/18 : FROM alpine as release
aws_instance.bastion (remote-exec):  ---> c1aabb73d233
aws_instance.bastion (remote-exec): Step 11/18 : RUN apk add --no-cache ca-certificates
aws_instance.bastion (remote-exec):  ---> Using cache
aws_instance.bastion (remote-exec):  ---> 67bb971e7e52
aws_instance.bastion (remote-exec): Step 12/18 : RUN GRPC_HEALTH_PROBE_VERSION=v0.4.11 &&     wget -qO/bin/grpc_health_probe https://github.com/grpc-ecosystem/grpc-health-probe/releases/download/${GRPC_HEALTH_PROBE_VERSION}/grpc_health_probe-linux-amd64 &&     chmod +x /bin/grpc_health_probe
aws_instance.bastion (remote-exec):  ---> Using cache
aws_instance.bastion (remote-exec):  ---> be6df069514f
aws_instance.bastion (remote-exec): Step 13/18 : WORKDIR /src
aws_instance.bastion (remote-exec):  ---> Using cache
aws_instance.bastion (remote-exec):  ---> 0858a1478fb5
aws_instance.bastion (remote-exec): Step 14/18 : COPY --from=builder /go/bin/shippingservice /src/shippingservice
aws_instance.bastion (remote-exec):  ---> 5161ae57a508
aws_instance.bastion (remote-exec): Step 15/18 : ENV APP_PORT=50051
aws_instance.bastion (remote-exec):  ---> Running in e5c9643fcbd0
aws_instance.bastion (remote-exec): Removing intermediate container e5c9643fcbd0
aws_instance.bastion (remote-exec):  ---> 42931030225d
aws_instance.bastion (remote-exec): Step 16/18 : ENV GOTRACEBACK=single
aws_instance.bastion (remote-exec):  ---> Running in 78d9c70a13f8
aws_instance.bastion (remote-exec): Removing intermediate container 78d9c70a13f8
aws_instance.bastion (remote-exec):  ---> affc346fed7d
aws_instance.bastion (remote-exec): Step 17/18 : EXPOSE 50051
aws_instance.bastion (remote-exec):  ---> Running in e5ae53381e3c
aws_instance.bastion (remote-exec): Removing intermediate container e5ae53381e3c
aws_instance.bastion (remote-exec):  ---> 8a4e67e631ff
aws_instance.bastion (remote-exec): Step 18/18 : ENTRYPOINT ["/src/shippingservice"]
aws_instance.bastion (remote-exec):  ---> Running in 040105e12458
aws_instance.bastion (remote-exec): Removing intermediate container 040105e12458
aws_instance.bastion (remote-exec):  ---> 6d7f44d8b4d8
aws_instance.bastion (remote-exec): Successfully built 6d7f44d8b4d8
aws_instance.bastion (remote-exec): Successfully tagged shippingservice:latest
aws_instance.bastion (remote-exec): The push refers to repository [406235964731.dkr.ecr.us-east-1.amazonaws.com/shippingservice]
aws_instance.bastion (remote-exec): ef1764fd0187: Preparing
aws_instance.bastion (remote-exec): d3b06d163abf: Preparing
aws_instance.bastion (remote-exec): db4ac6d0b1d9: Preparing
aws_instance.bastion (remote-exec): 2cc174422149: Preparing
aws_instance.bastion (remote-exec): 78a822fe2a2d: Preparing
aws_instance.bastion (remote-exec): d3b06d163abf: Pushed
aws_instance.bastion (remote-exec): 2cc174422149: Pushed
aws_instance.bastion (remote-exec): db4ac6d0b1d9: Pushed
aws_instance.bastion (remote-exec): 78a822fe2a2d: Pushed
aws_instance.bastion (remote-exec): ef1764fd0187: Pushed
aws_instance.bastion (remote-exec): latest: digest: sha256:a42c8f95ca36057df6a6aa73a81506009cf58af1c95509384cbbce75cc149a1d size: 1366
aws_instance.bastion: Still creating... [12m40s elapsed]
aws_instance.bastion (remote-exec): Added new context arn:aws:eks:us-east-1:406235964731:cluster/oblimanual-kluster to /home/ec2-user/.kube/config
aws_instance.bastion (remote-exec): Cambio el tag en el Manifest de: adservice...
aws_instance.bastion (remote-exec): 406235964731.dkr.ecr.us-east-1.amazonaws.com/adservice
aws_instance.bastion (remote-exec): Cambio el tag en el Manifest de: cartservice...
aws_instance.bastion (remote-exec): 406235964731.dkr.ecr.us-east-1.amazonaws.com/cartservice
aws_instance.bastion (remote-exec): Cambio el tag en el Manifest de: checkoutservice...
aws_instance.bastion (remote-exec): 406235964731.dkr.ecr.us-east-1.amazonaws.com/checkoutservice
aws_instance.bastion (remote-exec): Cambio el tag en el Manifest de: currencyservice...
aws_instance.bastion (remote-exec): 406235964731.dkr.ecr.us-east-1.amazonaws.com/currencyservice
aws_instance.bastion (remote-exec): Cambio el tag en el Manifest de: emailservice...
aws_instance.bastion (remote-exec): 406235964731.dkr.ecr.us-east-1.amazonaws.com/emailservice
aws_instance.bastion (remote-exec): Cambio el tag en el Manifest de: frontend...
aws_instance.bastion (remote-exec): 406235964731.dkr.ecr.us-east-1.amazonaws.com/frontend
aws_instance.bastion (remote-exec): Cambio el tag en el Manifest de: loadgenerator...
aws_instance.bastion (remote-exec): 406235964731.dkr.ecr.us-east-1.amazonaws.com/loadgenerator
aws_instance.bastion (remote-exec): Cambio el tag en el Manifest de: paymentservice...
aws_instance.bastion (remote-exec): 406235964731.dkr.ecr.us-east-1.amazonaws.com/paymentservice
aws_instance.bastion (remote-exec): Cambio el tag en el Manifest de: productcatalogservice...
aws_instance.bastion (remote-exec): 406235964731.dkr.ecr.us-east-1.amazonaws.com/productcatalogservice
aws_instance.bastion (remote-exec): Cambio el tag en el Manifest de: recommendationservice...
aws_instance.bastion (remote-exec): 406235964731.dkr.ecr.us-east-1.amazonaws.com/recommendationservice
aws_instance.bastion (remote-exec): Cambio el tag en el Manifest de: redis...
aws_instance.bastion (remote-exec): 406235964731.dkr.ecr.us-east-1.amazonaws.com/redis
aws_instance.bastion (remote-exec): Cambio el tag en el Manifest de: shippingservice...
aws_instance.bastion: Still creating... [12m50s elapsed]
aws_instance.bastion (remote-exec): 406235964731.dkr.ecr.us-east-1.amazonaws.com/shippingservice
aws_instance.bastion: Still creating... [13m0s elapsed]
aws_instance.bastion: Still creating... [13m10s elapsed]
aws_instance.bastion: Still creating... [13m20s elapsed]
aws_instance.bastion (remote-exec): Deployando: adservice...
aws_instance.bastion (remote-exec): replicaset.apps/adservice created
aws_instance.bastion (remote-exec): service/adservice created
aws_instance.bastion (remote-exec): Deployando: cartservice...
aws_instance.bastion (remote-exec): replicaset.apps/cartservice created
aws_instance.bastion (remote-exec): service/cartservice created
aws_instance.bastion (remote-exec): Deployando: checkoutservice...
aws_instance.bastion (remote-exec): replicaset.apps/checkoutservice created
aws_instance.bastion (remote-exec): service/checkoutservice created
aws_instance.bastion (remote-exec): Deployando: currencyservice...
aws_instance.bastion (remote-exec): replicaset.apps/currencyservice created
aws_instance.bastion (remote-exec): service/currencyservice created
aws_instance.bastion (remote-exec): Deployando: emailservice...
aws_instance.bastion (remote-exec): replicaset.apps/emailservice created
aws_instance.bastion (remote-exec): service/emailservice created
aws_instance.bastion (remote-exec): Deployando: frontend...
aws_instance.bastion (remote-exec): replicaset.apps/frontend created
aws_instance.bastion (remote-exec): service/frontend created
aws_instance.bastion (remote-exec): service/frontend-external created
aws_instance.bastion (remote-exec): Deployando: loadgenerator...
aws_instance.bastion: Still creating... [13m30s elapsed]
aws_instance.bastion (remote-exec): replicaset.apps/loadgenerator created
aws_instance.bastion (remote-exec): Deployando: paymentservice...
aws_instance.bastion (remote-exec): replicaset.apps/paymentservice created
aws_instance.bastion (remote-exec): service/paymentservice created
aws_instance.bastion (remote-exec): Deployando: productcatalogservice...
aws_instance.bastion (remote-exec): replicaset.apps/productcatalogservice created
aws_instance.bastion (remote-exec): service/productcatalogservice created
aws_instance.bastion (remote-exec): Deployando: recommendationservice...
aws_instance.bastion (remote-exec): replicaset.apps/recommendationservice created
aws_instance.bastion (remote-exec): service/recommendationservice created
aws_instance.bastion (remote-exec): Deployando: redis...
aws_instance.bastion (remote-exec): persistentvolume/redis-cart-pv created
aws_instance.bastion (remote-exec): Deployando: shippingservice...
aws_instance.bastion (remote-exec): replicaset.apps/shippingservice created
aws_instance.bastion (remote-exec): service/shippingservice created

aws_instance.bastion (remote-exec): #########################################################################################################################
aws_instance.bastion (remote-exec): ENDPOINT:   "hostname": "a645ddc79b50743d7b6a56847ddd4a05-25840093.us-east-1.elb.amazonaws.com"
aws_instance.bastion (remote-exec): #########################################################################################################################

aws_instance.bastion: Creation complete after 13m38s [id=i-00571d9d4543f20bf]
aws_alb_target_group_attachment.oblimanual-tg-aws_alb_target_group_attach1: Creating...
aws_volume_attachment.oblimanual-pv-attach: Creating...
aws_alb_target_group_attachment.oblimanual-tg-aws_alb_target_group_attach1: Creation complete after 1s [id=arn:aws:elasticloadbalancing:us-east-1:406235964731:targetgroup/oblimanual-trg/7958c6b24474104c-20230703155355360700000004]
aws_volume_attachment.oblimanual-pv-attach: Still creating... [10s elapsed]
aws_volume_attachment.oblimanual-pv-attach: Still creating... [20s elapsed]
aws_volume_attachment.oblimanual-pv-attach: Creation complete after 22s [id=vai-1900627526]

Apply complete! Resources: 31 added, 0 changed, 0 destroyed.

Outputs:

public_ip = "18.234.236.223"
role_arn = "arn:aws:iam::406235964731:role/LabRole"
